
Microsoft Visual Studio Solution File, Format Version 12.00
# Visual Studio 15
VisualStudioVersion = 15.0.27130.2036
MinimumVisualStudioVersion = 10.0.40219.1
Project("{2150E333-8FDC-42A3-9474-1A3956D46DE8}") = "Ripasso", "Ripasso", "{61E3A2F8-3AD2-44B0-A113-38FB5BAD13DD}"
EndProject
Project("{FAE04EC0-301F-11D3-BF4B-00C04F79EFBC}") = "CorsoEnaipNet2018_IntCalculator", "CorsoEnaipNet2018_IntCalculator\CorsoEnaipNet2018_IntCalculator.csproj", "{3078C8DB-57E9-4071-BC45-5F660BD0F8E6}"
EndProject
Project("{FAE04EC0-301F-11D3-BF4B-00C04F79EFBC}") = "CorsoEnaip2018_Numbers", "CorsoEnaip2018_Numbers\CorsoEnaip2018_Numbers.csproj", "{56DB9F34-8B6C-4825-8674-D9F8146672AA}"
EndProject
Project("{FAE04EC0-301F-11D3-BF4B-00C04F79EFBC}") = "CorsoEnaip2018_DoubleCalculator", "CorsoEnaip2018_DoubleCalculator\CorsoEnaip2018_DoubleCalculator.csproj", "{3CA7F2A5-44B6-4D53-BD75-129145B298D0}"
EndProject
Project("{FAE04EC0-301F-11D3-BF4B-00C04F79EFBC}") = "CorsoEnaip2018_Tiles", "CorsoEnaip2018_Tiles\CorsoEnaip2018_Tiles.csproj", "{72879FE8-B53D-4068-9E23-9E6F80CED7A3}"
EndProject
Project("{FAE04EC0-301F-11D3-BF4B-00C04F79EFBC}") = "CorsoEnaip2018_StringPlays", "CorsoEnaip2018_StringPlays\CorsoEnaip2018_StringPlays.csproj", "{582291EC-E49D-4FC1-99C6-ACF61604BBA7}"
EndProject
Project("{FAE04EC0-301F-11D3-BF4B-00C04F79EFBC}") = "CorsoEnaip2018_FirstClasses", "CorsoEnaip2018_FirstClasses\CorsoEnaip2018_FirstClasses.csproj", "{26C9A3B3-BB09-4FE4-B4A2-D089ACF87201}"
EndProject
Project("{FAE04EC0-301F-11D3-BF4B-00C04F79EFBC}") = "CorsoEnaip2018_for", "CorsoEnaip2018_for\CorsoEnaip2018_for.csproj", "{0D4FB683-DC0F-45F7-B9DC-D2C4B533FFCA}"
EndProject
Project("{FAE04EC0-301F-11D3-BF4B-00C04F79EFBC}") = "CorsoEnaip2018_Arrays", "CorsoEnaip2018_Arrays\CorsoEnaip2018_Arrays.csproj", "{51108DE7-1692-4001-A8AA-C3B3660E4ABF}"
EndProject
Project("{FAE04EC0-301F-11D3-BF4B-00C04F79EFBC}") = "CorsoEnaip2018_PrimeNumbers", "CorsoEnaip2018_PrimeNumbers\CorsoEnaip2018_PrimeNumbers.csproj", "{4B878DFF-E09D-4666-BE5B-EE215DF37F53}"
EndProject
Project("{FAE04EC0-301F-11D3-BF4B-00C04F79EFBC}") = "CorsoEnaip2018_ExtensibleArray", "CorsoEnaip2018_ExtensibleArray\CorsoEnaip2018_ExtensibleArray.csproj", "{25B2DF05-7477-4156-AE5C-CAB9E15B1D00}"
EndProject
Project("{FAE04EC0-301F-11D3-BF4B-00C04F79EFBC}") = "CorsoEnaip2018_ExtensibleArrayClient", "CorsoEnaip2018_ExtensibleArrayClient\CorsoEnaip2018_ExtensibleArrayClient.csproj", "{532E844A-22D8-45A1-A489-2A58DFC8D78E}"
EndProject
Project("{FAE04EC0-301F-11D3-BF4B-00C04F79EFBC}") = "Recursion", "Recursion\Recursion.csproj", "{1449A771-517D-4150-A467-0F0C7EABB932}"
EndProject
Project("{FAE04EC0-301F-11D3-BF4B-00C04F79EFBC}") = "CorsoEnaip2018_Properties", "CorsoEnaip2018_Properties\CorsoEnaip2018_Properties.csproj", "{3A4E2FB1-5A2B-4A17-8F80-E4B7F0294D3B}"
EndProject
Project("{FAE04EC0-301F-11D3-BF4B-00C04F79EFBC}") = "CorsoEnaip2018_EsercizioSuOggetti1", "CorsoEnaip2018_EsercizioSuOggetti1\CorsoEnaip2018_EsercizioSuOggetti1.csproj", "{F8D7D308-182C-47DC-87B0-F6F9178BAF99}"
EndProject
Project("{2150E333-8FDC-42A3-9474-1A3956D46DE8}") = "ManipolazioneDati", "ManipolazioneDati", "{1CC0A015-4F75-4B0B-83FF-E70335AF8DDA}"
EndProject
Project("{FAE04EC0-301F-11D3-BF4B-00C04F79EFBC}") = "CorsoEnaip2018_Func1", "CorsoEnaip2018_Func1\CorsoEnaip2018_Func1.csproj", "{05B5C49D-061B-4EE2-88B7-DFF8125F873E}"
EndProject
Project("{FAE04EC0-301F-11D3-BF4B-00C04F79EFBC}") = "CorsoEnaip2018_Func2", "CorsoEnaip2018_Func2\CorsoEnaip2018_Func2.csproj", "{3E9BACC1-1520-45C2-8CB9-AE491122CDE6}"
EndProject
Project("{FAE04EC0-301F-11D3-BF4B-00C04F79EFBC}") = "CorsoEnaip2018_foreach", "CorsoEnaip2018_foreach\CorsoEnaip2018_foreach.csproj", "{962DD660-A13C-43D0-92F0-767736342484}"
EndProject
Project("{FAE04EC0-301F-11D3-BF4B-00C04F79EFBC}") = "CorsoEnaip2018_Dictionary", "CorsoEnaip2018_Dictionary\CorsoEnaip2018_Dictionary.csproj", "{B0452308-9183-46EB-BB02-80675222A0E4}"
EndProject
Project("{2150E333-8FDC-42A3-9474-1A3956D46DE8}") = "OOP", "OOP", "{6AD43BA3-31CA-40D9-B8A9-92B721A84E13}"
EndProject
Project("{FAE04EC0-301F-11D3-BF4B-00C04F79EFBC}") = "CorsoEnaip2018_Inheritance", "CorsoEnaip2018_Inheritance\CorsoEnaip2018_Inheritance.csproj", "{33E64872-79E8-498F-B6C9-C11D0A649484}"
EndProject
Project("{2150E333-8FDC-42A3-9474-1A3956D46DE8}") = "CSharp", "CSharp", "{8E7273DE-202A-4DFD-94E1-550326131DB6}"
EndProject
Project("{FAE04EC0-301F-11D3-BF4B-00C04F79EFBC}") = "CorsoEnaip2018_NamespacePlays", "CorsoEnaip2018_NamespacePlays\CorsoEnaip2018_NamespacePlays.csproj", "{1234A684-697E-4975-8B79-43DAA8052957}"
EndProject
Project("{FAE04EC0-301F-11D3-BF4B-00C04F79EFBC}") = "CorsoEnaip2018_NestedClassPlays", "CorsoEnaip2018_NestedClassPlays\CorsoEnaip2018_NestedClassPlays.csproj", "{9ACD9D9A-2E1B-435F-AA3D-A7A800C90FD7}"
EndProject
Project("{FAE04EC0-301F-11D3-BF4B-00C04F79EFBC}") = "CorsoEnaip2018_IntCalculator_FuncDictionary", "CorsoEnaip2018_IntCalculator_FuncDictionary\CorsoEnaip2018_IntCalculator_FuncDictionary.csproj", "{D1822A9A-0FC9-48AF-9756-C9D9815E5FA6}"
EndProject
Project("{FAE04EC0-301F-11D3-BF4B-00C04F79EFBC}") = "CorsoEnaip2018_Shapes", "CorsoEnaip2018_Shapes\CorsoEnaip2018_Shapes.csproj", "{5F6A81B7-77BE-4E8B-800F-DAEAC4EE34EE}"
EndProject
Project("{FAE04EC0-301F-11D3-BF4B-00C04F79EFBC}") = "CorsoEnaip2018_Interfaces", "CorsoEnaip2018_Interfaces\CorsoEnaip2018_Interfaces.csproj", "{A7BDDA29-1BDF-44FB-8A8F-95ED1FCC9C41}"
EndProject
Project("{FAE04EC0-301F-11D3-BF4B-00C04F79EFBC}") = "CorsoEnaip2018_Interfaces2Library", "CorsoEnaip2018_Interfaces2Library\CorsoEnaip2018_Interfaces2Library.csproj", "{18B24318-19BC-4092-85EE-E415963EBB96}"
EndProject
Project("{FAE04EC0-301F-11D3-BF4B-00C04F79EFBC}") = "CorsoEnaip2018_Interfaces2Console", "CorsoEnaip2018_Interfaces2Console\CorsoEnaip2018_Interfaces2Console.csproj", "{82DF218D-A8AB-4A3B-999C-54962FAA098E}"
EndProject
Project("{FAE04EC0-301F-11D3-BF4B-00C04F79EFBC}") = "CorsoEnaip2018_Interfaces2WPF", "CorsoEnaip2018_Interfaces2WPF\CorsoEnaip2018_Interfaces2WPF.csproj", "{4F2C30AC-10F6-4596-A6C6-658A7F7BE99C}"
EndProject
Project("{FAE04EC0-301F-11D3-BF4B-00C04F79EFBC}") = "CorsoEnaip2018_NewsFeed", "CorsoEnaip2018_NewsFeed\CorsoEnaip2018_NewsFeed.csproj", "{635DCF22-7337-44FF-8CD2-A99DFF1B517B}"
EndProject
Project("{2150E333-8FDC-42A3-9474-1A3956D46DE8}") = "Esercizi", "Esercizi", "{AB991B04-6F97-4331-AAC6-22CC410E4DB0}"
EndProject
Project("{2150E333-8FDC-42A3-9474-1A3956D46DE8}") = "Dispense", "Dispense", "{CA8C711F-3409-4D6B-9D8A-0B40B8D6D855}"
	ProjectSection(SolutionItems) = preProject
		E:\CSharp - la memoria.pptx = E:\CSharp - la memoria.pptx
		Design Pattern fatti.txt = Design Pattern fatti.txt
		SOLID.txt = SOLID.txt
	EndProjectSection
EndProject
Project("{FAE04EC0-301F-11D3-BF4B-00C04F79EFBC}") = "CorsoEnaip2018_Family_Delegates", "CorsoEnaip2018_Family_Delegates\CorsoEnaip2018_Family_Delegates.csproj", "{6F9E4F10-8C8C-4B70-9687-18EE8881BC9E}"
EndProject
Project("{FAE04EC0-301F-11D3-BF4B-00C04F79EFBC}") = "CorsoEnaip2018_Family_Interfaces", "CorsoEnaip2018_Family_Interfaces\CorsoEnaip2018_Family_Interfaces.csproj", "{7F19E476-3108-44E2-8E1C-084ACA3E2859}"
EndProject
Project("{FAE04EC0-301F-11D3-BF4B-00C04F79EFBC}") = "CorsoEnaip2018_Family_Events", "CorsoEnaip2018_Family_Events\CorsoEnaip2018_Family_Events.csproj", "{61D1A788-E9E9-4C2D-8E49-118C5F7863F3}"
EndProject
Project("{FAE04EC0-301F-11D3-BF4B-00C04F79EFBC}") = "CorsoEnaip2018_NewsFeed_Events", "CorsoEnaip2018_NewsFeed_Events\CorsoEnaip2018_NewsFeed_Events.csproj", "{41D62322-59A1-4F18-B198-542F20762739}"
EndProject
Project("{FAE04EC0-301F-11D3-BF4B-00C04F79EFBC}") = "CorsoEnaip2018_CompleteName_Events", "CorsoEnaip2018_CompleteName_Events\CorsoEnaip2018_CompleteName_Events.csproj", "{E38F453C-349C-4D65-96EA-E0D3AC7C5D58}"
EndProject
Project("{FAE04EC0-301F-11D3-BF4B-00C04F79EFBC}") = "CorsoEnaip2018_ExtensionMethods", "CorsoEnaip2018_ExtensionMethods\CorsoEnaip2018_ExtensionMethods.csproj", "{F8143604-12DD-4C73-B547-3C1D71891AC1}"
EndProject
Project("{FAE04EC0-301F-11D3-BF4B-00C04F79EFBC}") = "CorsoEnaip2018_ObservableList", "CorsoEnaip2018_ObservableList\CorsoEnaip2018_ObservableList.csproj", "{B505A3D1-7957-4F11-9354-994AC4D1B685}"
EndProject
Project("{FAE04EC0-301F-11D3-BF4B-00C04F79EFBC}") = "CorsoEnaip2018_Linq", "CorsoEnaip2018_Linq\CorsoEnaip2018_Linq.csproj", "{D520F1DC-5B08-42B5-8BE4-43F549E8C735}"
EndProject
Project("{FAE04EC0-301F-11D3-BF4B-00C04F79EFBC}") = "CorsoEnaip2018_Esercizio1", "CorsoEnaip2018_Esercizio1\CorsoEnaip2018_Esercizio1.csproj", "{1B0904AD-8058-4373-A4E8-98742DC5850E}"
EndProject
Project("{FAE04EC0-301F-11D3-BF4B-00C04F79EFBC}") = "CorsoEnaip2018_Esercizio2", "CorsoEnaip2018_Esercizio2\CorsoEnaip2018_Esercizio2.csproj", "{B6AFF1FA-C64F-41C8-98C9-991E8FD823E8}"
EndProject
Project("{FAE04EC0-301F-11D3-BF4B-00C04F79EFBC}") = "CorsoEnaip2018_Esercizio2objects", "CorsoEnaip2018_Esercizio2objects\CorsoEnaip2018_Esercizio2objects.csproj", "{F70977D0-2555-4759-8302-8571A2D8026A}"
EndProject
Project("{FAE04EC0-301F-11D3-BF4B-00C04F79EFBC}") = "CorsoEnaip2018_Esercizio3", "CorsoEnaip2018_Esercizio3\CorsoEnaip2018_Esercizio3.csproj", "{8DDEB4AD-6A72-428A-9FEF-A1CB5D8B60F7}"
EndProject
Project("{FAE04EC0-301F-11D3-BF4B-00C04F79EFBC}") = "CorsoEnaip2018_Stacks", "CorsoEnaip2018_Stacks\CorsoEnaip2018_Stacks.csproj", "{3E1915E6-9FAC-4E80-90D7-FB2E3BE9FA63}"
EndProject
Project("{FAE04EC0-301F-11D3-BF4B-00C04F79EFBC}") = "CorsoEnaip2018_Stacks.Test", "CorsoEnaip2018_Stacks.Test\CorsoEnaip2018_Stacks.Test.csproj", "{959EE129-921E-4F4B-8BA4-439DECCFAB74}"
EndProject
Project("{FAE04EC0-301F-11D3-BF4B-00C04F79EFBC}") = "CorsoEnaip2018_Employees", "CorsoEnaip2018_Employees\CorsoEnaip2018_Employees.csproj", "{441E694E-0FA4-4126-B98B-657CCA3CF0AF}"
EndProject
Project("{FAE04EC0-301F-11D3-BF4B-00C04F79EFBC}") = "CorsoEnaip2018_Employees.Test", "CorsoEnaip2018_Employees.Test\CorsoEnaip2018_Employees.Test.csproj", "{FDA58C6E-02B6-4A09-9BB4-BED1C0E63215}"
EndProject
Project("{FAE04EC0-301F-11D3-BF4B-00C04F79EFBC}") = "CorsoEnaip2018_Visitor_Nodes", "CorsoEnaip2018_Visitor_Nodes\CorsoEnaip2018_Visitor_Nodes.csproj", "{E1671FFF-12E1-41C3-B2ED-22FE102C6336}"
EndProject
Project("{FAE04EC0-301F-11D3-BF4B-00C04F79EFBC}") = "CorsoEnaip2018_Template_Sales", "CorsoEnaip2018_Template_Sales\CorsoEnaip2018_Template_Sales.csproj", "{02FD115F-88E5-4D7D-85A4-B05B6D90E6D9}"
EndProject
Project("{FAE04EC0-301F-11D3-BF4B-00C04F79EFBC}") = "CorsoEnaip2018_FileSave_Template", "CorsoEnaip2018_FileSave_Template\CorsoEnaip2018_FileSave_Template.csproj", "{AF7CC4E0-0B67-4826-8BE8-F56F9115E43E}"
EndProject
Project("{FAE04EC0-301F-11D3-BF4B-00C04F79EFBC}") = "CorsoEnaip2018_FileSave_Strategy", "CorsoEnaip2018_FileSave_Strategy\CorsoEnaip2018_FileSave_Strategy.csproj", "{049FB6D3-5F49-4093-B97E-908FA67233C9}"
EndProject
Project("{FAE04EC0-301F-11D3-BF4B-00C04F79EFBC}") = "CorsoEnaip2018_AbstractFactory", "CorsoEnaip2018_AbstractFactory\CorsoEnaip2018_AbstractFactory.csproj", "{61C4B5A8-F1DB-40DB-B910-A6DA5FA0FFF0}"
EndProject
Project("{FAE04EC0-301F-11D3-BF4B-00C04F79EFBC}") = "CorsoEnaip2018_Cup", "CorsoEnaip2018_Cup\CorsoEnaip2018_Cup.csproj", "{566DFE29-B709-45A6-9413-EDDF414725C8}"
EndProject
Project("{FAE04EC0-301F-11D3-BF4B-00C04F79EFBC}") = "CorsoEnaip2018_Cup_2", "CorsoEnaip2018_Cup_2\CorsoEnaip2018_Cup_2.csproj", "{1F8272F7-CB3C-43E3-A25D-0F6ECD13329F}"
EndProject
Project("{FAE04EC0-301F-11D3-BF4B-00C04F79EFBC}") = "CorsoEnaip2018_OverkillDesign", "CorsoEnaip2018_OverkillDesign\CorsoEnaip2018_OverkillDesign.csproj", "{F7E46D42-FE0C-45D5-9DC1-55297E38246B}"
EndProject
Project("{FAE04EC0-301F-11D3-BF4B-00C04F79EFBC}") = "CorsoEnaip2018_PreparazioneProvetta12febbraio", "CorsoEnaip2018_PreparazioneProvetta12febbraio\CorsoEnaip2018_PreparazioneProvetta12febbraio.csproj", "{C097CE43-2A5B-4204-8799-1D1908284755}"
EndProject
Project("{FAE04EC0-301F-11D3-BF4B-00C04F79EFBC}") = "CorsoEnaip2018_DvdStore", "CorsoEnaip2018_DvdStore\CorsoEnaip2018_DvdStore.csproj", "{F22A810D-2581-4250-A9DE-49E89E5BC7F7}"
EndProject
Project("{2150E333-8FDC-42A3-9474-1A3956D46DE8}") = "Web", "Web", "{EEDD1D87-0EAB-4AE5-8ED9-529E50EB4285}"
EndProject
Project("{FAE04EC0-301F-11D3-BF4B-00C04F79EFBC}") = "CorsoEnaip2018_Arena", "CorsoEnaip2018_Arena\CorsoEnaip2018_Arena.csproj", "{D6310099-75EE-4FDE-8696-34FFC5603F69}"
EndProject
Project("{9A19103F-16F7-4668-BE54-9A1E7A4F7556}") = "CorsoEnaip2018_Tria", "CorsoEnaip2018_Tria\CorsoEnaip2018_Tria.csproj", "{753200C7-76CA-4B35-9FEC-6E4AFD24379A}"
EndProject
Project("{9A19103F-16F7-4668-BE54-9A1E7A4F7556}") = "CorsoEnaip2018_JavascriptObjects", "CorsoEnaip2018_JavascriptObjects\CorsoEnaip2018_JavascriptObjects.csproj", "{4E61714D-259E-46EF-95EF-42165AA4F36E}"
EndProject
Project("{9A19103F-16F7-4668-BE54-9A1E7A4F7556}") = "CorsoEnaip2018_Tubes_JavaScript", "CorsoEnaip2018_Tubes_JavaScript\CorsoEnaip2018_Tubes_JavaScript.csproj", "{8C633416-D007-48B6-8F73-303C37C199B2}"
EndProject
Project("{9A19103F-16F7-4668-BE54-9A1E7A4F7556}") = "CorsoEnaip2018_JavaScript6", "CorsoEnaip2018_JavaScript6\CorsoEnaip2018_JavaScript6.csproj", "{C02A71E6-0472-4CEA-A46A-C03D76A32201}"
EndProject
Project("{9A19103F-16F7-4668-BE54-9A1E7A4F7556}") = "CorsoEnaip2018_JQuery", "CorsoEnaip2018_JQuery\CorsoEnaip2018_JQuery.csproj", "{20601BA6-6376-4B5A-8F05-8BEF81E92A46}"
EndProject
Project("{9A19103F-16F7-4668-BE54-9A1E7A4F7556}") = "CorsoEnaip2018_JavaScriptCompacted", "CorsoEnaip2018_JavaScriptCompacted\CorsoEnaip2018_JavaScriptCompacted.csproj", "{752851CC-98A2-4E49-A6D8-6FE320CF296B}"
EndProject
Project("{FAE04EC0-301F-11D3-BF4B-00C04F79EFBC}") = "CorsoEnaip2018_Threads_Console", "CorsoEnaip2018_Threads_Console\CorsoEnaip2018_Threads_Console.csproj", "{25493CE1-43EA-47B1-B9C1-BDA48822C616}"
EndProject
Project("{FAE04EC0-301F-11D3-BF4B-00C04F79EFBC}") = "CorsoEnaip2018_Threads_WPF", "CorsoEnaip2018_Threads_WPF\CorsoEnaip2018_Threads_WPF.csproj", "{3F78CB0B-E0CB-4E1D-8057-E5DF77D40D96}"
EndProject
Project("{FAE04EC0-301F-11D3-BF4B-00C04F79EFBC}") = "CorsoEnaip2018_Tasks_WPF", "CorsoEnaip208_Tasks_WPF\CorsoEnaip2018_Tasks_WPF.csproj", "{8CD8EA4A-D509-4822-933C-434F6D890E7F}"
EndProject
Project("{FAE04EC0-301F-11D3-BF4B-00C04F79EFBC}") = "CorsoEnaip2018_Tasks_WPF2", "CorsoEnaip2018_Tasks_WPF2\CorsoEnaip2018_Tasks_WPF2.csproj", "{BEC17577-3979-4959-B6AC-7855BD477AE3}"
EndProject
Project("{FAE04EC0-301F-11D3-BF4B-00C04F79EFBC}") = "CorsoEnaip2018_Tasks_WebsiteDownload", "CorsoEnaip2018_Tasks_WebsiteDownload\CorsoEnaip2018_Tasks_WebsiteDownload.csproj", "{F9D67D4D-A032-4657-8510-F2DE0064BF56}"
EndProject
Project("{FAE04EC0-301F-11D3-BF4B-00C04F79EFBC}") = "CorsoEnaip2018_MATERIALE", "CorsoEnaip2018_MATERIALE\CorsoEnaip2018_MATERIALE.csproj", "{6C832247-36A2-46A3-A50D-E793FD9F87F3}"
EndProject
Project("{FAE04EC0-301F-11D3-BF4B-00C04F79EFBC}") = "CorsoEnaip2018_Tasks_WebsiteDownload_2", "CorsoEnaip2018_Tasks_WebsiteDownload_2\CorsoEnaip2018_Tasks_WebsiteDownload_2.csproj", "{07A454A3-6AA0-48E9-AFFC-E91E9526FDA3}"
EndProject
Project("{9A19103F-16F7-4668-BE54-9A1E7A4F7556}") = "CorsoEnaip2018_dyn_web", "CorsoEnaip2018_dyn_web\CorsoEnaip2018_dyn_web.csproj", "{DA6222E0-1917-4C9F-B3B6-1069DC785F1C}"
EndProject
Project("{9A19103F-16F7-4668-BE54-9A1E7A4F7556}") = "CorsoEnaip2018_MVC_1", "CorsoEnaip2018_MVC_1\CorsoEnaip2018_MVC_1.csproj", "{5DEC60E4-E01C-4C14-95FD-5CF338A2126A}"
EndProject
Project("{9A19103F-16F7-4668-BE54-9A1E7A4F7556}") = "CorsoEnaip2018_Reflection", "CorsoEnaip2018_Reflection\CorsoEnaip2018_Reflection.csproj", "{A42006D8-A785-4A84-9418-D0683617F9D3}"
EndProject
Project("{9A19103F-16F7-4668-BE54-9A1E7A4F7556}") = "CorsoEnaip2018_boostrap1", "CorsoEnaip2018_bootstrap1\CorsoEnaip2018_boostrap1.csproj", "{35524324-F755-4BEA-A6C4-138461B91F2D}"
EndProject
Project("{9A19103F-16F7-4668-BE54-9A1E7A4F7556}") = "CorsoEnaip2018_JavaScript1", "CorsoEnaip2018_JavaScript1\CorsoEnaip2018_JavaScript1.csproj", "{630B7FCD-5D38-4B79-B787-160380A62332}"
EndProject
Project("{9A19103F-16F7-4668-BE54-9A1E7A4F7556}") = "CorsoEnaip2018_HTML_CSS_1", "CorsoEnaip2018_HTML_CSS_1\CorsoEnaip2018_HTML_CSS_1.csproj", "{F177CD95-A8D7-4A0F-B2CE-66461761F5C6}"
EndProject
Project("{9A19103F-16F7-4668-BE54-9A1E7A4F7556}") = "CorsoEnaip2018_ProjectManagement", "CorsoEnaip2018_ProjectManagement\CorsoEnaip2018_ProjectManagement.csproj", "{16708CBD-8BB9-4C83-9FF2-695436CA1B87}"
EndProject
Project("{FAE04EC0-301F-11D3-BF4B-00C04F79EFBC}") = "CorsoEnaip2018_SuperHeroes", "CorsoEnaip2018_SuperHeroes\CorsoEnaip2018_SuperHeroes.csproj", "{89AD1C75-A22B-4F84-82EF-4F7AB37A672E}"
EndProject
Global
	GlobalSection(SolutionConfigurationPlatforms) = preSolution
		Debug|Any CPU = Debug|Any CPU
		Debug|x64 = Debug|x64
		Debug|x86 = Debug|x86
		Release|Any CPU = Release|Any CPU
		Release|x64 = Release|x64
		Release|x86 = Release|x86
	EndGlobalSection
	GlobalSection(ProjectConfigurationPlatforms) = postSolution
		{3078C8DB-57E9-4071-BC45-5F660BD0F8E6}.Debug|Any CPU.ActiveCfg = Debug|Any CPU
		{3078C8DB-57E9-4071-BC45-5F660BD0F8E6}.Debug|Any CPU.Build.0 = Debug|Any CPU
		{3078C8DB-57E9-4071-BC45-5F660BD0F8E6}.Debug|x64.ActiveCfg = Debug|Any CPU
		{3078C8DB-57E9-4071-BC45-5F660BD0F8E6}.Debug|x64.Build.0 = Debug|Any CPU
		{3078C8DB-57E9-4071-BC45-5F660BD0F8E6}.Debug|x86.ActiveCfg = Debug|Any CPU
		{3078C8DB-57E9-4071-BC45-5F660BD0F8E6}.Debug|x86.Build.0 = Debug|Any CPU
		{3078C8DB-57E9-4071-BC45-5F660BD0F8E6}.Release|Any CPU.ActiveCfg = Release|Any CPU
		{3078C8DB-57E9-4071-BC45-5F660BD0F8E6}.Release|Any CPU.Build.0 = Release|Any CPU
		{3078C8DB-57E9-4071-BC45-5F660BD0F8E6}.Release|x64.ActiveCfg = Release|Any CPU
		{3078C8DB-57E9-4071-BC45-5F660BD0F8E6}.Release|x64.Build.0 = Release|Any CPU
		{3078C8DB-57E9-4071-BC45-5F660BD0F8E6}.Release|x86.ActiveCfg = Release|Any CPU
		{3078C8DB-57E9-4071-BC45-5F660BD0F8E6}.Release|x86.Build.0 = Release|Any CPU
		{56DB9F34-8B6C-4825-8674-D9F8146672AA}.Debug|Any CPU.ActiveCfg = Debug|Any CPU
		{56DB9F34-8B6C-4825-8674-D9F8146672AA}.Debug|Any CPU.Build.0 = Debug|Any CPU
		{56DB9F34-8B6C-4825-8674-D9F8146672AA}.Debug|x64.ActiveCfg = Debug|Any CPU
		{56DB9F34-8B6C-4825-8674-D9F8146672AA}.Debug|x64.Build.0 = Debug|Any CPU
		{56DB9F34-8B6C-4825-8674-D9F8146672AA}.Debug|x86.ActiveCfg = Debug|Any CPU
		{56DB9F34-8B6C-4825-8674-D9F8146672AA}.Debug|x86.Build.0 = Debug|Any CPU
		{56DB9F34-8B6C-4825-8674-D9F8146672AA}.Release|Any CPU.ActiveCfg = Release|Any CPU
		{56DB9F34-8B6C-4825-8674-D9F8146672AA}.Release|Any CPU.Build.0 = Release|Any CPU
		{56DB9F34-8B6C-4825-8674-D9F8146672AA}.Release|x64.ActiveCfg = Release|Any CPU
		{56DB9F34-8B6C-4825-8674-D9F8146672AA}.Release|x64.Build.0 = Release|Any CPU
		{56DB9F34-8B6C-4825-8674-D9F8146672AA}.Release|x86.ActiveCfg = Release|Any CPU
		{56DB9F34-8B6C-4825-8674-D9F8146672AA}.Release|x86.Build.0 = Release|Any CPU
		{3CA7F2A5-44B6-4D53-BD75-129145B298D0}.Debug|Any CPU.ActiveCfg = Debug|Any CPU
		{3CA7F2A5-44B6-4D53-BD75-129145B298D0}.Debug|Any CPU.Build.0 = Debug|Any CPU
		{3CA7F2A5-44B6-4D53-BD75-129145B298D0}.Debug|x64.ActiveCfg = Debug|Any CPU
		{3CA7F2A5-44B6-4D53-BD75-129145B298D0}.Debug|x64.Build.0 = Debug|Any CPU
		{3CA7F2A5-44B6-4D53-BD75-129145B298D0}.Debug|x86.ActiveCfg = Debug|Any CPU
		{3CA7F2A5-44B6-4D53-BD75-129145B298D0}.Debug|x86.Build.0 = Debug|Any CPU
		{3CA7F2A5-44B6-4D53-BD75-129145B298D0}.Release|Any CPU.ActiveCfg = Release|Any CPU
		{3CA7F2A5-44B6-4D53-BD75-129145B298D0}.Release|Any CPU.Build.0 = Release|Any CPU
		{3CA7F2A5-44B6-4D53-BD75-129145B298D0}.Release|x64.ActiveCfg = Release|Any CPU
		{3CA7F2A5-44B6-4D53-BD75-129145B298D0}.Release|x64.Build.0 = Release|Any CPU
		{3CA7F2A5-44B6-4D53-BD75-129145B298D0}.Release|x86.ActiveCfg = Release|Any CPU
		{3CA7F2A5-44B6-4D53-BD75-129145B298D0}.Release|x86.Build.0 = Release|Any CPU
		{72879FE8-B53D-4068-9E23-9E6F80CED7A3}.Debug|Any CPU.ActiveCfg = Debug|Any CPU
		{72879FE8-B53D-4068-9E23-9E6F80CED7A3}.Debug|Any CPU.Build.0 = Debug|Any CPU
		{72879FE8-B53D-4068-9E23-9E6F80CED7A3}.Debug|x64.ActiveCfg = Debug|Any CPU
		{72879FE8-B53D-4068-9E23-9E6F80CED7A3}.Debug|x64.Build.0 = Debug|Any CPU
		{72879FE8-B53D-4068-9E23-9E6F80CED7A3}.Debug|x86.ActiveCfg = Debug|Any CPU
		{72879FE8-B53D-4068-9E23-9E6F80CED7A3}.Debug|x86.Build.0 = Debug|Any CPU
		{72879FE8-B53D-4068-9E23-9E6F80CED7A3}.Release|Any CPU.ActiveCfg = Release|Any CPU
		{72879FE8-B53D-4068-9E23-9E6F80CED7A3}.Release|Any CPU.Build.0 = Release|Any CPU
		{72879FE8-B53D-4068-9E23-9E6F80CED7A3}.Release|x64.ActiveCfg = Release|Any CPU
		{72879FE8-B53D-4068-9E23-9E6F80CED7A3}.Release|x64.Build.0 = Release|Any CPU
		{72879FE8-B53D-4068-9E23-9E6F80CED7A3}.Release|x86.ActiveCfg = Release|Any CPU
		{72879FE8-B53D-4068-9E23-9E6F80CED7A3}.Release|x86.Build.0 = Release|Any CPU
		{582291EC-E49D-4FC1-99C6-ACF61604BBA7}.Debug|Any CPU.ActiveCfg = Debug|Any CPU
		{582291EC-E49D-4FC1-99C6-ACF61604BBA7}.Debug|Any CPU.Build.0 = Debug|Any CPU
		{582291EC-E49D-4FC1-99C6-ACF61604BBA7}.Debug|x64.ActiveCfg = Debug|Any CPU
		{582291EC-E49D-4FC1-99C6-ACF61604BBA7}.Debug|x64.Build.0 = Debug|Any CPU
		{582291EC-E49D-4FC1-99C6-ACF61604BBA7}.Debug|x86.ActiveCfg = Debug|Any CPU
		{582291EC-E49D-4FC1-99C6-ACF61604BBA7}.Debug|x86.Build.0 = Debug|Any CPU
		{582291EC-E49D-4FC1-99C6-ACF61604BBA7}.Release|Any CPU.ActiveCfg = Release|Any CPU
		{582291EC-E49D-4FC1-99C6-ACF61604BBA7}.Release|Any CPU.Build.0 = Release|Any CPU
		{582291EC-E49D-4FC1-99C6-ACF61604BBA7}.Release|x64.ActiveCfg = Release|Any CPU
		{582291EC-E49D-4FC1-99C6-ACF61604BBA7}.Release|x64.Build.0 = Release|Any CPU
		{582291EC-E49D-4FC1-99C6-ACF61604BBA7}.Release|x86.ActiveCfg = Release|Any CPU
		{582291EC-E49D-4FC1-99C6-ACF61604BBA7}.Release|x86.Build.0 = Release|Any CPU
		{26C9A3B3-BB09-4FE4-B4A2-D089ACF87201}.Debug|Any CPU.ActiveCfg = Debug|Any CPU
		{26C9A3B3-BB09-4FE4-B4A2-D089ACF87201}.Debug|Any CPU.Build.0 = Debug|Any CPU
		{26C9A3B3-BB09-4FE4-B4A2-D089ACF87201}.Debug|x64.ActiveCfg = Debug|Any CPU
		{26C9A3B3-BB09-4FE4-B4A2-D089ACF87201}.Debug|x64.Build.0 = Debug|Any CPU
		{26C9A3B3-BB09-4FE4-B4A2-D089ACF87201}.Debug|x86.ActiveCfg = Debug|Any CPU
		{26C9A3B3-BB09-4FE4-B4A2-D089ACF87201}.Debug|x86.Build.0 = Debug|Any CPU
		{26C9A3B3-BB09-4FE4-B4A2-D089ACF87201}.Release|Any CPU.ActiveCfg = Release|Any CPU
		{26C9A3B3-BB09-4FE4-B4A2-D089ACF87201}.Release|Any CPU.Build.0 = Release|Any CPU
		{26C9A3B3-BB09-4FE4-B4A2-D089ACF87201}.Release|x64.ActiveCfg = Release|Any CPU
		{26C9A3B3-BB09-4FE4-B4A2-D089ACF87201}.Release|x64.Build.0 = Release|Any CPU
		{26C9A3B3-BB09-4FE4-B4A2-D089ACF87201}.Release|x86.ActiveCfg = Release|Any CPU
		{26C9A3B3-BB09-4FE4-B4A2-D089ACF87201}.Release|x86.Build.0 = Release|Any CPU
		{0D4FB683-DC0F-45F7-B9DC-D2C4B533FFCA}.Debug|Any CPU.ActiveCfg = Debug|Any CPU
		{0D4FB683-DC0F-45F7-B9DC-D2C4B533FFCA}.Debug|Any CPU.Build.0 = Debug|Any CPU
		{0D4FB683-DC0F-45F7-B9DC-D2C4B533FFCA}.Debug|x64.ActiveCfg = Debug|Any CPU
		{0D4FB683-DC0F-45F7-B9DC-D2C4B533FFCA}.Debug|x64.Build.0 = Debug|Any CPU
		{0D4FB683-DC0F-45F7-B9DC-D2C4B533FFCA}.Debug|x86.ActiveCfg = Debug|Any CPU
		{0D4FB683-DC0F-45F7-B9DC-D2C4B533FFCA}.Debug|x86.Build.0 = Debug|Any CPU
		{0D4FB683-DC0F-45F7-B9DC-D2C4B533FFCA}.Release|Any CPU.ActiveCfg = Release|Any CPU
		{0D4FB683-DC0F-45F7-B9DC-D2C4B533FFCA}.Release|Any CPU.Build.0 = Release|Any CPU
		{0D4FB683-DC0F-45F7-B9DC-D2C4B533FFCA}.Release|x64.ActiveCfg = Release|Any CPU
		{0D4FB683-DC0F-45F7-B9DC-D2C4B533FFCA}.Release|x64.Build.0 = Release|Any CPU
		{0D4FB683-DC0F-45F7-B9DC-D2C4B533FFCA}.Release|x86.ActiveCfg = Release|Any CPU
		{0D4FB683-DC0F-45F7-B9DC-D2C4B533FFCA}.Release|x86.Build.0 = Release|Any CPU
		{51108DE7-1692-4001-A8AA-C3B3660E4ABF}.Debug|Any CPU.ActiveCfg = Debug|Any CPU
		{51108DE7-1692-4001-A8AA-C3B3660E4ABF}.Debug|Any CPU.Build.0 = Debug|Any CPU
		{51108DE7-1692-4001-A8AA-C3B3660E4ABF}.Debug|x64.ActiveCfg = Debug|Any CPU
		{51108DE7-1692-4001-A8AA-C3B3660E4ABF}.Debug|x64.Build.0 = Debug|Any CPU
		{51108DE7-1692-4001-A8AA-C3B3660E4ABF}.Debug|x86.ActiveCfg = Debug|Any CPU
		{51108DE7-1692-4001-A8AA-C3B3660E4ABF}.Debug|x86.Build.0 = Debug|Any CPU
		{51108DE7-1692-4001-A8AA-C3B3660E4ABF}.Release|Any CPU.ActiveCfg = Release|Any CPU
		{51108DE7-1692-4001-A8AA-C3B3660E4ABF}.Release|Any CPU.Build.0 = Release|Any CPU
		{51108DE7-1692-4001-A8AA-C3B3660E4ABF}.Release|x64.ActiveCfg = Release|Any CPU
		{51108DE7-1692-4001-A8AA-C3B3660E4ABF}.Release|x64.Build.0 = Release|Any CPU
		{51108DE7-1692-4001-A8AA-C3B3660E4ABF}.Release|x86.ActiveCfg = Release|Any CPU
		{51108DE7-1692-4001-A8AA-C3B3660E4ABF}.Release|x86.Build.0 = Release|Any CPU
		{4B878DFF-E09D-4666-BE5B-EE215DF37F53}.Debug|Any CPU.ActiveCfg = Debug|Any CPU
		{4B878DFF-E09D-4666-BE5B-EE215DF37F53}.Debug|Any CPU.Build.0 = Debug|Any CPU
		{4B878DFF-E09D-4666-BE5B-EE215DF37F53}.Debug|x64.ActiveCfg = Debug|Any CPU
		{4B878DFF-E09D-4666-BE5B-EE215DF37F53}.Debug|x64.Build.0 = Debug|Any CPU
		{4B878DFF-E09D-4666-BE5B-EE215DF37F53}.Debug|x86.ActiveCfg = Debug|Any CPU
		{4B878DFF-E09D-4666-BE5B-EE215DF37F53}.Debug|x86.Build.0 = Debug|Any CPU
		{4B878DFF-E09D-4666-BE5B-EE215DF37F53}.Release|Any CPU.ActiveCfg = Release|Any CPU
		{4B878DFF-E09D-4666-BE5B-EE215DF37F53}.Release|Any CPU.Build.0 = Release|Any CPU
		{4B878DFF-E09D-4666-BE5B-EE215DF37F53}.Release|x64.ActiveCfg = Release|Any CPU
		{4B878DFF-E09D-4666-BE5B-EE215DF37F53}.Release|x64.Build.0 = Release|Any CPU
		{4B878DFF-E09D-4666-BE5B-EE215DF37F53}.Release|x86.ActiveCfg = Release|Any CPU
		{4B878DFF-E09D-4666-BE5B-EE215DF37F53}.Release|x86.Build.0 = Release|Any CPU
		{25B2DF05-7477-4156-AE5C-CAB9E15B1D00}.Debug|Any CPU.ActiveCfg = Debug|Any CPU
		{25B2DF05-7477-4156-AE5C-CAB9E15B1D00}.Debug|Any CPU.Build.0 = Debug|Any CPU
		{25B2DF05-7477-4156-AE5C-CAB9E15B1D00}.Debug|x64.ActiveCfg = Debug|Any CPU
		{25B2DF05-7477-4156-AE5C-CAB9E15B1D00}.Debug|x64.Build.0 = Debug|Any CPU
		{25B2DF05-7477-4156-AE5C-CAB9E15B1D00}.Debug|x86.ActiveCfg = Debug|Any CPU
		{25B2DF05-7477-4156-AE5C-CAB9E15B1D00}.Debug|x86.Build.0 = Debug|Any CPU
		{25B2DF05-7477-4156-AE5C-CAB9E15B1D00}.Release|Any CPU.ActiveCfg = Release|Any CPU
		{25B2DF05-7477-4156-AE5C-CAB9E15B1D00}.Release|Any CPU.Build.0 = Release|Any CPU
		{25B2DF05-7477-4156-AE5C-CAB9E15B1D00}.Release|x64.ActiveCfg = Release|Any CPU
		{25B2DF05-7477-4156-AE5C-CAB9E15B1D00}.Release|x64.Build.0 = Release|Any CPU
		{25B2DF05-7477-4156-AE5C-CAB9E15B1D00}.Release|x86.ActiveCfg = Release|Any CPU
		{25B2DF05-7477-4156-AE5C-CAB9E15B1D00}.Release|x86.Build.0 = Release|Any CPU
		{532E844A-22D8-45A1-A489-2A58DFC8D78E}.Debug|Any CPU.ActiveCfg = Debug|Any CPU
		{532E844A-22D8-45A1-A489-2A58DFC8D78E}.Debug|Any CPU.Build.0 = Debug|Any CPU
		{532E844A-22D8-45A1-A489-2A58DFC8D78E}.Debug|x64.ActiveCfg = Debug|Any CPU
		{532E844A-22D8-45A1-A489-2A58DFC8D78E}.Debug|x64.Build.0 = Debug|Any CPU
		{532E844A-22D8-45A1-A489-2A58DFC8D78E}.Debug|x86.ActiveCfg = Debug|Any CPU
		{532E844A-22D8-45A1-A489-2A58DFC8D78E}.Debug|x86.Build.0 = Debug|Any CPU
		{532E844A-22D8-45A1-A489-2A58DFC8D78E}.Release|Any CPU.ActiveCfg = Release|Any CPU
		{532E844A-22D8-45A1-A489-2A58DFC8D78E}.Release|Any CPU.Build.0 = Release|Any CPU
		{532E844A-22D8-45A1-A489-2A58DFC8D78E}.Release|x64.ActiveCfg = Release|Any CPU
		{532E844A-22D8-45A1-A489-2A58DFC8D78E}.Release|x64.Build.0 = Release|Any CPU
		{532E844A-22D8-45A1-A489-2A58DFC8D78E}.Release|x86.ActiveCfg = Release|Any CPU
		{532E844A-22D8-45A1-A489-2A58DFC8D78E}.Release|x86.Build.0 = Release|Any CPU
		{1449A771-517D-4150-A467-0F0C7EABB932}.Debug|Any CPU.ActiveCfg = Debug|Any CPU
		{1449A771-517D-4150-A467-0F0C7EABB932}.Debug|Any CPU.Build.0 = Debug|Any CPU
		{1449A771-517D-4150-A467-0F0C7EABB932}.Debug|x64.ActiveCfg = Debug|Any CPU
		{1449A771-517D-4150-A467-0F0C7EABB932}.Debug|x64.Build.0 = Debug|Any CPU
		{1449A771-517D-4150-A467-0F0C7EABB932}.Debug|x86.ActiveCfg = Debug|Any CPU
		{1449A771-517D-4150-A467-0F0C7EABB932}.Debug|x86.Build.0 = Debug|Any CPU
		{1449A771-517D-4150-A467-0F0C7EABB932}.Release|Any CPU.ActiveCfg = Release|Any CPU
		{1449A771-517D-4150-A467-0F0C7EABB932}.Release|Any CPU.Build.0 = Release|Any CPU
		{1449A771-517D-4150-A467-0F0C7EABB932}.Release|x64.ActiveCfg = Release|Any CPU
		{1449A771-517D-4150-A467-0F0C7EABB932}.Release|x64.Build.0 = Release|Any CPU
		{1449A771-517D-4150-A467-0F0C7EABB932}.Release|x86.ActiveCfg = Release|Any CPU
		{1449A771-517D-4150-A467-0F0C7EABB932}.Release|x86.Build.0 = Release|Any CPU
		{3A4E2FB1-5A2B-4A17-8F80-E4B7F0294D3B}.Debug|Any CPU.ActiveCfg = Debug|Any CPU
		{3A4E2FB1-5A2B-4A17-8F80-E4B7F0294D3B}.Debug|Any CPU.Build.0 = Debug|Any CPU
		{3A4E2FB1-5A2B-4A17-8F80-E4B7F0294D3B}.Debug|x64.ActiveCfg = Debug|Any CPU
		{3A4E2FB1-5A2B-4A17-8F80-E4B7F0294D3B}.Debug|x64.Build.0 = Debug|Any CPU
		{3A4E2FB1-5A2B-4A17-8F80-E4B7F0294D3B}.Debug|x86.ActiveCfg = Debug|Any CPU
		{3A4E2FB1-5A2B-4A17-8F80-E4B7F0294D3B}.Debug|x86.Build.0 = Debug|Any CPU
		{3A4E2FB1-5A2B-4A17-8F80-E4B7F0294D3B}.Release|Any CPU.ActiveCfg = Release|Any CPU
		{3A4E2FB1-5A2B-4A17-8F80-E4B7F0294D3B}.Release|Any CPU.Build.0 = Release|Any CPU
		{3A4E2FB1-5A2B-4A17-8F80-E4B7F0294D3B}.Release|x64.ActiveCfg = Release|Any CPU
		{3A4E2FB1-5A2B-4A17-8F80-E4B7F0294D3B}.Release|x64.Build.0 = Release|Any CPU
		{3A4E2FB1-5A2B-4A17-8F80-E4B7F0294D3B}.Release|x86.ActiveCfg = Release|Any CPU
		{3A4E2FB1-5A2B-4A17-8F80-E4B7F0294D3B}.Release|x86.Build.0 = Release|Any CPU
		{F8D7D308-182C-47DC-87B0-F6F9178BAF99}.Debug|Any CPU.ActiveCfg = Debug|Any CPU
		{F8D7D308-182C-47DC-87B0-F6F9178BAF99}.Debug|Any CPU.Build.0 = Debug|Any CPU
		{F8D7D308-182C-47DC-87B0-F6F9178BAF99}.Debug|x64.ActiveCfg = Debug|Any CPU
		{F8D7D308-182C-47DC-87B0-F6F9178BAF99}.Debug|x64.Build.0 = Debug|Any CPU
		{F8D7D308-182C-47DC-87B0-F6F9178BAF99}.Debug|x86.ActiveCfg = Debug|Any CPU
		{F8D7D308-182C-47DC-87B0-F6F9178BAF99}.Debug|x86.Build.0 = Debug|Any CPU
		{F8D7D308-182C-47DC-87B0-F6F9178BAF99}.Release|Any CPU.ActiveCfg = Release|Any CPU
		{F8D7D308-182C-47DC-87B0-F6F9178BAF99}.Release|Any CPU.Build.0 = Release|Any CPU
		{F8D7D308-182C-47DC-87B0-F6F9178BAF99}.Release|x64.ActiveCfg = Release|Any CPU
		{F8D7D308-182C-47DC-87B0-F6F9178BAF99}.Release|x64.Build.0 = Release|Any CPU
		{F8D7D308-182C-47DC-87B0-F6F9178BAF99}.Release|x86.ActiveCfg = Release|Any CPU
		{F8D7D308-182C-47DC-87B0-F6F9178BAF99}.Release|x86.Build.0 = Release|Any CPU
		{05B5C49D-061B-4EE2-88B7-DFF8125F873E}.Debug|Any CPU.ActiveCfg = Debug|Any CPU
		{05B5C49D-061B-4EE2-88B7-DFF8125F873E}.Debug|Any CPU.Build.0 = Debug|Any CPU
		{05B5C49D-061B-4EE2-88B7-DFF8125F873E}.Debug|x64.ActiveCfg = Debug|Any CPU
		{05B5C49D-061B-4EE2-88B7-DFF8125F873E}.Debug|x64.Build.0 = Debug|Any CPU
		{05B5C49D-061B-4EE2-88B7-DFF8125F873E}.Debug|x86.ActiveCfg = Debug|Any CPU
		{05B5C49D-061B-4EE2-88B7-DFF8125F873E}.Debug|x86.Build.0 = Debug|Any CPU
		{05B5C49D-061B-4EE2-88B7-DFF8125F873E}.Release|Any CPU.ActiveCfg = Release|Any CPU
		{05B5C49D-061B-4EE2-88B7-DFF8125F873E}.Release|Any CPU.Build.0 = Release|Any CPU
		{05B5C49D-061B-4EE2-88B7-DFF8125F873E}.Release|x64.ActiveCfg = Release|Any CPU
		{05B5C49D-061B-4EE2-88B7-DFF8125F873E}.Release|x64.Build.0 = Release|Any CPU
		{05B5C49D-061B-4EE2-88B7-DFF8125F873E}.Release|x86.ActiveCfg = Release|Any CPU
		{05B5C49D-061B-4EE2-88B7-DFF8125F873E}.Release|x86.Build.0 = Release|Any CPU
		{3E9BACC1-1520-45C2-8CB9-AE491122CDE6}.Debug|Any CPU.ActiveCfg = Debug|Any CPU
		{3E9BACC1-1520-45C2-8CB9-AE491122CDE6}.Debug|Any CPU.Build.0 = Debug|Any CPU
		{3E9BACC1-1520-45C2-8CB9-AE491122CDE6}.Debug|x64.ActiveCfg = Debug|Any CPU
		{3E9BACC1-1520-45C2-8CB9-AE491122CDE6}.Debug|x64.Build.0 = Debug|Any CPU
		{3E9BACC1-1520-45C2-8CB9-AE491122CDE6}.Debug|x86.ActiveCfg = Debug|Any CPU
		{3E9BACC1-1520-45C2-8CB9-AE491122CDE6}.Debug|x86.Build.0 = Debug|Any CPU
		{3E9BACC1-1520-45C2-8CB9-AE491122CDE6}.Release|Any CPU.ActiveCfg = Release|Any CPU
		{3E9BACC1-1520-45C2-8CB9-AE491122CDE6}.Release|Any CPU.Build.0 = Release|Any CPU
		{3E9BACC1-1520-45C2-8CB9-AE491122CDE6}.Release|x64.ActiveCfg = Release|Any CPU
		{3E9BACC1-1520-45C2-8CB9-AE491122CDE6}.Release|x64.Build.0 = Release|Any CPU
		{3E9BACC1-1520-45C2-8CB9-AE491122CDE6}.Release|x86.ActiveCfg = Release|Any CPU
		{3E9BACC1-1520-45C2-8CB9-AE491122CDE6}.Release|x86.Build.0 = Release|Any CPU
		{962DD660-A13C-43D0-92F0-767736342484}.Debug|Any CPU.ActiveCfg = Debug|Any CPU
		{962DD660-A13C-43D0-92F0-767736342484}.Debug|Any CPU.Build.0 = Debug|Any CPU
		{962DD660-A13C-43D0-92F0-767736342484}.Debug|x64.ActiveCfg = Debug|Any CPU
		{962DD660-A13C-43D0-92F0-767736342484}.Debug|x64.Build.0 = Debug|Any CPU
		{962DD660-A13C-43D0-92F0-767736342484}.Debug|x86.ActiveCfg = Debug|Any CPU
		{962DD660-A13C-43D0-92F0-767736342484}.Debug|x86.Build.0 = Debug|Any CPU
		{962DD660-A13C-43D0-92F0-767736342484}.Release|Any CPU.ActiveCfg = Release|Any CPU
		{962DD660-A13C-43D0-92F0-767736342484}.Release|Any CPU.Build.0 = Release|Any CPU
		{962DD660-A13C-43D0-92F0-767736342484}.Release|x64.ActiveCfg = Release|Any CPU
		{962DD660-A13C-43D0-92F0-767736342484}.Release|x64.Build.0 = Release|Any CPU
		{962DD660-A13C-43D0-92F0-767736342484}.Release|x86.ActiveCfg = Release|Any CPU
		{962DD660-A13C-43D0-92F0-767736342484}.Release|x86.Build.0 = Release|Any CPU
		{B0452308-9183-46EB-BB02-80675222A0E4}.Debug|Any CPU.ActiveCfg = Debug|Any CPU
		{B0452308-9183-46EB-BB02-80675222A0E4}.Debug|Any CPU.Build.0 = Debug|Any CPU
		{B0452308-9183-46EB-BB02-80675222A0E4}.Debug|x64.ActiveCfg = Debug|Any CPU
		{B0452308-9183-46EB-BB02-80675222A0E4}.Debug|x64.Build.0 = Debug|Any CPU
		{B0452308-9183-46EB-BB02-80675222A0E4}.Debug|x86.ActiveCfg = Debug|Any CPU
		{B0452308-9183-46EB-BB02-80675222A0E4}.Debug|x86.Build.0 = Debug|Any CPU
		{B0452308-9183-46EB-BB02-80675222A0E4}.Release|Any CPU.ActiveCfg = Release|Any CPU
		{B0452308-9183-46EB-BB02-80675222A0E4}.Release|Any CPU.Build.0 = Release|Any CPU
		{B0452308-9183-46EB-BB02-80675222A0E4}.Release|x64.ActiveCfg = Release|Any CPU
		{B0452308-9183-46EB-BB02-80675222A0E4}.Release|x64.Build.0 = Release|Any CPU
		{B0452308-9183-46EB-BB02-80675222A0E4}.Release|x86.ActiveCfg = Release|Any CPU
		{B0452308-9183-46EB-BB02-80675222A0E4}.Release|x86.Build.0 = Release|Any CPU
		{33E64872-79E8-498F-B6C9-C11D0A649484}.Debug|Any CPU.ActiveCfg = Debug|Any CPU
		{33E64872-79E8-498F-B6C9-C11D0A649484}.Debug|Any CPU.Build.0 = Debug|Any CPU
		{33E64872-79E8-498F-B6C9-C11D0A649484}.Debug|x64.ActiveCfg = Debug|Any CPU
		{33E64872-79E8-498F-B6C9-C11D0A649484}.Debug|x64.Build.0 = Debug|Any CPU
		{33E64872-79E8-498F-B6C9-C11D0A649484}.Debug|x86.ActiveCfg = Debug|Any CPU
		{33E64872-79E8-498F-B6C9-C11D0A649484}.Debug|x86.Build.0 = Debug|Any CPU
		{33E64872-79E8-498F-B6C9-C11D0A649484}.Release|Any CPU.ActiveCfg = Release|Any CPU
		{33E64872-79E8-498F-B6C9-C11D0A649484}.Release|Any CPU.Build.0 = Release|Any CPU
		{33E64872-79E8-498F-B6C9-C11D0A649484}.Release|x64.ActiveCfg = Release|Any CPU
		{33E64872-79E8-498F-B6C9-C11D0A649484}.Release|x64.Build.0 = Release|Any CPU
		{33E64872-79E8-498F-B6C9-C11D0A649484}.Release|x86.ActiveCfg = Release|Any CPU
		{33E64872-79E8-498F-B6C9-C11D0A649484}.Release|x86.Build.0 = Release|Any CPU
		{1234A684-697E-4975-8B79-43DAA8052957}.Debug|Any CPU.ActiveCfg = Debug|Any CPU
		{1234A684-697E-4975-8B79-43DAA8052957}.Debug|Any CPU.Build.0 = Debug|Any CPU
		{1234A684-697E-4975-8B79-43DAA8052957}.Debug|x64.ActiveCfg = Debug|Any CPU
		{1234A684-697E-4975-8B79-43DAA8052957}.Debug|x64.Build.0 = Debug|Any CPU
		{1234A684-697E-4975-8B79-43DAA8052957}.Debug|x86.ActiveCfg = Debug|Any CPU
		{1234A684-697E-4975-8B79-43DAA8052957}.Debug|x86.Build.0 = Debug|Any CPU
		{1234A684-697E-4975-8B79-43DAA8052957}.Release|Any CPU.ActiveCfg = Release|Any CPU
		{1234A684-697E-4975-8B79-43DAA8052957}.Release|Any CPU.Build.0 = Release|Any CPU
		{1234A684-697E-4975-8B79-43DAA8052957}.Release|x64.ActiveCfg = Release|Any CPU
		{1234A684-697E-4975-8B79-43DAA8052957}.Release|x64.Build.0 = Release|Any CPU
		{1234A684-697E-4975-8B79-43DAA8052957}.Release|x86.ActiveCfg = Release|Any CPU
		{1234A684-697E-4975-8B79-43DAA8052957}.Release|x86.Build.0 = Release|Any CPU
		{9ACD9D9A-2E1B-435F-AA3D-A7A800C90FD7}.Debug|Any CPU.ActiveCfg = Debug|Any CPU
		{9ACD9D9A-2E1B-435F-AA3D-A7A800C90FD7}.Debug|Any CPU.Build.0 = Debug|Any CPU
		{9ACD9D9A-2E1B-435F-AA3D-A7A800C90FD7}.Debug|x64.ActiveCfg = Debug|Any CPU
		{9ACD9D9A-2E1B-435F-AA3D-A7A800C90FD7}.Debug|x64.Build.0 = Debug|Any CPU
		{9ACD9D9A-2E1B-435F-AA3D-A7A800C90FD7}.Debug|x86.ActiveCfg = Debug|Any CPU
		{9ACD9D9A-2E1B-435F-AA3D-A7A800C90FD7}.Debug|x86.Build.0 = Debug|Any CPU
		{9ACD9D9A-2E1B-435F-AA3D-A7A800C90FD7}.Release|Any CPU.ActiveCfg = Release|Any CPU
		{9ACD9D9A-2E1B-435F-AA3D-A7A800C90FD7}.Release|Any CPU.Build.0 = Release|Any CPU
		{9ACD9D9A-2E1B-435F-AA3D-A7A800C90FD7}.Release|x64.ActiveCfg = Release|Any CPU
		{9ACD9D9A-2E1B-435F-AA3D-A7A800C90FD7}.Release|x64.Build.0 = Release|Any CPU
		{9ACD9D9A-2E1B-435F-AA3D-A7A800C90FD7}.Release|x86.ActiveCfg = Release|Any CPU
		{9ACD9D9A-2E1B-435F-AA3D-A7A800C90FD7}.Release|x86.Build.0 = Release|Any CPU
		{D1822A9A-0FC9-48AF-9756-C9D9815E5FA6}.Debug|Any CPU.ActiveCfg = Debug|Any CPU
		{D1822A9A-0FC9-48AF-9756-C9D9815E5FA6}.Debug|Any CPU.Build.0 = Debug|Any CPU
		{D1822A9A-0FC9-48AF-9756-C9D9815E5FA6}.Debug|x64.ActiveCfg = Debug|Any CPU
		{D1822A9A-0FC9-48AF-9756-C9D9815E5FA6}.Debug|x64.Build.0 = Debug|Any CPU
		{D1822A9A-0FC9-48AF-9756-C9D9815E5FA6}.Debug|x86.ActiveCfg = Debug|Any CPU
		{D1822A9A-0FC9-48AF-9756-C9D9815E5FA6}.Debug|x86.Build.0 = Debug|Any CPU
		{D1822A9A-0FC9-48AF-9756-C9D9815E5FA6}.Release|Any CPU.ActiveCfg = Release|Any CPU
		{D1822A9A-0FC9-48AF-9756-C9D9815E5FA6}.Release|Any CPU.Build.0 = Release|Any CPU
		{D1822A9A-0FC9-48AF-9756-C9D9815E5FA6}.Release|x64.ActiveCfg = Release|Any CPU
		{D1822A9A-0FC9-48AF-9756-C9D9815E5FA6}.Release|x64.Build.0 = Release|Any CPU
		{D1822A9A-0FC9-48AF-9756-C9D9815E5FA6}.Release|x86.ActiveCfg = Release|Any CPU
		{D1822A9A-0FC9-48AF-9756-C9D9815E5FA6}.Release|x86.Build.0 = Release|Any CPU
		{5F6A81B7-77BE-4E8B-800F-DAEAC4EE34EE}.Debug|Any CPU.ActiveCfg = Debug|Any CPU
		{5F6A81B7-77BE-4E8B-800F-DAEAC4EE34EE}.Debug|Any CPU.Build.0 = Debug|Any CPU
		{5F6A81B7-77BE-4E8B-800F-DAEAC4EE34EE}.Debug|x64.ActiveCfg = Debug|Any CPU
		{5F6A81B7-77BE-4E8B-800F-DAEAC4EE34EE}.Debug|x64.Build.0 = Debug|Any CPU
		{5F6A81B7-77BE-4E8B-800F-DAEAC4EE34EE}.Debug|x86.ActiveCfg = Debug|Any CPU
		{5F6A81B7-77BE-4E8B-800F-DAEAC4EE34EE}.Debug|x86.Build.0 = Debug|Any CPU
		{5F6A81B7-77BE-4E8B-800F-DAEAC4EE34EE}.Release|Any CPU.ActiveCfg = Release|Any CPU
		{5F6A81B7-77BE-4E8B-800F-DAEAC4EE34EE}.Release|Any CPU.Build.0 = Release|Any CPU
		{5F6A81B7-77BE-4E8B-800F-DAEAC4EE34EE}.Release|x64.ActiveCfg = Release|Any CPU
		{5F6A81B7-77BE-4E8B-800F-DAEAC4EE34EE}.Release|x64.Build.0 = Release|Any CPU
		{5F6A81B7-77BE-4E8B-800F-DAEAC4EE34EE}.Release|x86.ActiveCfg = Release|Any CPU
		{5F6A81B7-77BE-4E8B-800F-DAEAC4EE34EE}.Release|x86.Build.0 = Release|Any CPU
		{A7BDDA29-1BDF-44FB-8A8F-95ED1FCC9C41}.Debug|Any CPU.ActiveCfg = Debug|Any CPU
		{A7BDDA29-1BDF-44FB-8A8F-95ED1FCC9C41}.Debug|Any CPU.Build.0 = Debug|Any CPU
		{A7BDDA29-1BDF-44FB-8A8F-95ED1FCC9C41}.Debug|x64.ActiveCfg = Debug|Any CPU
		{A7BDDA29-1BDF-44FB-8A8F-95ED1FCC9C41}.Debug|x64.Build.0 = Debug|Any CPU
		{A7BDDA29-1BDF-44FB-8A8F-95ED1FCC9C41}.Debug|x86.ActiveCfg = Debug|Any CPU
		{A7BDDA29-1BDF-44FB-8A8F-95ED1FCC9C41}.Debug|x86.Build.0 = Debug|Any CPU
		{A7BDDA29-1BDF-44FB-8A8F-95ED1FCC9C41}.Release|Any CPU.ActiveCfg = Release|Any CPU
		{A7BDDA29-1BDF-44FB-8A8F-95ED1FCC9C41}.Release|Any CPU.Build.0 = Release|Any CPU
		{A7BDDA29-1BDF-44FB-8A8F-95ED1FCC9C41}.Release|x64.ActiveCfg = Release|Any CPU
		{A7BDDA29-1BDF-44FB-8A8F-95ED1FCC9C41}.Release|x64.Build.0 = Release|Any CPU
		{A7BDDA29-1BDF-44FB-8A8F-95ED1FCC9C41}.Release|x86.ActiveCfg = Release|Any CPU
		{A7BDDA29-1BDF-44FB-8A8F-95ED1FCC9C41}.Release|x86.Build.0 = Release|Any CPU
		{18B24318-19BC-4092-85EE-E415963EBB96}.Debug|Any CPU.ActiveCfg = Debug|Any CPU
		{18B24318-19BC-4092-85EE-E415963EBB96}.Debug|Any CPU.Build.0 = Debug|Any CPU
		{18B24318-19BC-4092-85EE-E415963EBB96}.Debug|x64.ActiveCfg = Debug|Any CPU
		{18B24318-19BC-4092-85EE-E415963EBB96}.Debug|x64.Build.0 = Debug|Any CPU
		{18B24318-19BC-4092-85EE-E415963EBB96}.Debug|x86.ActiveCfg = Debug|Any CPU
		{18B24318-19BC-4092-85EE-E415963EBB96}.Debug|x86.Build.0 = Debug|Any CPU
		{18B24318-19BC-4092-85EE-E415963EBB96}.Release|Any CPU.ActiveCfg = Release|Any CPU
		{18B24318-19BC-4092-85EE-E415963EBB96}.Release|Any CPU.Build.0 = Release|Any CPU
		{18B24318-19BC-4092-85EE-E415963EBB96}.Release|x64.ActiveCfg = Release|Any CPU
		{18B24318-19BC-4092-85EE-E415963EBB96}.Release|x64.Build.0 = Release|Any CPU
		{18B24318-19BC-4092-85EE-E415963EBB96}.Release|x86.ActiveCfg = Release|Any CPU
		{18B24318-19BC-4092-85EE-E415963EBB96}.Release|x86.Build.0 = Release|Any CPU
		{82DF218D-A8AB-4A3B-999C-54962FAA098E}.Debug|Any CPU.ActiveCfg = Debug|Any CPU
		{82DF218D-A8AB-4A3B-999C-54962FAA098E}.Debug|Any CPU.Build.0 = Debug|Any CPU
		{82DF218D-A8AB-4A3B-999C-54962FAA098E}.Debug|x64.ActiveCfg = Debug|Any CPU
		{82DF218D-A8AB-4A3B-999C-54962FAA098E}.Debug|x64.Build.0 = Debug|Any CPU
		{82DF218D-A8AB-4A3B-999C-54962FAA098E}.Debug|x86.ActiveCfg = Debug|Any CPU
		{82DF218D-A8AB-4A3B-999C-54962FAA098E}.Debug|x86.Build.0 = Debug|Any CPU
		{82DF218D-A8AB-4A3B-999C-54962FAA098E}.Release|Any CPU.ActiveCfg = Release|Any CPU
		{82DF218D-A8AB-4A3B-999C-54962FAA098E}.Release|Any CPU.Build.0 = Release|Any CPU
		{82DF218D-A8AB-4A3B-999C-54962FAA098E}.Release|x64.ActiveCfg = Release|Any CPU
		{82DF218D-A8AB-4A3B-999C-54962FAA098E}.Release|x64.Build.0 = Release|Any CPU
		{82DF218D-A8AB-4A3B-999C-54962FAA098E}.Release|x86.ActiveCfg = Release|Any CPU
		{82DF218D-A8AB-4A3B-999C-54962FAA098E}.Release|x86.Build.0 = Release|Any CPU
		{4F2C30AC-10F6-4596-A6C6-658A7F7BE99C}.Debug|Any CPU.ActiveCfg = Debug|Any CPU
		{4F2C30AC-10F6-4596-A6C6-658A7F7BE99C}.Debug|Any CPU.Build.0 = Debug|Any CPU
		{4F2C30AC-10F6-4596-A6C6-658A7F7BE99C}.Debug|x64.ActiveCfg = Debug|Any CPU
		{4F2C30AC-10F6-4596-A6C6-658A7F7BE99C}.Debug|x64.Build.0 = Debug|Any CPU
		{4F2C30AC-10F6-4596-A6C6-658A7F7BE99C}.Debug|x86.ActiveCfg = Debug|Any CPU
		{4F2C30AC-10F6-4596-A6C6-658A7F7BE99C}.Debug|x86.Build.0 = Debug|Any CPU
		{4F2C30AC-10F6-4596-A6C6-658A7F7BE99C}.Release|Any CPU.ActiveCfg = Release|Any CPU
		{4F2C30AC-10F6-4596-A6C6-658A7F7BE99C}.Release|Any CPU.Build.0 = Release|Any CPU
		{4F2C30AC-10F6-4596-A6C6-658A7F7BE99C}.Release|x64.ActiveCfg = Release|Any CPU
		{4F2C30AC-10F6-4596-A6C6-658A7F7BE99C}.Release|x64.Build.0 = Release|Any CPU
		{4F2C30AC-10F6-4596-A6C6-658A7F7BE99C}.Release|x86.ActiveCfg = Release|Any CPU
		{4F2C30AC-10F6-4596-A6C6-658A7F7BE99C}.Release|x86.Build.0 = Release|Any CPU
		{635DCF22-7337-44FF-8CD2-A99DFF1B517B}.Debug|Any CPU.ActiveCfg = Debug|Any CPU
		{635DCF22-7337-44FF-8CD2-A99DFF1B517B}.Debug|Any CPU.Build.0 = Debug|Any CPU
		{635DCF22-7337-44FF-8CD2-A99DFF1B517B}.Debug|x64.ActiveCfg = Debug|Any CPU
		{635DCF22-7337-44FF-8CD2-A99DFF1B517B}.Debug|x64.Build.0 = Debug|Any CPU
		{635DCF22-7337-44FF-8CD2-A99DFF1B517B}.Debug|x86.ActiveCfg = Debug|Any CPU
		{635DCF22-7337-44FF-8CD2-A99DFF1B517B}.Debug|x86.Build.0 = Debug|Any CPU
		{635DCF22-7337-44FF-8CD2-A99DFF1B517B}.Release|Any CPU.ActiveCfg = Release|Any CPU
		{635DCF22-7337-44FF-8CD2-A99DFF1B517B}.Release|Any CPU.Build.0 = Release|Any CPU
		{635DCF22-7337-44FF-8CD2-A99DFF1B517B}.Release|x64.ActiveCfg = Release|Any CPU
		{635DCF22-7337-44FF-8CD2-A99DFF1B517B}.Release|x64.Build.0 = Release|Any CPU
		{635DCF22-7337-44FF-8CD2-A99DFF1B517B}.Release|x86.ActiveCfg = Release|Any CPU
		{635DCF22-7337-44FF-8CD2-A99DFF1B517B}.Release|x86.Build.0 = Release|Any CPU
		{6F9E4F10-8C8C-4B70-9687-18EE8881BC9E}.Debug|Any CPU.ActiveCfg = Debug|Any CPU
		{6F9E4F10-8C8C-4B70-9687-18EE8881BC9E}.Debug|Any CPU.Build.0 = Debug|Any CPU
		{6F9E4F10-8C8C-4B70-9687-18EE8881BC9E}.Debug|x64.ActiveCfg = Debug|Any CPU
		{6F9E4F10-8C8C-4B70-9687-18EE8881BC9E}.Debug|x64.Build.0 = Debug|Any CPU
		{6F9E4F10-8C8C-4B70-9687-18EE8881BC9E}.Debug|x86.ActiveCfg = Debug|Any CPU
		{6F9E4F10-8C8C-4B70-9687-18EE8881BC9E}.Debug|x86.Build.0 = Debug|Any CPU
		{6F9E4F10-8C8C-4B70-9687-18EE8881BC9E}.Release|Any CPU.ActiveCfg = Release|Any CPU
		{6F9E4F10-8C8C-4B70-9687-18EE8881BC9E}.Release|Any CPU.Build.0 = Release|Any CPU
		{6F9E4F10-8C8C-4B70-9687-18EE8881BC9E}.Release|x64.ActiveCfg = Release|Any CPU
		{6F9E4F10-8C8C-4B70-9687-18EE8881BC9E}.Release|x64.Build.0 = Release|Any CPU
		{6F9E4F10-8C8C-4B70-9687-18EE8881BC9E}.Release|x86.ActiveCfg = Release|Any CPU
		{6F9E4F10-8C8C-4B70-9687-18EE8881BC9E}.Release|x86.Build.0 = Release|Any CPU
		{7F19E476-3108-44E2-8E1C-084ACA3E2859}.Debug|Any CPU.ActiveCfg = Debug|Any CPU
		{7F19E476-3108-44E2-8E1C-084ACA3E2859}.Debug|Any CPU.Build.0 = Debug|Any CPU
		{7F19E476-3108-44E2-8E1C-084ACA3E2859}.Debug|x64.ActiveCfg = Debug|Any CPU
		{7F19E476-3108-44E2-8E1C-084ACA3E2859}.Debug|x64.Build.0 = Debug|Any CPU
		{7F19E476-3108-44E2-8E1C-084ACA3E2859}.Debug|x86.ActiveCfg = Debug|Any CPU
		{7F19E476-3108-44E2-8E1C-084ACA3E2859}.Debug|x86.Build.0 = Debug|Any CPU
		{7F19E476-3108-44E2-8E1C-084ACA3E2859}.Release|Any CPU.ActiveCfg = Release|Any CPU
		{7F19E476-3108-44E2-8E1C-084ACA3E2859}.Release|Any CPU.Build.0 = Release|Any CPU
		{7F19E476-3108-44E2-8E1C-084ACA3E2859}.Release|x64.ActiveCfg = Release|Any CPU
		{7F19E476-3108-44E2-8E1C-084ACA3E2859}.Release|x64.Build.0 = Release|Any CPU
		{7F19E476-3108-44E2-8E1C-084ACA3E2859}.Release|x86.ActiveCfg = Release|Any CPU
		{7F19E476-3108-44E2-8E1C-084ACA3E2859}.Release|x86.Build.0 = Release|Any CPU
		{61D1A788-E9E9-4C2D-8E49-118C5F7863F3}.Debug|Any CPU.ActiveCfg = Debug|Any CPU
		{61D1A788-E9E9-4C2D-8E49-118C5F7863F3}.Debug|Any CPU.Build.0 = Debug|Any CPU
		{61D1A788-E9E9-4C2D-8E49-118C5F7863F3}.Debug|x64.ActiveCfg = Debug|Any CPU
		{61D1A788-E9E9-4C2D-8E49-118C5F7863F3}.Debug|x64.Build.0 = Debug|Any CPU
		{61D1A788-E9E9-4C2D-8E49-118C5F7863F3}.Debug|x86.ActiveCfg = Debug|Any CPU
		{61D1A788-E9E9-4C2D-8E49-118C5F7863F3}.Debug|x86.Build.0 = Debug|Any CPU
		{61D1A788-E9E9-4C2D-8E49-118C5F7863F3}.Release|Any CPU.ActiveCfg = Release|Any CPU
		{61D1A788-E9E9-4C2D-8E49-118C5F7863F3}.Release|Any CPU.Build.0 = Release|Any CPU
		{61D1A788-E9E9-4C2D-8E49-118C5F7863F3}.Release|x64.ActiveCfg = Release|Any CPU
		{61D1A788-E9E9-4C2D-8E49-118C5F7863F3}.Release|x64.Build.0 = Release|Any CPU
		{61D1A788-E9E9-4C2D-8E49-118C5F7863F3}.Release|x86.ActiveCfg = Release|Any CPU
		{61D1A788-E9E9-4C2D-8E49-118C5F7863F3}.Release|x86.Build.0 = Release|Any CPU
		{41D62322-59A1-4F18-B198-542F20762739}.Debug|Any CPU.ActiveCfg = Debug|Any CPU
		{41D62322-59A1-4F18-B198-542F20762739}.Debug|Any CPU.Build.0 = Debug|Any CPU
		{41D62322-59A1-4F18-B198-542F20762739}.Debug|x64.ActiveCfg = Debug|Any CPU
		{41D62322-59A1-4F18-B198-542F20762739}.Debug|x64.Build.0 = Debug|Any CPU
		{41D62322-59A1-4F18-B198-542F20762739}.Debug|x86.ActiveCfg = Debug|Any CPU
		{41D62322-59A1-4F18-B198-542F20762739}.Debug|x86.Build.0 = Debug|Any CPU
		{41D62322-59A1-4F18-B198-542F20762739}.Release|Any CPU.ActiveCfg = Release|Any CPU
		{41D62322-59A1-4F18-B198-542F20762739}.Release|Any CPU.Build.0 = Release|Any CPU
		{41D62322-59A1-4F18-B198-542F20762739}.Release|x64.ActiveCfg = Release|Any CPU
		{41D62322-59A1-4F18-B198-542F20762739}.Release|x64.Build.0 = Release|Any CPU
		{41D62322-59A1-4F18-B198-542F20762739}.Release|x86.ActiveCfg = Release|Any CPU
		{41D62322-59A1-4F18-B198-542F20762739}.Release|x86.Build.0 = Release|Any CPU
		{E38F453C-349C-4D65-96EA-E0D3AC7C5D58}.Debug|Any CPU.ActiveCfg = Debug|Any CPU
		{E38F453C-349C-4D65-96EA-E0D3AC7C5D58}.Debug|Any CPU.Build.0 = Debug|Any CPU
		{E38F453C-349C-4D65-96EA-E0D3AC7C5D58}.Debug|x64.ActiveCfg = Debug|Any CPU
		{E38F453C-349C-4D65-96EA-E0D3AC7C5D58}.Debug|x64.Build.0 = Debug|Any CPU
		{E38F453C-349C-4D65-96EA-E0D3AC7C5D58}.Debug|x86.ActiveCfg = Debug|Any CPU
		{E38F453C-349C-4D65-96EA-E0D3AC7C5D58}.Debug|x86.Build.0 = Debug|Any CPU
		{E38F453C-349C-4D65-96EA-E0D3AC7C5D58}.Release|Any CPU.ActiveCfg = Release|Any CPU
		{E38F453C-349C-4D65-96EA-E0D3AC7C5D58}.Release|Any CPU.Build.0 = Release|Any CPU
		{E38F453C-349C-4D65-96EA-E0D3AC7C5D58}.Release|x64.ActiveCfg = Release|Any CPU
		{E38F453C-349C-4D65-96EA-E0D3AC7C5D58}.Release|x64.Build.0 = Release|Any CPU
		{E38F453C-349C-4D65-96EA-E0D3AC7C5D58}.Release|x86.ActiveCfg = Release|Any CPU
		{E38F453C-349C-4D65-96EA-E0D3AC7C5D58}.Release|x86.Build.0 = Release|Any CPU
		{F8143604-12DD-4C73-B547-3C1D71891AC1}.Debug|Any CPU.ActiveCfg = Debug|Any CPU
		{F8143604-12DD-4C73-B547-3C1D71891AC1}.Debug|Any CPU.Build.0 = Debug|Any CPU
		{F8143604-12DD-4C73-B547-3C1D71891AC1}.Debug|x64.ActiveCfg = Debug|Any CPU
		{F8143604-12DD-4C73-B547-3C1D71891AC1}.Debug|x64.Build.0 = Debug|Any CPU
		{F8143604-12DD-4C73-B547-3C1D71891AC1}.Debug|x86.ActiveCfg = Debug|Any CPU
		{F8143604-12DD-4C73-B547-3C1D71891AC1}.Debug|x86.Build.0 = Debug|Any CPU
		{F8143604-12DD-4C73-B547-3C1D71891AC1}.Release|Any CPU.ActiveCfg = Release|Any CPU
		{F8143604-12DD-4C73-B547-3C1D71891AC1}.Release|Any CPU.Build.0 = Release|Any CPU
		{F8143604-12DD-4C73-B547-3C1D71891AC1}.Release|x64.ActiveCfg = Release|Any CPU
		{F8143604-12DD-4C73-B547-3C1D71891AC1}.Release|x64.Build.0 = Release|Any CPU
		{F8143604-12DD-4C73-B547-3C1D71891AC1}.Release|x86.ActiveCfg = Release|Any CPU
		{F8143604-12DD-4C73-B547-3C1D71891AC1}.Release|x86.Build.0 = Release|Any CPU
		{B505A3D1-7957-4F11-9354-994AC4D1B685}.Debug|Any CPU.ActiveCfg = Debug|Any CPU
		{B505A3D1-7957-4F11-9354-994AC4D1B685}.Debug|Any CPU.Build.0 = Debug|Any CPU
		{B505A3D1-7957-4F11-9354-994AC4D1B685}.Debug|x64.ActiveCfg = Debug|Any CPU
		{B505A3D1-7957-4F11-9354-994AC4D1B685}.Debug|x64.Build.0 = Debug|Any CPU
		{B505A3D1-7957-4F11-9354-994AC4D1B685}.Debug|x86.ActiveCfg = Debug|Any CPU
		{B505A3D1-7957-4F11-9354-994AC4D1B685}.Debug|x86.Build.0 = Debug|Any CPU
		{B505A3D1-7957-4F11-9354-994AC4D1B685}.Release|Any CPU.ActiveCfg = Release|Any CPU
		{B505A3D1-7957-4F11-9354-994AC4D1B685}.Release|Any CPU.Build.0 = Release|Any CPU
		{B505A3D1-7957-4F11-9354-994AC4D1B685}.Release|x64.ActiveCfg = Release|Any CPU
		{B505A3D1-7957-4F11-9354-994AC4D1B685}.Release|x64.Build.0 = Release|Any CPU
		{B505A3D1-7957-4F11-9354-994AC4D1B685}.Release|x86.ActiveCfg = Release|Any CPU
		{B505A3D1-7957-4F11-9354-994AC4D1B685}.Release|x86.Build.0 = Release|Any CPU
		{D520F1DC-5B08-42B5-8BE4-43F549E8C735}.Debug|Any CPU.ActiveCfg = Debug|Any CPU
		{D520F1DC-5B08-42B5-8BE4-43F549E8C735}.Debug|Any CPU.Build.0 = Debug|Any CPU
		{D520F1DC-5B08-42B5-8BE4-43F549E8C735}.Debug|x64.ActiveCfg = Debug|Any CPU
		{D520F1DC-5B08-42B5-8BE4-43F549E8C735}.Debug|x64.Build.0 = Debug|Any CPU
		{D520F1DC-5B08-42B5-8BE4-43F549E8C735}.Debug|x86.ActiveCfg = Debug|Any CPU
		{D520F1DC-5B08-42B5-8BE4-43F549E8C735}.Debug|x86.Build.0 = Debug|Any CPU
		{D520F1DC-5B08-42B5-8BE4-43F549E8C735}.Release|Any CPU.ActiveCfg = Release|Any CPU
		{D520F1DC-5B08-42B5-8BE4-43F549E8C735}.Release|Any CPU.Build.0 = Release|Any CPU
		{D520F1DC-5B08-42B5-8BE4-43F549E8C735}.Release|x64.ActiveCfg = Release|Any CPU
		{D520F1DC-5B08-42B5-8BE4-43F549E8C735}.Release|x64.Build.0 = Release|Any CPU
		{D520F1DC-5B08-42B5-8BE4-43F549E8C735}.Release|x86.ActiveCfg = Release|Any CPU
		{D520F1DC-5B08-42B5-8BE4-43F549E8C735}.Release|x86.Build.0 = Release|Any CPU
		{1B0904AD-8058-4373-A4E8-98742DC5850E}.Debug|Any CPU.ActiveCfg = Debug|Any CPU
		{1B0904AD-8058-4373-A4E8-98742DC5850E}.Debug|Any CPU.Build.0 = Debug|Any CPU
		{1B0904AD-8058-4373-A4E8-98742DC5850E}.Debug|x64.ActiveCfg = Debug|Any CPU
		{1B0904AD-8058-4373-A4E8-98742DC5850E}.Debug|x64.Build.0 = Debug|Any CPU
		{1B0904AD-8058-4373-A4E8-98742DC5850E}.Debug|x86.ActiveCfg = Debug|Any CPU
		{1B0904AD-8058-4373-A4E8-98742DC5850E}.Debug|x86.Build.0 = Debug|Any CPU
		{1B0904AD-8058-4373-A4E8-98742DC5850E}.Release|Any CPU.ActiveCfg = Release|Any CPU
		{1B0904AD-8058-4373-A4E8-98742DC5850E}.Release|Any CPU.Build.0 = Release|Any CPU
		{1B0904AD-8058-4373-A4E8-98742DC5850E}.Release|x64.ActiveCfg = Release|Any CPU
		{1B0904AD-8058-4373-A4E8-98742DC5850E}.Release|x64.Build.0 = Release|Any CPU
		{1B0904AD-8058-4373-A4E8-98742DC5850E}.Release|x86.ActiveCfg = Release|Any CPU
		{1B0904AD-8058-4373-A4E8-98742DC5850E}.Release|x86.Build.0 = Release|Any CPU
		{B6AFF1FA-C64F-41C8-98C9-991E8FD823E8}.Debug|Any CPU.ActiveCfg = Debug|Any CPU
		{B6AFF1FA-C64F-41C8-98C9-991E8FD823E8}.Debug|Any CPU.Build.0 = Debug|Any CPU
		{B6AFF1FA-C64F-41C8-98C9-991E8FD823E8}.Debug|x64.ActiveCfg = Debug|Any CPU
		{B6AFF1FA-C64F-41C8-98C9-991E8FD823E8}.Debug|x64.Build.0 = Debug|Any CPU
		{B6AFF1FA-C64F-41C8-98C9-991E8FD823E8}.Debug|x86.ActiveCfg = Debug|Any CPU
		{B6AFF1FA-C64F-41C8-98C9-991E8FD823E8}.Debug|x86.Build.0 = Debug|Any CPU
		{B6AFF1FA-C64F-41C8-98C9-991E8FD823E8}.Release|Any CPU.ActiveCfg = Release|Any CPU
		{B6AFF1FA-C64F-41C8-98C9-991E8FD823E8}.Release|Any CPU.Build.0 = Release|Any CPU
		{B6AFF1FA-C64F-41C8-98C9-991E8FD823E8}.Release|x64.ActiveCfg = Release|Any CPU
		{B6AFF1FA-C64F-41C8-98C9-991E8FD823E8}.Release|x64.Build.0 = Release|Any CPU
		{B6AFF1FA-C64F-41C8-98C9-991E8FD823E8}.Release|x86.ActiveCfg = Release|Any CPU
		{B6AFF1FA-C64F-41C8-98C9-991E8FD823E8}.Release|x86.Build.0 = Release|Any CPU
		{F70977D0-2555-4759-8302-8571A2D8026A}.Debug|Any CPU.ActiveCfg = Debug|Any CPU
		{F70977D0-2555-4759-8302-8571A2D8026A}.Debug|Any CPU.Build.0 = Debug|Any CPU
		{F70977D0-2555-4759-8302-8571A2D8026A}.Debug|x64.ActiveCfg = Debug|Any CPU
		{F70977D0-2555-4759-8302-8571A2D8026A}.Debug|x64.Build.0 = Debug|Any CPU
		{F70977D0-2555-4759-8302-8571A2D8026A}.Debug|x86.ActiveCfg = Debug|Any CPU
		{F70977D0-2555-4759-8302-8571A2D8026A}.Debug|x86.Build.0 = Debug|Any CPU
		{F70977D0-2555-4759-8302-8571A2D8026A}.Release|Any CPU.ActiveCfg = Release|Any CPU
		{F70977D0-2555-4759-8302-8571A2D8026A}.Release|Any CPU.Build.0 = Release|Any CPU
		{F70977D0-2555-4759-8302-8571A2D8026A}.Release|x64.ActiveCfg = Release|Any CPU
		{F70977D0-2555-4759-8302-8571A2D8026A}.Release|x64.Build.0 = Release|Any CPU
		{F70977D0-2555-4759-8302-8571A2D8026A}.Release|x86.ActiveCfg = Release|Any CPU
		{F70977D0-2555-4759-8302-8571A2D8026A}.Release|x86.Build.0 = Release|Any CPU
		{8DDEB4AD-6A72-428A-9FEF-A1CB5D8B60F7}.Debug|Any CPU.ActiveCfg = Debug|Any CPU
		{8DDEB4AD-6A72-428A-9FEF-A1CB5D8B60F7}.Debug|Any CPU.Build.0 = Debug|Any CPU
		{8DDEB4AD-6A72-428A-9FEF-A1CB5D8B60F7}.Debug|x64.ActiveCfg = Debug|Any CPU
		{8DDEB4AD-6A72-428A-9FEF-A1CB5D8B60F7}.Debug|x64.Build.0 = Debug|Any CPU
		{8DDEB4AD-6A72-428A-9FEF-A1CB5D8B60F7}.Debug|x86.ActiveCfg = Debug|Any CPU
		{8DDEB4AD-6A72-428A-9FEF-A1CB5D8B60F7}.Debug|x86.Build.0 = Debug|Any CPU
		{8DDEB4AD-6A72-428A-9FEF-A1CB5D8B60F7}.Release|Any CPU.ActiveCfg = Release|Any CPU
		{8DDEB4AD-6A72-428A-9FEF-A1CB5D8B60F7}.Release|Any CPU.Build.0 = Release|Any CPU
		{8DDEB4AD-6A72-428A-9FEF-A1CB5D8B60F7}.Release|x64.ActiveCfg = Release|Any CPU
		{8DDEB4AD-6A72-428A-9FEF-A1CB5D8B60F7}.Release|x64.Build.0 = Release|Any CPU
		{8DDEB4AD-6A72-428A-9FEF-A1CB5D8B60F7}.Release|x86.ActiveCfg = Release|Any CPU
		{8DDEB4AD-6A72-428A-9FEF-A1CB5D8B60F7}.Release|x86.Build.0 = Release|Any CPU
		{3E1915E6-9FAC-4E80-90D7-FB2E3BE9FA63}.Debug|Any CPU.ActiveCfg = Debug|Any CPU
		{3E1915E6-9FAC-4E80-90D7-FB2E3BE9FA63}.Debug|Any CPU.Build.0 = Debug|Any CPU
		{3E1915E6-9FAC-4E80-90D7-FB2E3BE9FA63}.Debug|x64.ActiveCfg = Debug|Any CPU
		{3E1915E6-9FAC-4E80-90D7-FB2E3BE9FA63}.Debug|x64.Build.0 = Debug|Any CPU
		{3E1915E6-9FAC-4E80-90D7-FB2E3BE9FA63}.Debug|x86.ActiveCfg = Debug|Any CPU
		{3E1915E6-9FAC-4E80-90D7-FB2E3BE9FA63}.Debug|x86.Build.0 = Debug|Any CPU
		{3E1915E6-9FAC-4E80-90D7-FB2E3BE9FA63}.Release|Any CPU.ActiveCfg = Release|Any CPU
		{3E1915E6-9FAC-4E80-90D7-FB2E3BE9FA63}.Release|Any CPU.Build.0 = Release|Any CPU
		{3E1915E6-9FAC-4E80-90D7-FB2E3BE9FA63}.Release|x64.ActiveCfg = Release|Any CPU
		{3E1915E6-9FAC-4E80-90D7-FB2E3BE9FA63}.Release|x64.Build.0 = Release|Any CPU
		{3E1915E6-9FAC-4E80-90D7-FB2E3BE9FA63}.Release|x86.ActiveCfg = Release|Any CPU
		{3E1915E6-9FAC-4E80-90D7-FB2E3BE9FA63}.Release|x86.Build.0 = Release|Any CPU
		{959EE129-921E-4F4B-8BA4-439DECCFAB74}.Debug|Any CPU.ActiveCfg = Debug|Any CPU
		{959EE129-921E-4F4B-8BA4-439DECCFAB74}.Debug|Any CPU.Build.0 = Debug|Any CPU
		{959EE129-921E-4F4B-8BA4-439DECCFAB74}.Debug|x64.ActiveCfg = Debug|Any CPU
		{959EE129-921E-4F4B-8BA4-439DECCFAB74}.Debug|x64.Build.0 = Debug|Any CPU
		{959EE129-921E-4F4B-8BA4-439DECCFAB74}.Debug|x86.ActiveCfg = Debug|Any CPU
		{959EE129-921E-4F4B-8BA4-439DECCFAB74}.Debug|x86.Build.0 = Debug|Any CPU
		{959EE129-921E-4F4B-8BA4-439DECCFAB74}.Release|Any CPU.ActiveCfg = Release|Any CPU
		{959EE129-921E-4F4B-8BA4-439DECCFAB74}.Release|Any CPU.Build.0 = Release|Any CPU
		{959EE129-921E-4F4B-8BA4-439DECCFAB74}.Release|x64.ActiveCfg = Release|Any CPU
		{959EE129-921E-4F4B-8BA4-439DECCFAB74}.Release|x64.Build.0 = Release|Any CPU
		{959EE129-921E-4F4B-8BA4-439DECCFAB74}.Release|x86.ActiveCfg = Release|Any CPU
		{959EE129-921E-4F4B-8BA4-439DECCFAB74}.Release|x86.Build.0 = Release|Any CPU
		{441E694E-0FA4-4126-B98B-657CCA3CF0AF}.Debug|Any CPU.ActiveCfg = Debug|Any CPU
		{441E694E-0FA4-4126-B98B-657CCA3CF0AF}.Debug|Any CPU.Build.0 = Debug|Any CPU
		{441E694E-0FA4-4126-B98B-657CCA3CF0AF}.Debug|x64.ActiveCfg = Debug|Any CPU
		{441E694E-0FA4-4126-B98B-657CCA3CF0AF}.Debug|x64.Build.0 = Debug|Any CPU
		{441E694E-0FA4-4126-B98B-657CCA3CF0AF}.Debug|x86.ActiveCfg = Debug|Any CPU
		{441E694E-0FA4-4126-B98B-657CCA3CF0AF}.Debug|x86.Build.0 = Debug|Any CPU
		{441E694E-0FA4-4126-B98B-657CCA3CF0AF}.Release|Any CPU.ActiveCfg = Release|Any CPU
		{441E694E-0FA4-4126-B98B-657CCA3CF0AF}.Release|Any CPU.Build.0 = Release|Any CPU
		{441E694E-0FA4-4126-B98B-657CCA3CF0AF}.Release|x64.ActiveCfg = Release|Any CPU
		{441E694E-0FA4-4126-B98B-657CCA3CF0AF}.Release|x64.Build.0 = Release|Any CPU
		{441E694E-0FA4-4126-B98B-657CCA3CF0AF}.Release|x86.ActiveCfg = Release|Any CPU
		{441E694E-0FA4-4126-B98B-657CCA3CF0AF}.Release|x86.Build.0 = Release|Any CPU
		{FDA58C6E-02B6-4A09-9BB4-BED1C0E63215}.Debug|Any CPU.ActiveCfg = Debug|Any CPU
		{FDA58C6E-02B6-4A09-9BB4-BED1C0E63215}.Debug|Any CPU.Build.0 = Debug|Any CPU
		{FDA58C6E-02B6-4A09-9BB4-BED1C0E63215}.Debug|x64.ActiveCfg = Debug|Any CPU
		{FDA58C6E-02B6-4A09-9BB4-BED1C0E63215}.Debug|x64.Build.0 = Debug|Any CPU
		{FDA58C6E-02B6-4A09-9BB4-BED1C0E63215}.Debug|x86.ActiveCfg = Debug|Any CPU
		{FDA58C6E-02B6-4A09-9BB4-BED1C0E63215}.Debug|x86.Build.0 = Debug|Any CPU
		{FDA58C6E-02B6-4A09-9BB4-BED1C0E63215}.Release|Any CPU.ActiveCfg = Release|Any CPU
		{FDA58C6E-02B6-4A09-9BB4-BED1C0E63215}.Release|Any CPU.Build.0 = Release|Any CPU
		{FDA58C6E-02B6-4A09-9BB4-BED1C0E63215}.Release|x64.ActiveCfg = Release|Any CPU
		{FDA58C6E-02B6-4A09-9BB4-BED1C0E63215}.Release|x64.Build.0 = Release|Any CPU
		{FDA58C6E-02B6-4A09-9BB4-BED1C0E63215}.Release|x86.ActiveCfg = Release|Any CPU
		{FDA58C6E-02B6-4A09-9BB4-BED1C0E63215}.Release|x86.Build.0 = Release|Any CPU
		{E1671FFF-12E1-41C3-B2ED-22FE102C6336}.Debug|Any CPU.ActiveCfg = Debug|Any CPU
		{E1671FFF-12E1-41C3-B2ED-22FE102C6336}.Debug|Any CPU.Build.0 = Debug|Any CPU
		{E1671FFF-12E1-41C3-B2ED-22FE102C6336}.Debug|x64.ActiveCfg = Debug|Any CPU
		{E1671FFF-12E1-41C3-B2ED-22FE102C6336}.Debug|x64.Build.0 = Debug|Any CPU
		{E1671FFF-12E1-41C3-B2ED-22FE102C6336}.Debug|x86.ActiveCfg = Debug|Any CPU
		{E1671FFF-12E1-41C3-B2ED-22FE102C6336}.Debug|x86.Build.0 = Debug|Any CPU
		{E1671FFF-12E1-41C3-B2ED-22FE102C6336}.Release|Any CPU.ActiveCfg = Release|Any CPU
		{E1671FFF-12E1-41C3-B2ED-22FE102C6336}.Release|Any CPU.Build.0 = Release|Any CPU
		{E1671FFF-12E1-41C3-B2ED-22FE102C6336}.Release|x64.ActiveCfg = Release|Any CPU
		{E1671FFF-12E1-41C3-B2ED-22FE102C6336}.Release|x64.Build.0 = Release|Any CPU
		{E1671FFF-12E1-41C3-B2ED-22FE102C6336}.Release|x86.ActiveCfg = Release|Any CPU
		{E1671FFF-12E1-41C3-B2ED-22FE102C6336}.Release|x86.Build.0 = Release|Any CPU
		{02FD115F-88E5-4D7D-85A4-B05B6D90E6D9}.Debug|Any CPU.ActiveCfg = Debug|Any CPU
		{02FD115F-88E5-4D7D-85A4-B05B6D90E6D9}.Debug|Any CPU.Build.0 = Debug|Any CPU
		{02FD115F-88E5-4D7D-85A4-B05B6D90E6D9}.Debug|x64.ActiveCfg = Debug|Any CPU
		{02FD115F-88E5-4D7D-85A4-B05B6D90E6D9}.Debug|x64.Build.0 = Debug|Any CPU
		{02FD115F-88E5-4D7D-85A4-B05B6D90E6D9}.Debug|x86.ActiveCfg = Debug|Any CPU
		{02FD115F-88E5-4D7D-85A4-B05B6D90E6D9}.Debug|x86.Build.0 = Debug|Any CPU
		{02FD115F-88E5-4D7D-85A4-B05B6D90E6D9}.Release|Any CPU.ActiveCfg = Release|Any CPU
		{02FD115F-88E5-4D7D-85A4-B05B6D90E6D9}.Release|Any CPU.Build.0 = Release|Any CPU
		{02FD115F-88E5-4D7D-85A4-B05B6D90E6D9}.Release|x64.ActiveCfg = Release|Any CPU
		{02FD115F-88E5-4D7D-85A4-B05B6D90E6D9}.Release|x64.Build.0 = Release|Any CPU
		{02FD115F-88E5-4D7D-85A4-B05B6D90E6D9}.Release|x86.ActiveCfg = Release|Any CPU
		{02FD115F-88E5-4D7D-85A4-B05B6D90E6D9}.Release|x86.Build.0 = Release|Any CPU
		{AF7CC4E0-0B67-4826-8BE8-F56F9115E43E}.Debug|Any CPU.ActiveCfg = Debug|Any CPU
		{AF7CC4E0-0B67-4826-8BE8-F56F9115E43E}.Debug|Any CPU.Build.0 = Debug|Any CPU
		{AF7CC4E0-0B67-4826-8BE8-F56F9115E43E}.Debug|x64.ActiveCfg = Debug|Any CPU
		{AF7CC4E0-0B67-4826-8BE8-F56F9115E43E}.Debug|x64.Build.0 = Debug|Any CPU
		{AF7CC4E0-0B67-4826-8BE8-F56F9115E43E}.Debug|x86.ActiveCfg = Debug|Any CPU
		{AF7CC4E0-0B67-4826-8BE8-F56F9115E43E}.Debug|x86.Build.0 = Debug|Any CPU
		{AF7CC4E0-0B67-4826-8BE8-F56F9115E43E}.Release|Any CPU.ActiveCfg = Release|Any CPU
		{AF7CC4E0-0B67-4826-8BE8-F56F9115E43E}.Release|Any CPU.Build.0 = Release|Any CPU
		{AF7CC4E0-0B67-4826-8BE8-F56F9115E43E}.Release|x64.ActiveCfg = Release|Any CPU
		{AF7CC4E0-0B67-4826-8BE8-F56F9115E43E}.Release|x64.Build.0 = Release|Any CPU
		{AF7CC4E0-0B67-4826-8BE8-F56F9115E43E}.Release|x86.ActiveCfg = Release|Any CPU
		{AF7CC4E0-0B67-4826-8BE8-F56F9115E43E}.Release|x86.Build.0 = Release|Any CPU
		{049FB6D3-5F49-4093-B97E-908FA67233C9}.Debug|Any CPU.ActiveCfg = Debug|Any CPU
		{049FB6D3-5F49-4093-B97E-908FA67233C9}.Debug|Any CPU.Build.0 = Debug|Any CPU
		{049FB6D3-5F49-4093-B97E-908FA67233C9}.Debug|x64.ActiveCfg = Debug|Any CPU
		{049FB6D3-5F49-4093-B97E-908FA67233C9}.Debug|x64.Build.0 = Debug|Any CPU
		{049FB6D3-5F49-4093-B97E-908FA67233C9}.Debug|x86.ActiveCfg = Debug|Any CPU
		{049FB6D3-5F49-4093-B97E-908FA67233C9}.Debug|x86.Build.0 = Debug|Any CPU
		{049FB6D3-5F49-4093-B97E-908FA67233C9}.Release|Any CPU.ActiveCfg = Release|Any CPU
		{049FB6D3-5F49-4093-B97E-908FA67233C9}.Release|Any CPU.Build.0 = Release|Any CPU
		{049FB6D3-5F49-4093-B97E-908FA67233C9}.Release|x64.ActiveCfg = Release|Any CPU
		{049FB6D3-5F49-4093-B97E-908FA67233C9}.Release|x64.Build.0 = Release|Any CPU
		{049FB6D3-5F49-4093-B97E-908FA67233C9}.Release|x86.ActiveCfg = Release|Any CPU
		{049FB6D3-5F49-4093-B97E-908FA67233C9}.Release|x86.Build.0 = Release|Any CPU
		{61C4B5A8-F1DB-40DB-B910-A6DA5FA0FFF0}.Debug|Any CPU.ActiveCfg = Debug|Any CPU
		{61C4B5A8-F1DB-40DB-B910-A6DA5FA0FFF0}.Debug|Any CPU.Build.0 = Debug|Any CPU
		{61C4B5A8-F1DB-40DB-B910-A6DA5FA0FFF0}.Debug|x64.ActiveCfg = Debug|Any CPU
		{61C4B5A8-F1DB-40DB-B910-A6DA5FA0FFF0}.Debug|x64.Build.0 = Debug|Any CPU
		{61C4B5A8-F1DB-40DB-B910-A6DA5FA0FFF0}.Debug|x86.ActiveCfg = Debug|Any CPU
		{61C4B5A8-F1DB-40DB-B910-A6DA5FA0FFF0}.Debug|x86.Build.0 = Debug|Any CPU
		{61C4B5A8-F1DB-40DB-B910-A6DA5FA0FFF0}.Release|Any CPU.ActiveCfg = Release|Any CPU
		{61C4B5A8-F1DB-40DB-B910-A6DA5FA0FFF0}.Release|Any CPU.Build.0 = Release|Any CPU
		{61C4B5A8-F1DB-40DB-B910-A6DA5FA0FFF0}.Release|x64.ActiveCfg = Release|Any CPU
		{61C4B5A8-F1DB-40DB-B910-A6DA5FA0FFF0}.Release|x64.Build.0 = Release|Any CPU
		{61C4B5A8-F1DB-40DB-B910-A6DA5FA0FFF0}.Release|x86.ActiveCfg = Release|Any CPU
		{61C4B5A8-F1DB-40DB-B910-A6DA5FA0FFF0}.Release|x86.Build.0 = Release|Any CPU
		{566DFE29-B709-45A6-9413-EDDF414725C8}.Debug|Any CPU.ActiveCfg = Debug|Any CPU
		{566DFE29-B709-45A6-9413-EDDF414725C8}.Debug|Any CPU.Build.0 = Debug|Any CPU
		{566DFE29-B709-45A6-9413-EDDF414725C8}.Debug|x64.ActiveCfg = Debug|Any CPU
		{566DFE29-B709-45A6-9413-EDDF414725C8}.Debug|x64.Build.0 = Debug|Any CPU
		{566DFE29-B709-45A6-9413-EDDF414725C8}.Debug|x86.ActiveCfg = Debug|Any CPU
		{566DFE29-B709-45A6-9413-EDDF414725C8}.Debug|x86.Build.0 = Debug|Any CPU
		{566DFE29-B709-45A6-9413-EDDF414725C8}.Release|Any CPU.ActiveCfg = Release|Any CPU
		{566DFE29-B709-45A6-9413-EDDF414725C8}.Release|Any CPU.Build.0 = Release|Any CPU
		{566DFE29-B709-45A6-9413-EDDF414725C8}.Release|x64.ActiveCfg = Release|Any CPU
		{566DFE29-B709-45A6-9413-EDDF414725C8}.Release|x64.Build.0 = Release|Any CPU
		{566DFE29-B709-45A6-9413-EDDF414725C8}.Release|x86.ActiveCfg = Release|Any CPU
		{566DFE29-B709-45A6-9413-EDDF414725C8}.Release|x86.Build.0 = Release|Any CPU
		{1F8272F7-CB3C-43E3-A25D-0F6ECD13329F}.Debug|Any CPU.ActiveCfg = Debug|Any CPU
		{1F8272F7-CB3C-43E3-A25D-0F6ECD13329F}.Debug|Any CPU.Build.0 = Debug|Any CPU
		{1F8272F7-CB3C-43E3-A25D-0F6ECD13329F}.Debug|x64.ActiveCfg = Debug|Any CPU
		{1F8272F7-CB3C-43E3-A25D-0F6ECD13329F}.Debug|x64.Build.0 = Debug|Any CPU
		{1F8272F7-CB3C-43E3-A25D-0F6ECD13329F}.Debug|x86.ActiveCfg = Debug|Any CPU
		{1F8272F7-CB3C-43E3-A25D-0F6ECD13329F}.Debug|x86.Build.0 = Debug|Any CPU
		{1F8272F7-CB3C-43E3-A25D-0F6ECD13329F}.Release|Any CPU.ActiveCfg = Release|Any CPU
		{1F8272F7-CB3C-43E3-A25D-0F6ECD13329F}.Release|Any CPU.Build.0 = Release|Any CPU
		{1F8272F7-CB3C-43E3-A25D-0F6ECD13329F}.Release|x64.ActiveCfg = Release|Any CPU
		{1F8272F7-CB3C-43E3-A25D-0F6ECD13329F}.Release|x64.Build.0 = Release|Any CPU
		{1F8272F7-CB3C-43E3-A25D-0F6ECD13329F}.Release|x86.ActiveCfg = Release|Any CPU
		{1F8272F7-CB3C-43E3-A25D-0F6ECD13329F}.Release|x86.Build.0 = Release|Any CPU
		{F7E46D42-FE0C-45D5-9DC1-55297E38246B}.Debug|Any CPU.ActiveCfg = Debug|Any CPU
		{F7E46D42-FE0C-45D5-9DC1-55297E38246B}.Debug|Any CPU.Build.0 = Debug|Any CPU
		{F7E46D42-FE0C-45D5-9DC1-55297E38246B}.Debug|x64.ActiveCfg = Debug|Any CPU
		{F7E46D42-FE0C-45D5-9DC1-55297E38246B}.Debug|x64.Build.0 = Debug|Any CPU
		{F7E46D42-FE0C-45D5-9DC1-55297E38246B}.Debug|x86.ActiveCfg = Debug|Any CPU
		{F7E46D42-FE0C-45D5-9DC1-55297E38246B}.Debug|x86.Build.0 = Debug|Any CPU
		{F7E46D42-FE0C-45D5-9DC1-55297E38246B}.Release|Any CPU.ActiveCfg = Release|Any CPU
		{F7E46D42-FE0C-45D5-9DC1-55297E38246B}.Release|Any CPU.Build.0 = Release|Any CPU
		{F7E46D42-FE0C-45D5-9DC1-55297E38246B}.Release|x64.ActiveCfg = Release|Any CPU
		{F7E46D42-FE0C-45D5-9DC1-55297E38246B}.Release|x64.Build.0 = Release|Any CPU
		{F7E46D42-FE0C-45D5-9DC1-55297E38246B}.Release|x86.ActiveCfg = Release|Any CPU
		{F7E46D42-FE0C-45D5-9DC1-55297E38246B}.Release|x86.Build.0 = Release|Any CPU
		{C097CE43-2A5B-4204-8799-1D1908284755}.Debug|Any CPU.ActiveCfg = Debug|Any CPU
		{C097CE43-2A5B-4204-8799-1D1908284755}.Debug|Any CPU.Build.0 = Debug|Any CPU
		{C097CE43-2A5B-4204-8799-1D1908284755}.Debug|x64.ActiveCfg = Debug|Any CPU
		{C097CE43-2A5B-4204-8799-1D1908284755}.Debug|x64.Build.0 = Debug|Any CPU
		{C097CE43-2A5B-4204-8799-1D1908284755}.Debug|x86.ActiveCfg = Debug|Any CPU
		{C097CE43-2A5B-4204-8799-1D1908284755}.Debug|x86.Build.0 = Debug|Any CPU
		{C097CE43-2A5B-4204-8799-1D1908284755}.Release|Any CPU.ActiveCfg = Release|Any CPU
		{C097CE43-2A5B-4204-8799-1D1908284755}.Release|Any CPU.Build.0 = Release|Any CPU
		{C097CE43-2A5B-4204-8799-1D1908284755}.Release|x64.ActiveCfg = Release|Any CPU
		{C097CE43-2A5B-4204-8799-1D1908284755}.Release|x64.Build.0 = Release|Any CPU
		{C097CE43-2A5B-4204-8799-1D1908284755}.Release|x86.ActiveCfg = Release|Any CPU
		{C097CE43-2A5B-4204-8799-1D1908284755}.Release|x86.Build.0 = Release|Any CPU
		{F22A810D-2581-4250-A9DE-49E89E5BC7F7}.Debug|Any CPU.ActiveCfg = Debug|Any CPU
		{F22A810D-2581-4250-A9DE-49E89E5BC7F7}.Debug|Any CPU.Build.0 = Debug|Any CPU
		{F22A810D-2581-4250-A9DE-49E89E5BC7F7}.Debug|x64.ActiveCfg = Debug|Any CPU
		{F22A810D-2581-4250-A9DE-49E89E5BC7F7}.Debug|x64.Build.0 = Debug|Any CPU
		{F22A810D-2581-4250-A9DE-49E89E5BC7F7}.Debug|x86.ActiveCfg = Debug|Any CPU
		{F22A810D-2581-4250-A9DE-49E89E5BC7F7}.Debug|x86.Build.0 = Debug|Any CPU
		{F22A810D-2581-4250-A9DE-49E89E5BC7F7}.Release|Any CPU.ActiveCfg = Release|Any CPU
		{F22A810D-2581-4250-A9DE-49E89E5BC7F7}.Release|Any CPU.Build.0 = Release|Any CPU
		{F22A810D-2581-4250-A9DE-49E89E5BC7F7}.Release|x64.ActiveCfg = Release|Any CPU
		{F22A810D-2581-4250-A9DE-49E89E5BC7F7}.Release|x64.Build.0 = Release|Any CPU
		{F22A810D-2581-4250-A9DE-49E89E5BC7F7}.Release|x86.ActiveCfg = Release|Any CPU
		{F22A810D-2581-4250-A9DE-49E89E5BC7F7}.Release|x86.Build.0 = Release|Any CPU
		{D6310099-75EE-4FDE-8696-34FFC5603F69}.Debug|Any CPU.ActiveCfg = Debug|Any CPU
		{D6310099-75EE-4FDE-8696-34FFC5603F69}.Debug|Any CPU.Build.0 = Debug|Any CPU
		{D6310099-75EE-4FDE-8696-34FFC5603F69}.Debug|x64.ActiveCfg = Debug|Any CPU
		{D6310099-75EE-4FDE-8696-34FFC5603F69}.Debug|x64.Build.0 = Debug|Any CPU
		{D6310099-75EE-4FDE-8696-34FFC5603F69}.Debug|x86.ActiveCfg = Debug|Any CPU
		{D6310099-75EE-4FDE-8696-34FFC5603F69}.Debug|x86.Build.0 = Debug|Any CPU
		{D6310099-75EE-4FDE-8696-34FFC5603F69}.Release|Any CPU.ActiveCfg = Release|Any CPU
		{D6310099-75EE-4FDE-8696-34FFC5603F69}.Release|Any CPU.Build.0 = Release|Any CPU
		{D6310099-75EE-4FDE-8696-34FFC5603F69}.Release|x64.ActiveCfg = Release|Any CPU
		{D6310099-75EE-4FDE-8696-34FFC5603F69}.Release|x64.Build.0 = Release|Any CPU
		{D6310099-75EE-4FDE-8696-34FFC5603F69}.Release|x86.ActiveCfg = Release|Any CPU
		{D6310099-75EE-4FDE-8696-34FFC5603F69}.Release|x86.Build.0 = Release|Any CPU
		{753200C7-76CA-4B35-9FEC-6E4AFD24379A}.Debug|Any CPU.ActiveCfg = Debug|Any CPU
		{753200C7-76CA-4B35-9FEC-6E4AFD24379A}.Debug|Any CPU.Build.0 = Debug|Any CPU
		{753200C7-76CA-4B35-9FEC-6E4AFD24379A}.Debug|x64.ActiveCfg = Debug|Any CPU
		{753200C7-76CA-4B35-9FEC-6E4AFD24379A}.Debug|x64.Build.0 = Debug|Any CPU
		{753200C7-76CA-4B35-9FEC-6E4AFD24379A}.Debug|x86.ActiveCfg = Debug|Any CPU
		{753200C7-76CA-4B35-9FEC-6E4AFD24379A}.Debug|x86.Build.0 = Debug|Any CPU
		{753200C7-76CA-4B35-9FEC-6E4AFD24379A}.Release|Any CPU.ActiveCfg = Release|Any CPU
		{753200C7-76CA-4B35-9FEC-6E4AFD24379A}.Release|Any CPU.Build.0 = Release|Any CPU
		{753200C7-76CA-4B35-9FEC-6E4AFD24379A}.Release|x64.ActiveCfg = Release|Any CPU
		{753200C7-76CA-4B35-9FEC-6E4AFD24379A}.Release|x64.Build.0 = Release|Any CPU
		{753200C7-76CA-4B35-9FEC-6E4AFD24379A}.Release|x86.ActiveCfg = Release|Any CPU
		{753200C7-76CA-4B35-9FEC-6E4AFD24379A}.Release|x86.Build.0 = Release|Any CPU
		{4E61714D-259E-46EF-95EF-42165AA4F36E}.Debug|Any CPU.ActiveCfg = Debug|Any CPU
		{4E61714D-259E-46EF-95EF-42165AA4F36E}.Debug|Any CPU.Build.0 = Debug|Any CPU
		{4E61714D-259E-46EF-95EF-42165AA4F36E}.Debug|x64.ActiveCfg = Debug|Any CPU
		{4E61714D-259E-46EF-95EF-42165AA4F36E}.Debug|x64.Build.0 = Debug|Any CPU
		{4E61714D-259E-46EF-95EF-42165AA4F36E}.Debug|x86.ActiveCfg = Debug|Any CPU
		{4E61714D-259E-46EF-95EF-42165AA4F36E}.Debug|x86.Build.0 = Debug|Any CPU
		{4E61714D-259E-46EF-95EF-42165AA4F36E}.Release|Any CPU.ActiveCfg = Release|Any CPU
		{4E61714D-259E-46EF-95EF-42165AA4F36E}.Release|Any CPU.Build.0 = Release|Any CPU
		{4E61714D-259E-46EF-95EF-42165AA4F36E}.Release|x64.ActiveCfg = Release|Any CPU
		{4E61714D-259E-46EF-95EF-42165AA4F36E}.Release|x64.Build.0 = Release|Any CPU
		{4E61714D-259E-46EF-95EF-42165AA4F36E}.Release|x86.ActiveCfg = Release|Any CPU
		{4E61714D-259E-46EF-95EF-42165AA4F36E}.Release|x86.Build.0 = Release|Any CPU
		{8C633416-D007-48B6-8F73-303C37C199B2}.Debug|Any CPU.ActiveCfg = Debug|Any CPU
		{8C633416-D007-48B6-8F73-303C37C199B2}.Debug|Any CPU.Build.0 = Debug|Any CPU
		{8C633416-D007-48B6-8F73-303C37C199B2}.Debug|x64.ActiveCfg = Debug|Any CPU
		{8C633416-D007-48B6-8F73-303C37C199B2}.Debug|x64.Build.0 = Debug|Any CPU
		{8C633416-D007-48B6-8F73-303C37C199B2}.Debug|x86.ActiveCfg = Debug|Any CPU
		{8C633416-D007-48B6-8F73-303C37C199B2}.Debug|x86.Build.0 = Debug|Any CPU
		{8C633416-D007-48B6-8F73-303C37C199B2}.Release|Any CPU.ActiveCfg = Release|Any CPU
		{8C633416-D007-48B6-8F73-303C37C199B2}.Release|Any CPU.Build.0 = Release|Any CPU
		{8C633416-D007-48B6-8F73-303C37C199B2}.Release|x64.ActiveCfg = Release|Any CPU
		{8C633416-D007-48B6-8F73-303C37C199B2}.Release|x64.Build.0 = Release|Any CPU
		{8C633416-D007-48B6-8F73-303C37C199B2}.Release|x86.ActiveCfg = Release|Any CPU
		{8C633416-D007-48B6-8F73-303C37C199B2}.Release|x86.Build.0 = Release|Any CPU
		{C02A71E6-0472-4CEA-A46A-C03D76A32201}.Debug|Any CPU.ActiveCfg = Debug|Any CPU
		{C02A71E6-0472-4CEA-A46A-C03D76A32201}.Debug|Any CPU.Build.0 = Debug|Any CPU
		{C02A71E6-0472-4CEA-A46A-C03D76A32201}.Debug|x64.ActiveCfg = Debug|Any CPU
		{C02A71E6-0472-4CEA-A46A-C03D76A32201}.Debug|x64.Build.0 = Debug|Any CPU
		{C02A71E6-0472-4CEA-A46A-C03D76A32201}.Debug|x86.ActiveCfg = Debug|Any CPU
		{C02A71E6-0472-4CEA-A46A-C03D76A32201}.Debug|x86.Build.0 = Debug|Any CPU
		{C02A71E6-0472-4CEA-A46A-C03D76A32201}.Release|Any CPU.ActiveCfg = Release|Any CPU
		{C02A71E6-0472-4CEA-A46A-C03D76A32201}.Release|Any CPU.Build.0 = Release|Any CPU
		{C02A71E6-0472-4CEA-A46A-C03D76A32201}.Release|x64.ActiveCfg = Release|Any CPU
		{C02A71E6-0472-4CEA-A46A-C03D76A32201}.Release|x64.Build.0 = Release|Any CPU
		{C02A71E6-0472-4CEA-A46A-C03D76A32201}.Release|x86.ActiveCfg = Release|Any CPU
		{C02A71E6-0472-4CEA-A46A-C03D76A32201}.Release|x86.Build.0 = Release|Any CPU
		{20601BA6-6376-4B5A-8F05-8BEF81E92A46}.Debug|Any CPU.ActiveCfg = Debug|Any CPU
		{20601BA6-6376-4B5A-8F05-8BEF81E92A46}.Debug|Any CPU.Build.0 = Debug|Any CPU
		{20601BA6-6376-4B5A-8F05-8BEF81E92A46}.Debug|x64.ActiveCfg = Debug|Any CPU
		{20601BA6-6376-4B5A-8F05-8BEF81E92A46}.Debug|x64.Build.0 = Debug|Any CPU
		{20601BA6-6376-4B5A-8F05-8BEF81E92A46}.Debug|x86.ActiveCfg = Debug|Any CPU
		{20601BA6-6376-4B5A-8F05-8BEF81E92A46}.Debug|x86.Build.0 = Debug|Any CPU
		{20601BA6-6376-4B5A-8F05-8BEF81E92A46}.Release|Any CPU.ActiveCfg = Release|Any CPU
		{20601BA6-6376-4B5A-8F05-8BEF81E92A46}.Release|Any CPU.Build.0 = Release|Any CPU
		{20601BA6-6376-4B5A-8F05-8BEF81E92A46}.Release|x64.ActiveCfg = Release|Any CPU
		{20601BA6-6376-4B5A-8F05-8BEF81E92A46}.Release|x64.Build.0 = Release|Any CPU
		{20601BA6-6376-4B5A-8F05-8BEF81E92A46}.Release|x86.ActiveCfg = Release|Any CPU
		{20601BA6-6376-4B5A-8F05-8BEF81E92A46}.Release|x86.Build.0 = Release|Any CPU
		{752851CC-98A2-4E49-A6D8-6FE320CF296B}.Debug|Any CPU.ActiveCfg = Debug|Any CPU
		{752851CC-98A2-4E49-A6D8-6FE320CF296B}.Debug|Any CPU.Build.0 = Debug|Any CPU
		{752851CC-98A2-4E49-A6D8-6FE320CF296B}.Debug|x64.ActiveCfg = Debug|Any CPU
		{752851CC-98A2-4E49-A6D8-6FE320CF296B}.Debug|x64.Build.0 = Debug|Any CPU
		{752851CC-98A2-4E49-A6D8-6FE320CF296B}.Debug|x86.ActiveCfg = Debug|Any CPU
		{752851CC-98A2-4E49-A6D8-6FE320CF296B}.Debug|x86.Build.0 = Debug|Any CPU
		{752851CC-98A2-4E49-A6D8-6FE320CF296B}.Release|Any CPU.ActiveCfg = Release|Any CPU
		{752851CC-98A2-4E49-A6D8-6FE320CF296B}.Release|Any CPU.Build.0 = Release|Any CPU
		{752851CC-98A2-4E49-A6D8-6FE320CF296B}.Release|x64.ActiveCfg = Release|Any CPU
		{752851CC-98A2-4E49-A6D8-6FE320CF296B}.Release|x64.Build.0 = Release|Any CPU
		{752851CC-98A2-4E49-A6D8-6FE320CF296B}.Release|x86.ActiveCfg = Release|Any CPU
		{752851CC-98A2-4E49-A6D8-6FE320CF296B}.Release|x86.Build.0 = Release|Any CPU
		{25493CE1-43EA-47B1-B9C1-BDA48822C616}.Debug|Any CPU.ActiveCfg = Debug|Any CPU
		{25493CE1-43EA-47B1-B9C1-BDA48822C616}.Debug|Any CPU.Build.0 = Debug|Any CPU
		{25493CE1-43EA-47B1-B9C1-BDA48822C616}.Debug|x64.ActiveCfg = Debug|Any CPU
		{25493CE1-43EA-47B1-B9C1-BDA48822C616}.Debug|x64.Build.0 = Debug|Any CPU
		{25493CE1-43EA-47B1-B9C1-BDA48822C616}.Debug|x86.ActiveCfg = Debug|Any CPU
		{25493CE1-43EA-47B1-B9C1-BDA48822C616}.Debug|x86.Build.0 = Debug|Any CPU
		{25493CE1-43EA-47B1-B9C1-BDA48822C616}.Release|Any CPU.ActiveCfg = Release|Any CPU
		{25493CE1-43EA-47B1-B9C1-BDA48822C616}.Release|Any CPU.Build.0 = Release|Any CPU
		{25493CE1-43EA-47B1-B9C1-BDA48822C616}.Release|x64.ActiveCfg = Release|Any CPU
		{25493CE1-43EA-47B1-B9C1-BDA48822C616}.Release|x64.Build.0 = Release|Any CPU
		{25493CE1-43EA-47B1-B9C1-BDA48822C616}.Release|x86.ActiveCfg = Release|Any CPU
		{25493CE1-43EA-47B1-B9C1-BDA48822C616}.Release|x86.Build.0 = Release|Any CPU
		{3F78CB0B-E0CB-4E1D-8057-E5DF77D40D96}.Debug|Any CPU.ActiveCfg = Debug|Any CPU
		{3F78CB0B-E0CB-4E1D-8057-E5DF77D40D96}.Debug|Any CPU.Build.0 = Debug|Any CPU
		{3F78CB0B-E0CB-4E1D-8057-E5DF77D40D96}.Debug|x64.ActiveCfg = Debug|Any CPU
		{3F78CB0B-E0CB-4E1D-8057-E5DF77D40D96}.Debug|x64.Build.0 = Debug|Any CPU
		{3F78CB0B-E0CB-4E1D-8057-E5DF77D40D96}.Debug|x86.ActiveCfg = Debug|Any CPU
		{3F78CB0B-E0CB-4E1D-8057-E5DF77D40D96}.Debug|x86.Build.0 = Debug|Any CPU
		{3F78CB0B-E0CB-4E1D-8057-E5DF77D40D96}.Release|Any CPU.ActiveCfg = Release|Any CPU
		{3F78CB0B-E0CB-4E1D-8057-E5DF77D40D96}.Release|Any CPU.Build.0 = Release|Any CPU
		{3F78CB0B-E0CB-4E1D-8057-E5DF77D40D96}.Release|x64.ActiveCfg = Release|Any CPU
		{3F78CB0B-E0CB-4E1D-8057-E5DF77D40D96}.Release|x64.Build.0 = Release|Any CPU
		{3F78CB0B-E0CB-4E1D-8057-E5DF77D40D96}.Release|x86.ActiveCfg = Release|Any CPU
		{3F78CB0B-E0CB-4E1D-8057-E5DF77D40D96}.Release|x86.Build.0 = Release|Any CPU
		{8CD8EA4A-D509-4822-933C-434F6D890E7F}.Debug|Any CPU.ActiveCfg = Debug|Any CPU
		{8CD8EA4A-D509-4822-933C-434F6D890E7F}.Debug|Any CPU.Build.0 = Debug|Any CPU
		{8CD8EA4A-D509-4822-933C-434F6D890E7F}.Debug|x64.ActiveCfg = Debug|Any CPU
		{8CD8EA4A-D509-4822-933C-434F6D890E7F}.Debug|x64.Build.0 = Debug|Any CPU
		{8CD8EA4A-D509-4822-933C-434F6D890E7F}.Debug|x86.ActiveCfg = Debug|Any CPU
		{8CD8EA4A-D509-4822-933C-434F6D890E7F}.Debug|x86.Build.0 = Debug|Any CPU
		{8CD8EA4A-D509-4822-933C-434F6D890E7F}.Release|Any CPU.ActiveCfg = Release|Any CPU
		{8CD8EA4A-D509-4822-933C-434F6D890E7F}.Release|Any CPU.Build.0 = Release|Any CPU
		{8CD8EA4A-D509-4822-933C-434F6D890E7F}.Release|x64.ActiveCfg = Release|Any CPU
		{8CD8EA4A-D509-4822-933C-434F6D890E7F}.Release|x64.Build.0 = Release|Any CPU
		{8CD8EA4A-D509-4822-933C-434F6D890E7F}.Release|x86.ActiveCfg = Release|Any CPU
		{8CD8EA4A-D509-4822-933C-434F6D890E7F}.Release|x86.Build.0 = Release|Any CPU
		{BEC17577-3979-4959-B6AC-7855BD477AE3}.Debug|Any CPU.ActiveCfg = Debug|Any CPU
		{BEC17577-3979-4959-B6AC-7855BD477AE3}.Debug|Any CPU.Build.0 = Debug|Any CPU
		{BEC17577-3979-4959-B6AC-7855BD477AE3}.Debug|x64.ActiveCfg = Debug|Any CPU
		{BEC17577-3979-4959-B6AC-7855BD477AE3}.Debug|x64.Build.0 = Debug|Any CPU
		{BEC17577-3979-4959-B6AC-7855BD477AE3}.Debug|x86.ActiveCfg = Debug|Any CPU
		{BEC17577-3979-4959-B6AC-7855BD477AE3}.Debug|x86.Build.0 = Debug|Any CPU
		{BEC17577-3979-4959-B6AC-7855BD477AE3}.Release|Any CPU.ActiveCfg = Release|Any CPU
		{BEC17577-3979-4959-B6AC-7855BD477AE3}.Release|Any CPU.Build.0 = Release|Any CPU
		{BEC17577-3979-4959-B6AC-7855BD477AE3}.Release|x64.ActiveCfg = Release|Any CPU
		{BEC17577-3979-4959-B6AC-7855BD477AE3}.Release|x64.Build.0 = Release|Any CPU
		{BEC17577-3979-4959-B6AC-7855BD477AE3}.Release|x86.ActiveCfg = Release|Any CPU
		{BEC17577-3979-4959-B6AC-7855BD477AE3}.Release|x86.Build.0 = Release|Any CPU
		{F9D67D4D-A032-4657-8510-F2DE0064BF56}.Debug|Any CPU.ActiveCfg = Debug|Any CPU
		{F9D67D4D-A032-4657-8510-F2DE0064BF56}.Debug|Any CPU.Build.0 = Debug|Any CPU
		{F9D67D4D-A032-4657-8510-F2DE0064BF56}.Debug|x64.ActiveCfg = Debug|Any CPU
		{F9D67D4D-A032-4657-8510-F2DE0064BF56}.Debug|x64.Build.0 = Debug|Any CPU
		{F9D67D4D-A032-4657-8510-F2DE0064BF56}.Debug|x86.ActiveCfg = Debug|Any CPU
		{F9D67D4D-A032-4657-8510-F2DE0064BF56}.Debug|x86.Build.0 = Debug|Any CPU
		{F9D67D4D-A032-4657-8510-F2DE0064BF56}.Release|Any CPU.ActiveCfg = Release|Any CPU
		{F9D67D4D-A032-4657-8510-F2DE0064BF56}.Release|Any CPU.Build.0 = Release|Any CPU
		{F9D67D4D-A032-4657-8510-F2DE0064BF56}.Release|x64.ActiveCfg = Release|Any CPU
		{F9D67D4D-A032-4657-8510-F2DE0064BF56}.Release|x64.Build.0 = Release|Any CPU
		{F9D67D4D-A032-4657-8510-F2DE0064BF56}.Release|x86.ActiveCfg = Release|Any CPU
		{F9D67D4D-A032-4657-8510-F2DE0064BF56}.Release|x86.Build.0 = Release|Any CPU
		{6C832247-36A2-46A3-A50D-E793FD9F87F3}.Debug|Any CPU.ActiveCfg = Debug|Any CPU
		{6C832247-36A2-46A3-A50D-E793FD9F87F3}.Debug|Any CPU.Build.0 = Debug|Any CPU
		{6C832247-36A2-46A3-A50D-E793FD9F87F3}.Debug|x64.ActiveCfg = Debug|Any CPU
		{6C832247-36A2-46A3-A50D-E793FD9F87F3}.Debug|x64.Build.0 = Debug|Any CPU
		{6C832247-36A2-46A3-A50D-E793FD9F87F3}.Debug|x86.ActiveCfg = Debug|Any CPU
		{6C832247-36A2-46A3-A50D-E793FD9F87F3}.Debug|x86.Build.0 = Debug|Any CPU
		{6C832247-36A2-46A3-A50D-E793FD9F87F3}.Release|Any CPU.ActiveCfg = Release|Any CPU
		{6C832247-36A2-46A3-A50D-E793FD9F87F3}.Release|Any CPU.Build.0 = Release|Any CPU
		{6C832247-36A2-46A3-A50D-E793FD9F87F3}.Release|x64.ActiveCfg = Release|Any CPU
		{6C832247-36A2-46A3-A50D-E793FD9F87F3}.Release|x64.Build.0 = Release|Any CPU
		{6C832247-36A2-46A3-A50D-E793FD9F87F3}.Release|x86.ActiveCfg = Release|Any CPU
		{6C832247-36A2-46A3-A50D-E793FD9F87F3}.Release|x86.Build.0 = Release|Any CPU
		{07A454A3-6AA0-48E9-AFFC-E91E9526FDA3}.Debug|Any CPU.ActiveCfg = Debug|Any CPU
		{07A454A3-6AA0-48E9-AFFC-E91E9526FDA3}.Debug|Any CPU.Build.0 = Debug|Any CPU
		{07A454A3-6AA0-48E9-AFFC-E91E9526FDA3}.Debug|x64.ActiveCfg = Debug|Any CPU
		{07A454A3-6AA0-48E9-AFFC-E91E9526FDA3}.Debug|x64.Build.0 = Debug|Any CPU
		{07A454A3-6AA0-48E9-AFFC-E91E9526FDA3}.Debug|x86.ActiveCfg = Debug|Any CPU
		{07A454A3-6AA0-48E9-AFFC-E91E9526FDA3}.Debug|x86.Build.0 = Debug|Any CPU
		{07A454A3-6AA0-48E9-AFFC-E91E9526FDA3}.Release|Any CPU.ActiveCfg = Release|Any CPU
		{07A454A3-6AA0-48E9-AFFC-E91E9526FDA3}.Release|Any CPU.Build.0 = Release|Any CPU
		{07A454A3-6AA0-48E9-AFFC-E91E9526FDA3}.Release|x64.ActiveCfg = Release|Any CPU
		{07A454A3-6AA0-48E9-AFFC-E91E9526FDA3}.Release|x64.Build.0 = Release|Any CPU
		{07A454A3-6AA0-48E9-AFFC-E91E9526FDA3}.Release|x86.ActiveCfg = Release|Any CPU
		{07A454A3-6AA0-48E9-AFFC-E91E9526FDA3}.Release|x86.Build.0 = Release|Any CPU
		{DA6222E0-1917-4C9F-B3B6-1069DC785F1C}.Debug|Any CPU.ActiveCfg = Debug|Any CPU
		{DA6222E0-1917-4C9F-B3B6-1069DC785F1C}.Debug|Any CPU.Build.0 = Debug|Any CPU
		{DA6222E0-1917-4C9F-B3B6-1069DC785F1C}.Debug|x64.ActiveCfg = Debug|Any CPU
		{DA6222E0-1917-4C9F-B3B6-1069DC785F1C}.Debug|x64.Build.0 = Debug|Any CPU
		{DA6222E0-1917-4C9F-B3B6-1069DC785F1C}.Debug|x86.ActiveCfg = Debug|Any CPU
		{DA6222E0-1917-4C9F-B3B6-1069DC785F1C}.Debug|x86.Build.0 = Debug|Any CPU
		{DA6222E0-1917-4C9F-B3B6-1069DC785F1C}.Release|Any CPU.ActiveCfg = Release|Any CPU
		{DA6222E0-1917-4C9F-B3B6-1069DC785F1C}.Release|Any CPU.Build.0 = Release|Any CPU
		{DA6222E0-1917-4C9F-B3B6-1069DC785F1C}.Release|x64.ActiveCfg = Release|Any CPU
		{DA6222E0-1917-4C9F-B3B6-1069DC785F1C}.Release|x64.Build.0 = Release|Any CPU
		{DA6222E0-1917-4C9F-B3B6-1069DC785F1C}.Release|x86.ActiveCfg = Release|Any CPU
		{DA6222E0-1917-4C9F-B3B6-1069DC785F1C}.Release|x86.Build.0 = Release|Any CPU
		{5DEC60E4-E01C-4C14-95FD-5CF338A2126A}.Debug|Any CPU.ActiveCfg = Debug|Any CPU
		{5DEC60E4-E01C-4C14-95FD-5CF338A2126A}.Debug|Any CPU.Build.0 = Debug|Any CPU
		{5DEC60E4-E01C-4C14-95FD-5CF338A2126A}.Debug|x64.ActiveCfg = Debug|Any CPU
		{5DEC60E4-E01C-4C14-95FD-5CF338A2126A}.Debug|x64.Build.0 = Debug|Any CPU
		{5DEC60E4-E01C-4C14-95FD-5CF338A2126A}.Debug|x86.ActiveCfg = Debug|Any CPU
		{5DEC60E4-E01C-4C14-95FD-5CF338A2126A}.Debug|x86.Build.0 = Debug|Any CPU
		{5DEC60E4-E01C-4C14-95FD-5CF338A2126A}.Release|Any CPU.ActiveCfg = Release|Any CPU
		{5DEC60E4-E01C-4C14-95FD-5CF338A2126A}.Release|Any CPU.Build.0 = Release|Any CPU
		{5DEC60E4-E01C-4C14-95FD-5CF338A2126A}.Release|x64.ActiveCfg = Release|Any CPU
		{5DEC60E4-E01C-4C14-95FD-5CF338A2126A}.Release|x64.Build.0 = Release|Any CPU
		{5DEC60E4-E01C-4C14-95FD-5CF338A2126A}.Release|x86.ActiveCfg = Release|Any CPU
		{5DEC60E4-E01C-4C14-95FD-5CF338A2126A}.Release|x86.Build.0 = Release|Any CPU
		{A42006D8-A785-4A84-9418-D0683617F9D3}.Debug|Any CPU.ActiveCfg = Debug|Any CPU
		{A42006D8-A785-4A84-9418-D0683617F9D3}.Debug|Any CPU.Build.0 = Debug|Any CPU
		{A42006D8-A785-4A84-9418-D0683617F9D3}.Debug|x64.ActiveCfg = Debug|Any CPU
		{A42006D8-A785-4A84-9418-D0683617F9D3}.Debug|x64.Build.0 = Debug|Any CPU
		{A42006D8-A785-4A84-9418-D0683617F9D3}.Debug|x86.ActiveCfg = Debug|Any CPU
		{A42006D8-A785-4A84-9418-D0683617F9D3}.Debug|x86.Build.0 = Debug|Any CPU
		{A42006D8-A785-4A84-9418-D0683617F9D3}.Release|Any CPU.ActiveCfg = Release|Any CPU
		{A42006D8-A785-4A84-9418-D0683617F9D3}.Release|Any CPU.Build.0 = Release|Any CPU
		{A42006D8-A785-4A84-9418-D0683617F9D3}.Release|x64.ActiveCfg = Release|Any CPU
		{A42006D8-A785-4A84-9418-D0683617F9D3}.Release|x64.Build.0 = Release|Any CPU
		{A42006D8-A785-4A84-9418-D0683617F9D3}.Release|x86.ActiveCfg = Release|Any CPU
		{A42006D8-A785-4A84-9418-D0683617F9D3}.Release|x86.Build.0 = Release|Any CPU
		{35524324-F755-4BEA-A6C4-138461B91F2D}.Debug|Any CPU.ActiveCfg = Debug|Any CPU
		{35524324-F755-4BEA-A6C4-138461B91F2D}.Debug|Any CPU.Build.0 = Debug|Any CPU
		{35524324-F755-4BEA-A6C4-138461B91F2D}.Debug|x64.ActiveCfg = Debug|Any CPU
		{35524324-F755-4BEA-A6C4-138461B91F2D}.Debug|x64.Build.0 = Debug|Any CPU
		{35524324-F755-4BEA-A6C4-138461B91F2D}.Debug|x86.ActiveCfg = Debug|Any CPU
		{35524324-F755-4BEA-A6C4-138461B91F2D}.Debug|x86.Build.0 = Debug|Any CPU
		{35524324-F755-4BEA-A6C4-138461B91F2D}.Release|Any CPU.ActiveCfg = Release|Any CPU
		{35524324-F755-4BEA-A6C4-138461B91F2D}.Release|Any CPU.Build.0 = Release|Any CPU
		{35524324-F755-4BEA-A6C4-138461B91F2D}.Release|x64.ActiveCfg = Release|Any CPU
		{35524324-F755-4BEA-A6C4-138461B91F2D}.Release|x64.Build.0 = Release|Any CPU
		{35524324-F755-4BEA-A6C4-138461B91F2D}.Release|x86.ActiveCfg = Release|Any CPU
		{35524324-F755-4BEA-A6C4-138461B91F2D}.Release|x86.Build.0 = Release|Any CPU
		{630B7FCD-5D38-4B79-B787-160380A62332}.Debug|Any CPU.ActiveCfg = Debug|Any CPU
		{630B7FCD-5D38-4B79-B787-160380A62332}.Debug|Any CPU.Build.0 = Debug|Any CPU
		{630B7FCD-5D38-4B79-B787-160380A62332}.Debug|x64.ActiveCfg = Debug|Any CPU
		{630B7FCD-5D38-4B79-B787-160380A62332}.Debug|x64.Build.0 = Debug|Any CPU
		{630B7FCD-5D38-4B79-B787-160380A62332}.Debug|x86.ActiveCfg = Debug|Any CPU
		{630B7FCD-5D38-4B79-B787-160380A62332}.Debug|x86.Build.0 = Debug|Any CPU
		{630B7FCD-5D38-4B79-B787-160380A62332}.Release|Any CPU.ActiveCfg = Release|Any CPU
		{630B7FCD-5D38-4B79-B787-160380A62332}.Release|Any CPU.Build.0 = Release|Any CPU
		{630B7FCD-5D38-4B79-B787-160380A62332}.Release|x64.ActiveCfg = Release|Any CPU
		{630B7FCD-5D38-4B79-B787-160380A62332}.Release|x64.Build.0 = Release|Any CPU
		{630B7FCD-5D38-4B79-B787-160380A62332}.Release|x86.ActiveCfg = Release|Any CPU
		{630B7FCD-5D38-4B79-B787-160380A62332}.Release|x86.Build.0 = Release|Any CPU
		{F177CD95-A8D7-4A0F-B2CE-66461761F5C6}.Debug|Any CPU.ActiveCfg = Debug|Any CPU
		{F177CD95-A8D7-4A0F-B2CE-66461761F5C6}.Debug|Any CPU.Build.0 = Debug|Any CPU
		{F177CD95-A8D7-4A0F-B2CE-66461761F5C6}.Debug|x64.ActiveCfg = Debug|Any CPU
		{F177CD95-A8D7-4A0F-B2CE-66461761F5C6}.Debug|x64.Build.0 = Debug|Any CPU
		{F177CD95-A8D7-4A0F-B2CE-66461761F5C6}.Debug|x86.ActiveCfg = Debug|Any CPU
		{F177CD95-A8D7-4A0F-B2CE-66461761F5C6}.Debug|x86.Build.0 = Debug|Any CPU
		{F177CD95-A8D7-4A0F-B2CE-66461761F5C6}.Release|Any CPU.ActiveCfg = Release|Any CPU
		{F177CD95-A8D7-4A0F-B2CE-66461761F5C6}.Release|Any CPU.Build.0 = Release|Any CPU
		{F177CD95-A8D7-4A0F-B2CE-66461761F5C6}.Release|x64.ActiveCfg = Release|Any CPU
		{F177CD95-A8D7-4A0F-B2CE-66461761F5C6}.Release|x64.Build.0 = Release|Any CPU
		{F177CD95-A8D7-4A0F-B2CE-66461761F5C6}.Release|x86.ActiveCfg = Release|Any CPU
		{F177CD95-A8D7-4A0F-B2CE-66461761F5C6}.Release|x86.Build.0 = Release|Any CPU
		{16708CBD-8BB9-4C83-9FF2-695436CA1B87}.Debug|Any CPU.ActiveCfg = Debug|Any CPU
		{16708CBD-8BB9-4C83-9FF2-695436CA1B87}.Debug|Any CPU.Build.0 = Debug|Any CPU
		{16708CBD-8BB9-4C83-9FF2-695436CA1B87}.Debug|x64.ActiveCfg = Debug|Any CPU
		{16708CBD-8BB9-4C83-9FF2-695436CA1B87}.Debug|x64.Build.0 = Debug|Any CPU
		{16708CBD-8BB9-4C83-9FF2-695436CA1B87}.Debug|x86.ActiveCfg = Debug|Any CPU
		{16708CBD-8BB9-4C83-9FF2-695436CA1B87}.Debug|x86.Build.0 = Debug|Any CPU
		{16708CBD-8BB9-4C83-9FF2-695436CA1B87}.Release|Any CPU.ActiveCfg = Release|Any CPU
		{16708CBD-8BB9-4C83-9FF2-695436CA1B87}.Release|Any CPU.Build.0 = Release|Any CPU
		{16708CBD-8BB9-4C83-9FF2-695436CA1B87}.Release|x64.ActiveCfg = Release|Any CPU
		{16708CBD-8BB9-4C83-9FF2-695436CA1B87}.Release|x64.Build.0 = Release|Any CPU
		{16708CBD-8BB9-4C83-9FF2-695436CA1B87}.Release|x86.ActiveCfg = Release|Any CPU
		{16708CBD-8BB9-4C83-9FF2-695436CA1B87}.Release|x86.Build.0 = Release|Any CPU
		{89AD1C75-A22B-4F84-82EF-4F7AB37A672E}.Debug|Any CPU.ActiveCfg = Debug|Any CPU
		{89AD1C75-A22B-4F84-82EF-4F7AB37A672E}.Debug|Any CPU.Build.0 = Debug|Any CPU
		{89AD1C75-A22B-4F84-82EF-4F7AB37A672E}.Debug|x64.ActiveCfg = Debug|Any CPU
		{89AD1C75-A22B-4F84-82EF-4F7AB37A672E}.Debug|x64.Build.0 = Debug|Any CPU
		{89AD1C75-A22B-4F84-82EF-4F7AB37A672E}.Debug|x86.ActiveCfg = Debug|Any CPU
		{89AD1C75-A22B-4F84-82EF-4F7AB37A672E}.Debug|x86.Build.0 = Debug|Any CPU
		{89AD1C75-A22B-4F84-82EF-4F7AB37A672E}.Release|Any CPU.ActiveCfg = Release|Any CPU
		{89AD1C75-A22B-4F84-82EF-4F7AB37A672E}.Release|Any CPU.Build.0 = Release|Any CPU
		{89AD1C75-A22B-4F84-82EF-4F7AB37A672E}.Release|x64.ActiveCfg = Release|Any CPU
		{89AD1C75-A22B-4F84-82EF-4F7AB37A672E}.Release|x64.Build.0 = Release|Any CPU
		{89AD1C75-A22B-4F84-82EF-4F7AB37A672E}.Release|x86.ActiveCfg = Release|Any CPU
		{89AD1C75-A22B-4F84-82EF-4F7AB37A672E}.Release|x86.Build.0 = Release|Any CPU
	EndGlobalSection
	GlobalSection(SolutionProperties) = preSolution
		HideSolutionNode = FALSE
	EndGlobalSection
	GlobalSection(NestedProjects) = preSolution
		{3078C8DB-57E9-4071-BC45-5F660BD0F8E6} = {61E3A2F8-3AD2-44B0-A113-38FB5BAD13DD}
		{56DB9F34-8B6C-4825-8674-D9F8146672AA} = {61E3A2F8-3AD2-44B0-A113-38FB5BAD13DD}
		{3CA7F2A5-44B6-4D53-BD75-129145B298D0} = {61E3A2F8-3AD2-44B0-A113-38FB5BAD13DD}
		{72879FE8-B53D-4068-9E23-9E6F80CED7A3} = {61E3A2F8-3AD2-44B0-A113-38FB5BAD13DD}
		{582291EC-E49D-4FC1-99C6-ACF61604BBA7} = {61E3A2F8-3AD2-44B0-A113-38FB5BAD13DD}
		{26C9A3B3-BB09-4FE4-B4A2-D089ACF87201} = {61E3A2F8-3AD2-44B0-A113-38FB5BAD13DD}
		{0D4FB683-DC0F-45F7-B9DC-D2C4B533FFCA} = {61E3A2F8-3AD2-44B0-A113-38FB5BAD13DD}
		{51108DE7-1692-4001-A8AA-C3B3660E4ABF} = {61E3A2F8-3AD2-44B0-A113-38FB5BAD13DD}
		{4B878DFF-E09D-4666-BE5B-EE215DF37F53} = {61E3A2F8-3AD2-44B0-A113-38FB5BAD13DD}
		{25B2DF05-7477-4156-AE5C-CAB9E15B1D00} = {61E3A2F8-3AD2-44B0-A113-38FB5BAD13DD}
		{532E844A-22D8-45A1-A489-2A58DFC8D78E} = {61E3A2F8-3AD2-44B0-A113-38FB5BAD13DD}
		{1449A771-517D-4150-A467-0F0C7EABB932} = {61E3A2F8-3AD2-44B0-A113-38FB5BAD13DD}
		{3A4E2FB1-5A2B-4A17-8F80-E4B7F0294D3B} = {61E3A2F8-3AD2-44B0-A113-38FB5BAD13DD}
		{F8D7D308-182C-47DC-87B0-F6F9178BAF99} = {61E3A2F8-3AD2-44B0-A113-38FB5BAD13DD}
		{05B5C49D-061B-4EE2-88B7-DFF8125F873E} = {1CC0A015-4F75-4B0B-83FF-E70335AF8DDA}
		{3E9BACC1-1520-45C2-8CB9-AE491122CDE6} = {1CC0A015-4F75-4B0B-83FF-E70335AF8DDA}
		{962DD660-A13C-43D0-92F0-767736342484} = {1CC0A015-4F75-4B0B-83FF-E70335AF8DDA}
		{B0452308-9183-46EB-BB02-80675222A0E4} = {61E3A2F8-3AD2-44B0-A113-38FB5BAD13DD}
		{33E64872-79E8-498F-B6C9-C11D0A649484} = {6AD43BA3-31CA-40D9-B8A9-92B721A84E13}
		{1234A684-697E-4975-8B79-43DAA8052957} = {8E7273DE-202A-4DFD-94E1-550326131DB6}
		{9ACD9D9A-2E1B-435F-AA3D-A7A800C90FD7} = {8E7273DE-202A-4DFD-94E1-550326131DB6}
		{D1822A9A-0FC9-48AF-9756-C9D9815E5FA6} = {8E7273DE-202A-4DFD-94E1-550326131DB6}
		{5F6A81B7-77BE-4E8B-800F-DAEAC4EE34EE} = {6AD43BA3-31CA-40D9-B8A9-92B721A84E13}
		{A7BDDA29-1BDF-44FB-8A8F-95ED1FCC9C41} = {6AD43BA3-31CA-40D9-B8A9-92B721A84E13}
		{18B24318-19BC-4092-85EE-E415963EBB96} = {6AD43BA3-31CA-40D9-B8A9-92B721A84E13}
		{82DF218D-A8AB-4A3B-999C-54962FAA098E} = {6AD43BA3-31CA-40D9-B8A9-92B721A84E13}
		{4F2C30AC-10F6-4596-A6C6-658A7F7BE99C} = {6AD43BA3-31CA-40D9-B8A9-92B721A84E13}
		{635DCF22-7337-44FF-8CD2-A99DFF1B517B} = {6AD43BA3-31CA-40D9-B8A9-92B721A84E13}
		{6F9E4F10-8C8C-4B70-9687-18EE8881BC9E} = {6AD43BA3-31CA-40D9-B8A9-92B721A84E13}
		{7F19E476-3108-44E2-8E1C-084ACA3E2859} = {6AD43BA3-31CA-40D9-B8A9-92B721A84E13}
		{61D1A788-E9E9-4C2D-8E49-118C5F7863F3} = {6AD43BA3-31CA-40D9-B8A9-92B721A84E13}
		{41D62322-59A1-4F18-B198-542F20762739} = {6AD43BA3-31CA-40D9-B8A9-92B721A84E13}
		{E38F453C-349C-4D65-96EA-E0D3AC7C5D58} = {8E7273DE-202A-4DFD-94E1-550326131DB6}
		{F8143604-12DD-4C73-B547-3C1D71891AC1} = {8E7273DE-202A-4DFD-94E1-550326131DB6}
		{B505A3D1-7957-4F11-9354-994AC4D1B685} = {8E7273DE-202A-4DFD-94E1-550326131DB6}
		{D520F1DC-5B08-42B5-8BE4-43F549E8C735} = {8E7273DE-202A-4DFD-94E1-550326131DB6}
		{1B0904AD-8058-4373-A4E8-98742DC5850E} = {AB991B04-6F97-4331-AAC6-22CC410E4DB0}
		{B6AFF1FA-C64F-41C8-98C9-991E8FD823E8} = {AB991B04-6F97-4331-AAC6-22CC410E4DB0}
		{F70977D0-2555-4759-8302-8571A2D8026A} = {AB991B04-6F97-4331-AAC6-22CC410E4DB0}
		{8DDEB4AD-6A72-428A-9FEF-A1CB5D8B60F7} = {AB991B04-6F97-4331-AAC6-22CC410E4DB0}
		{3E1915E6-9FAC-4E80-90D7-FB2E3BE9FA63} = {AB991B04-6F97-4331-AAC6-22CC410E4DB0}
		{959EE129-921E-4F4B-8BA4-439DECCFAB74} = {AB991B04-6F97-4331-AAC6-22CC410E4DB0}
		{441E694E-0FA4-4126-B98B-657CCA3CF0AF} = {6AD43BA3-31CA-40D9-B8A9-92B721A84E13}
		{FDA58C6E-02B6-4A09-9BB4-BED1C0E63215} = {6AD43BA3-31CA-40D9-B8A9-92B721A84E13}
		{E1671FFF-12E1-41C3-B2ED-22FE102C6336} = {6AD43BA3-31CA-40D9-B8A9-92B721A84E13}
		{02FD115F-88E5-4D7D-85A4-B05B6D90E6D9} = {AB991B04-6F97-4331-AAC6-22CC410E4DB0}
		{AF7CC4E0-0B67-4826-8BE8-F56F9115E43E} = {AB991B04-6F97-4331-AAC6-22CC410E4DB0}
		{049FB6D3-5F49-4093-B97E-908FA67233C9} = {AB991B04-6F97-4331-AAC6-22CC410E4DB0}
		{61C4B5A8-F1DB-40DB-B910-A6DA5FA0FFF0} = {6AD43BA3-31CA-40D9-B8A9-92B721A84E13}
		{566DFE29-B709-45A6-9413-EDDF414725C8} = {AB991B04-6F97-4331-AAC6-22CC410E4DB0}
		{1F8272F7-CB3C-43E3-A25D-0F6ECD13329F} = {AB991B04-6F97-4331-AAC6-22CC410E4DB0}
		{F7E46D42-FE0C-45D5-9DC1-55297E38246B} = {AB991B04-6F97-4331-AAC6-22CC410E4DB0}
		{C097CE43-2A5B-4204-8799-1D1908284755} = {AB991B04-6F97-4331-AAC6-22CC410E4DB0}
		{F22A810D-2581-4250-A9DE-49E89E5BC7F7} = {AB991B04-6F97-4331-AAC6-22CC410E4DB0}
		{D6310099-75EE-4FDE-8696-34FFC5603F69} = {AB991B04-6F97-4331-AAC6-22CC410E4DB0}
		{753200C7-76CA-4B35-9FEC-6E4AFD24379A} = {EEDD1D87-0EAB-4AE5-8ED9-529E50EB4285}
		{4E61714D-259E-46EF-95EF-42165AA4F36E} = {EEDD1D87-0EAB-4AE5-8ED9-529E50EB4285}
		{8C633416-D007-48B6-8F73-303C37C199B2} = {EEDD1D87-0EAB-4AE5-8ED9-529E50EB4285}
		{C02A71E6-0472-4CEA-A46A-C03D76A32201} = {EEDD1D87-0EAB-4AE5-8ED9-529E50EB4285}
		{20601BA6-6376-4B5A-8F05-8BEF81E92A46} = {EEDD1D87-0EAB-4AE5-8ED9-529E50EB4285}
		{752851CC-98A2-4E49-A6D8-6FE320CF296B} = {AB991B04-6F97-4331-AAC6-22CC410E4DB0}
		{25493CE1-43EA-47B1-B9C1-BDA48822C616} = {8E7273DE-202A-4DFD-94E1-550326131DB6}
		{3F78CB0B-E0CB-4E1D-8057-E5DF77D40D96} = {8E7273DE-202A-4DFD-94E1-550326131DB6}
		{8CD8EA4A-D509-4822-933C-434F6D890E7F} = {8E7273DE-202A-4DFD-94E1-550326131DB6}
		{BEC17577-3979-4959-B6AC-7855BD477AE3} = {8E7273DE-202A-4DFD-94E1-550326131DB6}
		{F9D67D4D-A032-4657-8510-F2DE0064BF56} = {AB991B04-6F97-4331-AAC6-22CC410E4DB0}
		{6C832247-36A2-46A3-A50D-E793FD9F87F3} = {AB991B04-6F97-4331-AAC6-22CC410E4DB0}
		{07A454A3-6AA0-48E9-AFFC-E91E9526FDA3} = {AB991B04-6F97-4331-AAC6-22CC410E4DB0}
		{DA6222E0-1917-4C9F-B3B6-1069DC785F1C} = {EEDD1D87-0EAB-4AE5-8ED9-529E50EB4285}
		{5DEC60E4-E01C-4C14-95FD-5CF338A2126A} = {EEDD1D87-0EAB-4AE5-8ED9-529E50EB4285}
		{A42006D8-A785-4A84-9418-D0683617F9D3} = {8E7273DE-202A-4DFD-94E1-550326131DB6}
		{35524324-F755-4BEA-A6C4-138461B91F2D} = {EEDD1D87-0EAB-4AE5-8ED9-529E50EB4285}
		{630B7FCD-5D38-4B79-B787-160380A62332} = {EEDD1D87-0EAB-4AE5-8ED9-529E50EB4285}
		{F177CD95-A8D7-4A0F-B2CE-66461761F5C6} = {EEDD1D87-0EAB-4AE5-8ED9-529E50EB4285}
		{16708CBD-8BB9-4C83-9FF2-695436CA1B87} = {AB991B04-6F97-4331-AAC6-22CC410E4DB0}
		{89AD1C75-A22B-4F84-82EF-4F7AB37A672E} = {EEDD1D87-0EAB-4AE5-8ED9-529E50EB4285}
	EndGlobalSection
	GlobalSection(ExtensibilityGlobals) = postSolution
		SolutionGuid = {F070B229-D065-4021-B301-FCAAD756BD1B}
	EndGlobalSection
EndGlobal
