
Microsoft Visual Studio Solution File, Format Version 12.00
# Visual Studio 14
VisualStudioVersion = 14.0.25123.0
MinimumVisualStudioVersion = 10.0.40219.1
Project("{2150E333-8FDC-42A3-9474-1A3956D46DE8}") = "Ripasso", "Ripasso", "{61E3A2F8-3AD2-44B0-A113-38FB5BAD13DD}"
EndProject
Project("{FAE04EC0-301F-11D3-BF4B-00C04F79EFBC}") = "CorsoEnaipNet2018_IntCalculator", "CorsoEnaipNet2018_IntCalculator\CorsoEnaipNet2018_IntCalculator.csproj", "{3078C8DB-57E9-4071-BC45-5F660BD0F8E6}"
EndProject
Project("{FAE04EC0-301F-11D3-BF4B-00C04F79EFBC}") = "CorsoEnaip2018_Numbers", "CorsoEnaip2018_Numbers\CorsoEnaip2018_Numbers.csproj", "{56DB9F34-8B6C-4825-8674-D9F8146672AA}"
EndProject
Project("{FAE04EC0-301F-11D3-BF4B-00C04F79EFBC}") = "CorsoEnaip2018_DoubleCalculator", "CorsoEnaip2018_DoubleCalculator\CorsoEnaip2018_DoubleCalculator.csproj", "{3CA7F2A5-44B6-4D53-BD75-129145B298D0}"
EndProject
Project("{FAE04EC0-301F-11D3-BF4B-00C04F79EFBC}") = "CorsoEnaip2018_Tiles", "CorsoEnaip2018_Tiles\CorsoEnaip2018_Tiles.csproj", "{72879FE8-B53D-4068-9E23-9E6F80CED7A3}"
EndProject
Project("{FAE04EC0-301F-11D3-BF4B-00C04F79EFBC}") = "CorsoEnaip2018_StringPlays", "CorsoEnaip2018_StringPlays\CorsoEnaip2018_StringPlays.csproj", "{582291EC-E49D-4FC1-99C6-ACF61604BBA7}"
EndProject
Project("{FAE04EC0-301F-11D3-BF4B-00C04F79EFBC}") = "CorsoEnaip2018_FirstClasses", "CorsoEnaip2018_FirstClasses\CorsoEnaip2018_FirstClasses.csproj", "{26C9A3B3-BB09-4FE4-B4A2-D089ACF87201}"
EndProject
Project("{FAE04EC0-301F-11D3-BF4B-00C04F79EFBC}") = "CorsoEnaip2018_for", "CorsoEnaip2018_for\CorsoEnaip2018_for.csproj", "{0D4FB683-DC0F-45F7-B9DC-D2C4B533FFCA}"
EndProject
Project("{FAE04EC0-301F-11D3-BF4B-00C04F79EFBC}") = "CorsoEnaip2018_Arrays", "CorsoEnaip2018_Arrays\CorsoEnaip2018_Arrays.csproj", "{51108DE7-1692-4001-A8AA-C3B3660E4ABF}"
EndProject
Project("{FAE04EC0-301F-11D3-BF4B-00C04F79EFBC}") = "CorsoEnaip2018_PrimeNumbers", "CorsoEnaip2018_PrimeNumbers\CorsoEnaip2018_PrimeNumbers.csproj", "{4B878DFF-E09D-4666-BE5B-EE215DF37F53}"
EndProject
Project("{FAE04EC0-301F-11D3-BF4B-00C04F79EFBC}") = "CorsoEnaip2018_ExtensibleArray", "CorsoEnaip2018_ExtensibleArray\CorsoEnaip2018_ExtensibleArray.csproj", "{25B2DF05-7477-4156-AE5C-CAB9E15B1D00}"
EndProject
Project("{FAE04EC0-301F-11D3-BF4B-00C04F79EFBC}") = "CorsoEnaip2018_ExtensibleArrayClient", "CorsoEnaip2018_ExtensibleArrayClient\CorsoEnaip2018_ExtensibleArrayClient.csproj", "{532E844A-22D8-45A1-A489-2A58DFC8D78E}"
EndProject
Project("{FAE04EC0-301F-11D3-BF4B-00C04F79EFBC}") = "Recursion", "Recursion\Recursion.csproj", "{1449A771-517D-4150-A467-0F0C7EABB932}"
EndProject
Project("{FAE04EC0-301F-11D3-BF4B-00C04F79EFBC}") = "CorsoEnaip2018_Properties", "CorsoEnaip2018_Properties\CorsoEnaip2018_Properties.csproj", "{3A4E2FB1-5A2B-4A17-8F80-E4B7F0294D3B}"
EndProject
Project("{FAE04EC0-301F-11D3-BF4B-00C04F79EFBC}") = "CorsoEnaip2018_EsercizioSuOggetti1", "CorsoEnaip2018_EsercizioSuOggetti1\CorsoEnaip2018_EsercizioSuOggetti1.csproj", "{F8D7D308-182C-47DC-87B0-F6F9178BAF99}"
EndProject
Project("{2150E333-8FDC-42A3-9474-1A3956D46DE8}") = "ManipolazioneDati", "ManipolazioneDati", "{1CC0A015-4F75-4B0B-83FF-E70335AF8DDA}"
EndProject
Project("{FAE04EC0-301F-11D3-BF4B-00C04F79EFBC}") = "CorsoEnaip2018_Func1", "CorsoEnaip2018_Func1\CorsoEnaip2018_Func1.csproj", "{05B5C49D-061B-4EE2-88B7-DFF8125F873E}"
EndProject
Project("{FAE04EC0-301F-11D3-BF4B-00C04F79EFBC}") = "CorsoEnaip2018_Func2", "CorsoEnaip2018_Func2\CorsoEnaip2018_Func2.csproj", "{3E9BACC1-1520-45C2-8CB9-AE491122CDE6}"
EndProject
Project("{FAE04EC0-301F-11D3-BF4B-00C04F79EFBC}") = "CorsoEnaip2018_foreach", "CorsoEnaip2018_foreach\CorsoEnaip2018_foreach.csproj", "{962DD660-A13C-43D0-92F0-767736342484}"
EndProject
Project("{FAE04EC0-301F-11D3-BF4B-00C04F79EFBC}") = "CorsoEnaip2018_Dictionary", "CorsoEnaip2018_Dictionary\CorsoEnaip2018_Dictionary.csproj", "{B0452308-9183-46EB-BB02-80675222A0E4}"
EndProject
Project("{2150E333-8FDC-42A3-9474-1A3956D46DE8}") = "OOP", "OOP", "{6AD43BA3-31CA-40D9-B8A9-92B721A84E13}"
EndProject
Project("{FAE04EC0-301F-11D3-BF4B-00C04F79EFBC}") = "CorsoEnaip2018_Inheritance", "CorsoEnaip2018_Inheritance\CorsoEnaip2018_Inheritance.csproj", "{33E64872-79E8-498F-B6C9-C11D0A649484}"
EndProject
Project("{2150E333-8FDC-42A3-9474-1A3956D46DE8}") = "CSharp", "CSharp", "{8E7273DE-202A-4DFD-94E1-550326131DB6}"
EndProject
Project("{FAE04EC0-301F-11D3-BF4B-00C04F79EFBC}") = "CorsoEnaip2018_NamespacePlays", "CorsoEnaip2018_NamespacePlays\CorsoEnaip2018_NamespacePlays.csproj", "{1234A684-697E-4975-8B79-43DAA8052957}"
EndProject
Project("{FAE04EC0-301F-11D3-BF4B-00C04F79EFBC}") = "CorsoEnaip2018_NestedClassPlays", "CorsoEnaip2018_NestedClassPlays\CorsoEnaip2018_NestedClassPlays.csproj", "{9ACD9D9A-2E1B-435F-AA3D-A7A800C90FD7}"
EndProject
Project("{FAE04EC0-301F-11D3-BF4B-00C04F79EFBC}") = "CorsoEnaip2018_IntCalculator_FuncDictionary", "CorsoEnaip2018_IntCalculator_FuncDictionary\CorsoEnaip2018_IntCalculator_FuncDictionary.csproj", "{D1822A9A-0FC9-48AF-9756-C9D9815E5FA6}"
EndProject
Project("{FAE04EC0-301F-11D3-BF4B-00C04F79EFBC}") = "CorsoEnaip2018_Shapes", "CorsoEnaip2018_Shapes\CorsoEnaip2018_Shapes.csproj", "{5F6A81B7-77BE-4E8B-800F-DAEAC4EE34EE}"
EndProject
Project("{FAE04EC0-301F-11D3-BF4B-00C04F79EFBC}") = "CorsoEnaip2018_Interfaces", "CorsoEnaip2018_Interfaces\CorsoEnaip2018_Interfaces.csproj", "{A7BDDA29-1BDF-44FB-8A8F-95ED1FCC9C41}"
EndProject
Project("{FAE04EC0-301F-11D3-BF4B-00C04F79EFBC}") = "CorsoEnaip2018_Interfaces2Library", "CorsoEnaip2018_Interfaces2Library\CorsoEnaip2018_Interfaces2Library.csproj", "{18B24318-19BC-4092-85EE-E415963EBB96}"
EndProject
Project("{FAE04EC0-301F-11D3-BF4B-00C04F79EFBC}") = "CorsoEnaip2018_Interfaces2Console", "CorsoEnaip2018_Interfaces2Console\CorsoEnaip2018_Interfaces2Console.csproj", "{82DF218D-A8AB-4A3B-999C-54962FAA098E}"
EndProject
Project("{FAE04EC0-301F-11D3-BF4B-00C04F79EFBC}") = "CorsoEnaip2018_Interfaces2WPF", "CorsoEnaip2018_Interfaces2WPF\CorsoEnaip2018_Interfaces2WPF.csproj", "{4F2C30AC-10F6-4596-A6C6-658A7F7BE99C}"
EndProject
Project("{FAE04EC0-301F-11D3-BF4B-00C04F79EFBC}") = "CorsoEnaip2018_NewsFeed", "CorsoEnaip2018_NewsFeed\CorsoEnaip2018_NewsFeed.csproj", "{635DCF22-7337-44FF-8CD2-A99DFF1B517B}"
EndProject
Project("{2150E333-8FDC-42A3-9474-1A3956D46DE8}") = "Esercizi", "Esercizi", "{AB991B04-6F97-4331-AAC6-22CC410E4DB0}"
	ProjectSection(SolutionItems) = preProject
		Preparazione provetta 26 gennaio.txt = Preparazione provetta 26 gennaio.txt
		provetta 26 gennaio.md = provetta 26 gennaio.md
	EndProjectSection
EndProject
Project("{2150E333-8FDC-42A3-9474-1A3956D46DE8}") = "Dispense", "Dispense", "{CA8C711F-3409-4D6B-9D8A-0B40B8D6D855}"
	ProjectSection(SolutionItems) = preProject
		E:\CSharp - la memoria.pptx = E:\CSharp - la memoria.pptx
	EndProjectSection
EndProject
Project("{FAE04EC0-301F-11D3-BF4B-00C04F79EFBC}") = "CorsoEnaip2018_Family_Delegates", "CorsoEnaip2018_Family_Delegates\CorsoEnaip2018_Family_Delegates.csproj", "{6F9E4F10-8C8C-4B70-9687-18EE8881BC9E}"
EndProject
Project("{FAE04EC0-301F-11D3-BF4B-00C04F79EFBC}") = "CorsoEnaip2018_Family_Interfaces", "CorsoEnaip2018_Family_Interfaces\CorsoEnaip2018_Family_Interfaces.csproj", "{7F19E476-3108-44E2-8E1C-084ACA3E2859}"
EndProject
Project("{FAE04EC0-301F-11D3-BF4B-00C04F79EFBC}") = "CorsoEnaip2018_Family_Events", "CorsoEnaip2018_Family_Events\CorsoEnaip2018_Family_Events.csproj", "{61D1A788-E9E9-4C2D-8E49-118C5F7863F3}"
EndProject
Project("{FAE04EC0-301F-11D3-BF4B-00C04F79EFBC}") = "CorsoEnaip2018_NewsFeed_Events", "CorsoEnaip2018_NewsFeed_Events\CorsoEnaip2018_NewsFeed_Events.csproj", "{41D62322-59A1-4F18-B198-542F20762739}"
EndProject
Project("{FAE04EC0-301F-11D3-BF4B-00C04F79EFBC}") = "CorsoEnaip2018_CompleteName_Events", "CorsoEnaip2018_CompleteName_Events\CorsoEnaip2018_CompleteName_Events.csproj", "{E38F453C-349C-4D65-96EA-E0D3AC7C5D58}"
EndProject
Project("{FAE04EC0-301F-11D3-BF4B-00C04F79EFBC}") = "CorsoEnaip2018_ExtensionMethods", "CorsoEnaip2018_ExtensionMethods\CorsoEnaip2018_ExtensionMethods.csproj", "{F8143604-12DD-4C73-B547-3C1D71891AC1}"
EndProject
Project("{FAE04EC0-301F-11D3-BF4B-00C04F79EFBC}") = "CorsoEnaip2018_ObservableList", "CorsoEnaip2018_ObservableList\CorsoEnaip2018_ObservableList.csproj", "{B505A3D1-7957-4F11-9354-994AC4D1B685}"
EndProject
Project("{FAE04EC0-301F-11D3-BF4B-00C04F79EFBC}") = "CorsoEnaip2018_Linq", "CorsoEnaip2018_Linq\CorsoEnaip2018_Linq.csproj", "{D520F1DC-5B08-42B5-8BE4-43F549E8C735}"
EndProject
Project("{FAE04EC0-301F-11D3-BF4B-00C04F79EFBC}") = "CorsoEnaip2018_Esercizio1", "CorsoEnaip2018_Esercizio1\CorsoEnaip2018_Esercizio1.csproj", "{1B0904AD-8058-4373-A4E8-98742DC5850E}"
EndProject
Project("{FAE04EC0-301F-11D3-BF4B-00C04F79EFBC}") = "CorsoEnaip2018_Esercizio2", "CorsoEnaip2018_Esercizio2\CorsoEnaip2018_Esercizio2.csproj", "{B6AFF1FA-C64F-41C8-98C9-991E8FD823E8}"
EndProject
Project("{FAE04EC0-301F-11D3-BF4B-00C04F79EFBC}") = "CorsoEnaip2018_Esercizio2objects", "CorsoEnaip2018_Esercizio2objects\CorsoEnaip2018_Esercizio2objects.csproj", "{F70977D0-2555-4759-8302-8571A2D8026A}"
EndProject
Project("{FAE04EC0-301F-11D3-BF4B-00C04F79EFBC}") = "CorsoEnaip2018_Esercizio3", "CorsoEnaip2018_Esercizio3\CorsoEnaip2018_Esercizio3.csproj", "{8DDEB4AD-6A72-428A-9FEF-A1CB5D8B60F7}"
EndProject
Project("{FAE04EC0-301F-11D3-BF4B-00C04F79EFBC}") = "CorsoEnaip2018_Stacks", "CorsoEnaip2018_Stacks\CorsoEnaip2018_Stacks.csproj", "{3E1915E6-9FAC-4E80-90D7-FB2E3BE9FA63}"
EndProject
Project("{FAE04EC0-301F-11D3-BF4B-00C04F79EFBC}") = "CorsoEnaip2018_Stacks.Test", "CorsoEnaip2018_Stacks.Test\CorsoEnaip2018_Stacks.Test.csproj", "{959EE129-921E-4F4B-8BA4-439DECCFAB74}"
EndProject
Global
	GlobalSection(SolutionConfigurationPlatforms) = preSolution
		Debug|Any CPU = Debug|Any CPU
		Release|Any CPU = Release|Any CPU
	EndGlobalSection
	GlobalSection(ProjectConfigurationPlatforms) = postSolution
		{3078C8DB-57E9-4071-BC45-5F660BD0F8E6}.Debug|Any CPU.ActiveCfg = Debug|Any CPU
		{3078C8DB-57E9-4071-BC45-5F660BD0F8E6}.Debug|Any CPU.Build.0 = Debug|Any CPU
		{3078C8DB-57E9-4071-BC45-5F660BD0F8E6}.Release|Any CPU.ActiveCfg = Release|Any CPU
		{3078C8DB-57E9-4071-BC45-5F660BD0F8E6}.Release|Any CPU.Build.0 = Release|Any CPU
		{56DB9F34-8B6C-4825-8674-D9F8146672AA}.Debug|Any CPU.ActiveCfg = Debug|Any CPU
		{56DB9F34-8B6C-4825-8674-D9F8146672AA}.Debug|Any CPU.Build.0 = Debug|Any CPU
		{56DB9F34-8B6C-4825-8674-D9F8146672AA}.Release|Any CPU.ActiveCfg = Release|Any CPU
		{56DB9F34-8B6C-4825-8674-D9F8146672AA}.Release|Any CPU.Build.0 = Release|Any CPU
		{3CA7F2A5-44B6-4D53-BD75-129145B298D0}.Debug|Any CPU.ActiveCfg = Debug|Any CPU
		{3CA7F2A5-44B6-4D53-BD75-129145B298D0}.Debug|Any CPU.Build.0 = Debug|Any CPU
		{3CA7F2A5-44B6-4D53-BD75-129145B298D0}.Release|Any CPU.ActiveCfg = Release|Any CPU
		{3CA7F2A5-44B6-4D53-BD75-129145B298D0}.Release|Any CPU.Build.0 = Release|Any CPU
		{72879FE8-B53D-4068-9E23-9E6F80CED7A3}.Debug|Any CPU.ActiveCfg = Debug|Any CPU
		{72879FE8-B53D-4068-9E23-9E6F80CED7A3}.Debug|Any CPU.Build.0 = Debug|Any CPU
		{72879FE8-B53D-4068-9E23-9E6F80CED7A3}.Release|Any CPU.ActiveCfg = Release|Any CPU
		{72879FE8-B53D-4068-9E23-9E6F80CED7A3}.Release|Any CPU.Build.0 = Release|Any CPU
		{582291EC-E49D-4FC1-99C6-ACF61604BBA7}.Debug|Any CPU.ActiveCfg = Debug|Any CPU
		{582291EC-E49D-4FC1-99C6-ACF61604BBA7}.Debug|Any CPU.Build.0 = Debug|Any CPU
		{582291EC-E49D-4FC1-99C6-ACF61604BBA7}.Release|Any CPU.ActiveCfg = Release|Any CPU
		{582291EC-E49D-4FC1-99C6-ACF61604BBA7}.Release|Any CPU.Build.0 = Release|Any CPU
		{26C9A3B3-BB09-4FE4-B4A2-D089ACF87201}.Debug|Any CPU.ActiveCfg = Debug|Any CPU
		{26C9A3B3-BB09-4FE4-B4A2-D089ACF87201}.Debug|Any CPU.Build.0 = Debug|Any CPU
		{26C9A3B3-BB09-4FE4-B4A2-D089ACF87201}.Release|Any CPU.ActiveCfg = Release|Any CPU
		{26C9A3B3-BB09-4FE4-B4A2-D089ACF87201}.Release|Any CPU.Build.0 = Release|Any CPU
		{0D4FB683-DC0F-45F7-B9DC-D2C4B533FFCA}.Debug|Any CPU.ActiveCfg = Debug|Any CPU
		{0D4FB683-DC0F-45F7-B9DC-D2C4B533FFCA}.Debug|Any CPU.Build.0 = Debug|Any CPU
		{0D4FB683-DC0F-45F7-B9DC-D2C4B533FFCA}.Release|Any CPU.ActiveCfg = Release|Any CPU
		{0D4FB683-DC0F-45F7-B9DC-D2C4B533FFCA}.Release|Any CPU.Build.0 = Release|Any CPU
		{51108DE7-1692-4001-A8AA-C3B3660E4ABF}.Debug|Any CPU.ActiveCfg = Debug|Any CPU
		{51108DE7-1692-4001-A8AA-C3B3660E4ABF}.Debug|Any CPU.Build.0 = Debug|Any CPU
		{51108DE7-1692-4001-A8AA-C3B3660E4ABF}.Release|Any CPU.ActiveCfg = Release|Any CPU
		{51108DE7-1692-4001-A8AA-C3B3660E4ABF}.Release|Any CPU.Build.0 = Release|Any CPU
		{4B878DFF-E09D-4666-BE5B-EE215DF37F53}.Debug|Any CPU.ActiveCfg = Debug|Any CPU
		{4B878DFF-E09D-4666-BE5B-EE215DF37F53}.Debug|Any CPU.Build.0 = Debug|Any CPU
		{4B878DFF-E09D-4666-BE5B-EE215DF37F53}.Release|Any CPU.ActiveCfg = Release|Any CPU
		{4B878DFF-E09D-4666-BE5B-EE215DF37F53}.Release|Any CPU.Build.0 = Release|Any CPU
		{25B2DF05-7477-4156-AE5C-CAB9E15B1D00}.Debug|Any CPU.ActiveCfg = Debug|Any CPU
		{25B2DF05-7477-4156-AE5C-CAB9E15B1D00}.Debug|Any CPU.Build.0 = Debug|Any CPU
		{25B2DF05-7477-4156-AE5C-CAB9E15B1D00}.Release|Any CPU.ActiveCfg = Release|Any CPU
		{25B2DF05-7477-4156-AE5C-CAB9E15B1D00}.Release|Any CPU.Build.0 = Release|Any CPU
		{532E844A-22D8-45A1-A489-2A58DFC8D78E}.Debug|Any CPU.ActiveCfg = Debug|Any CPU
		{532E844A-22D8-45A1-A489-2A58DFC8D78E}.Debug|Any CPU.Build.0 = Debug|Any CPU
		{532E844A-22D8-45A1-A489-2A58DFC8D78E}.Release|Any CPU.ActiveCfg = Release|Any CPU
		{532E844A-22D8-45A1-A489-2A58DFC8D78E}.Release|Any CPU.Build.0 = Release|Any CPU
		{1449A771-517D-4150-A467-0F0C7EABB932}.Debug|Any CPU.ActiveCfg = Debug|Any CPU
		{1449A771-517D-4150-A467-0F0C7EABB932}.Debug|Any CPU.Build.0 = Debug|Any CPU
		{1449A771-517D-4150-A467-0F0C7EABB932}.Release|Any CPU.ActiveCfg = Release|Any CPU
		{1449A771-517D-4150-A467-0F0C7EABB932}.Release|Any CPU.Build.0 = Release|Any CPU
		{3A4E2FB1-5A2B-4A17-8F80-E4B7F0294D3B}.Debug|Any CPU.ActiveCfg = Debug|Any CPU
		{3A4E2FB1-5A2B-4A17-8F80-E4B7F0294D3B}.Debug|Any CPU.Build.0 = Debug|Any CPU
		{3A4E2FB1-5A2B-4A17-8F80-E4B7F0294D3B}.Release|Any CPU.ActiveCfg = Release|Any CPU
		{3A4E2FB1-5A2B-4A17-8F80-E4B7F0294D3B}.Release|Any CPU.Build.0 = Release|Any CPU
		{F8D7D308-182C-47DC-87B0-F6F9178BAF99}.Debug|Any CPU.ActiveCfg = Debug|Any CPU
		{F8D7D308-182C-47DC-87B0-F6F9178BAF99}.Debug|Any CPU.Build.0 = Debug|Any CPU
		{F8D7D308-182C-47DC-87B0-F6F9178BAF99}.Release|Any CPU.ActiveCfg = Release|Any CPU
		{F8D7D308-182C-47DC-87B0-F6F9178BAF99}.Release|Any CPU.Build.0 = Release|Any CPU
		{05B5C49D-061B-4EE2-88B7-DFF8125F873E}.Debug|Any CPU.ActiveCfg = Debug|Any CPU
		{05B5C49D-061B-4EE2-88B7-DFF8125F873E}.Debug|Any CPU.Build.0 = Debug|Any CPU
		{05B5C49D-061B-4EE2-88B7-DFF8125F873E}.Release|Any CPU.ActiveCfg = Release|Any CPU
		{05B5C49D-061B-4EE2-88B7-DFF8125F873E}.Release|Any CPU.Build.0 = Release|Any CPU
		{3E9BACC1-1520-45C2-8CB9-AE491122CDE6}.Debug|Any CPU.ActiveCfg = Debug|Any CPU
		{3E9BACC1-1520-45C2-8CB9-AE491122CDE6}.Debug|Any CPU.Build.0 = Debug|Any CPU
		{3E9BACC1-1520-45C2-8CB9-AE491122CDE6}.Release|Any CPU.ActiveCfg = Release|Any CPU
		{3E9BACC1-1520-45C2-8CB9-AE491122CDE6}.Release|Any CPU.Build.0 = Release|Any CPU
		{962DD660-A13C-43D0-92F0-767736342484}.Debug|Any CPU.ActiveCfg = Debug|Any CPU
		{962DD660-A13C-43D0-92F0-767736342484}.Debug|Any CPU.Build.0 = Debug|Any CPU
		{962DD660-A13C-43D0-92F0-767736342484}.Release|Any CPU.ActiveCfg = Release|Any CPU
		{962DD660-A13C-43D0-92F0-767736342484}.Release|Any CPU.Build.0 = Release|Any CPU
		{B0452308-9183-46EB-BB02-80675222A0E4}.Debug|Any CPU.ActiveCfg = Debug|Any CPU
		{B0452308-9183-46EB-BB02-80675222A0E4}.Debug|Any CPU.Build.0 = Debug|Any CPU
		{B0452308-9183-46EB-BB02-80675222A0E4}.Release|Any CPU.ActiveCfg = Release|Any CPU
		{B0452308-9183-46EB-BB02-80675222A0E4}.Release|Any CPU.Build.0 = Release|Any CPU
		{33E64872-79E8-498F-B6C9-C11D0A649484}.Debug|Any CPU.ActiveCfg = Debug|Any CPU
		{33E64872-79E8-498F-B6C9-C11D0A649484}.Debug|Any CPU.Build.0 = Debug|Any CPU
		{33E64872-79E8-498F-B6C9-C11D0A649484}.Release|Any CPU.ActiveCfg = Release|Any CPU
		{33E64872-79E8-498F-B6C9-C11D0A649484}.Release|Any CPU.Build.0 = Release|Any CPU
		{1234A684-697E-4975-8B79-43DAA8052957}.Debug|Any CPU.ActiveCfg = Debug|Any CPU
		{1234A684-697E-4975-8B79-43DAA8052957}.Debug|Any CPU.Build.0 = Debug|Any CPU
		{1234A684-697E-4975-8B79-43DAA8052957}.Release|Any CPU.ActiveCfg = Release|Any CPU
		{1234A684-697E-4975-8B79-43DAA8052957}.Release|Any CPU.Build.0 = Release|Any CPU
		{9ACD9D9A-2E1B-435F-AA3D-A7A800C90FD7}.Debug|Any CPU.ActiveCfg = Debug|Any CPU
		{9ACD9D9A-2E1B-435F-AA3D-A7A800C90FD7}.Debug|Any CPU.Build.0 = Debug|Any CPU
		{9ACD9D9A-2E1B-435F-AA3D-A7A800C90FD7}.Release|Any CPU.ActiveCfg = Release|Any CPU
		{9ACD9D9A-2E1B-435F-AA3D-A7A800C90FD7}.Release|Any CPU.Build.0 = Release|Any CPU
		{D1822A9A-0FC9-48AF-9756-C9D9815E5FA6}.Debug|Any CPU.ActiveCfg = Debug|Any CPU
		{D1822A9A-0FC9-48AF-9756-C9D9815E5FA6}.Debug|Any CPU.Build.0 = Debug|Any CPU
		{D1822A9A-0FC9-48AF-9756-C9D9815E5FA6}.Release|Any CPU.ActiveCfg = Release|Any CPU
		{D1822A9A-0FC9-48AF-9756-C9D9815E5FA6}.Release|Any CPU.Build.0 = Release|Any CPU
		{5F6A81B7-77BE-4E8B-800F-DAEAC4EE34EE}.Debug|Any CPU.ActiveCfg = Debug|Any CPU
		{5F6A81B7-77BE-4E8B-800F-DAEAC4EE34EE}.Debug|Any CPU.Build.0 = Debug|Any CPU
		{5F6A81B7-77BE-4E8B-800F-DAEAC4EE34EE}.Release|Any CPU.ActiveCfg = Release|Any CPU
		{5F6A81B7-77BE-4E8B-800F-DAEAC4EE34EE}.Release|Any CPU.Build.0 = Release|Any CPU
		{A7BDDA29-1BDF-44FB-8A8F-95ED1FCC9C41}.Debug|Any CPU.ActiveCfg = Debug|Any CPU
		{A7BDDA29-1BDF-44FB-8A8F-95ED1FCC9C41}.Debug|Any CPU.Build.0 = Debug|Any CPU
		{A7BDDA29-1BDF-44FB-8A8F-95ED1FCC9C41}.Release|Any CPU.ActiveCfg = Release|Any CPU
		{A7BDDA29-1BDF-44FB-8A8F-95ED1FCC9C41}.Release|Any CPU.Build.0 = Release|Any CPU
		{18B24318-19BC-4092-85EE-E415963EBB96}.Debug|Any CPU.ActiveCfg = Debug|Any CPU
		{18B24318-19BC-4092-85EE-E415963EBB96}.Debug|Any CPU.Build.0 = Debug|Any CPU
		{18B24318-19BC-4092-85EE-E415963EBB96}.Release|Any CPU.ActiveCfg = Release|Any CPU
		{18B24318-19BC-4092-85EE-E415963EBB96}.Release|Any CPU.Build.0 = Release|Any CPU
		{82DF218D-A8AB-4A3B-999C-54962FAA098E}.Debug|Any CPU.ActiveCfg = Debug|Any CPU
		{82DF218D-A8AB-4A3B-999C-54962FAA098E}.Debug|Any CPU.Build.0 = Debug|Any CPU
		{82DF218D-A8AB-4A3B-999C-54962FAA098E}.Release|Any CPU.ActiveCfg = Release|Any CPU
		{82DF218D-A8AB-4A3B-999C-54962FAA098E}.Release|Any CPU.Build.0 = Release|Any CPU
		{4F2C30AC-10F6-4596-A6C6-658A7F7BE99C}.Debug|Any CPU.ActiveCfg = Debug|Any CPU
		{4F2C30AC-10F6-4596-A6C6-658A7F7BE99C}.Debug|Any CPU.Build.0 = Debug|Any CPU
		{4F2C30AC-10F6-4596-A6C6-658A7F7BE99C}.Release|Any CPU.ActiveCfg = Release|Any CPU
		{4F2C30AC-10F6-4596-A6C6-658A7F7BE99C}.Release|Any CPU.Build.0 = Release|Any CPU
		{635DCF22-7337-44FF-8CD2-A99DFF1B517B}.Debug|Any CPU.ActiveCfg = Debug|Any CPU
		{635DCF22-7337-44FF-8CD2-A99DFF1B517B}.Debug|Any CPU.Build.0 = Debug|Any CPU
		{635DCF22-7337-44FF-8CD2-A99DFF1B517B}.Release|Any CPU.ActiveCfg = Release|Any CPU
		{635DCF22-7337-44FF-8CD2-A99DFF1B517B}.Release|Any CPU.Build.0 = Release|Any CPU
		{6F9E4F10-8C8C-4B70-9687-18EE8881BC9E}.Debug|Any CPU.ActiveCfg = Debug|Any CPU
		{6F9E4F10-8C8C-4B70-9687-18EE8881BC9E}.Debug|Any CPU.Build.0 = Debug|Any CPU
		{6F9E4F10-8C8C-4B70-9687-18EE8881BC9E}.Release|Any CPU.ActiveCfg = Release|Any CPU
		{6F9E4F10-8C8C-4B70-9687-18EE8881BC9E}.Release|Any CPU.Build.0 = Release|Any CPU
		{7F19E476-3108-44E2-8E1C-084ACA3E2859}.Debug|Any CPU.ActiveCfg = Debug|Any CPU
		{7F19E476-3108-44E2-8E1C-084ACA3E2859}.Debug|Any CPU.Build.0 = Debug|Any CPU
		{7F19E476-3108-44E2-8E1C-084ACA3E2859}.Release|Any CPU.ActiveCfg = Release|Any CPU
		{7F19E476-3108-44E2-8E1C-084ACA3E2859}.Release|Any CPU.Build.0 = Release|Any CPU
		{61D1A788-E9E9-4C2D-8E49-118C5F7863F3}.Debug|Any CPU.ActiveCfg = Debug|Any CPU
		{61D1A788-E9E9-4C2D-8E49-118C5F7863F3}.Debug|Any CPU.Build.0 = Debug|Any CPU
		{61D1A788-E9E9-4C2D-8E49-118C5F7863F3}.Release|Any CPU.ActiveCfg = Release|Any CPU
		{61D1A788-E9E9-4C2D-8E49-118C5F7863F3}.Release|Any CPU.Build.0 = Release|Any CPU
		{41D62322-59A1-4F18-B198-542F20762739}.Debug|Any CPU.ActiveCfg = Debug|Any CPU
		{41D62322-59A1-4F18-B198-542F20762739}.Debug|Any CPU.Build.0 = Debug|Any CPU
		{41D62322-59A1-4F18-B198-542F20762739}.Release|Any CPU.ActiveCfg = Release|Any CPU
		{41D62322-59A1-4F18-B198-542F20762739}.Release|Any CPU.Build.0 = Release|Any CPU
		{E38F453C-349C-4D65-96EA-E0D3AC7C5D58}.Debug|Any CPU.ActiveCfg = Debug|Any CPU
		{E38F453C-349C-4D65-96EA-E0D3AC7C5D58}.Debug|Any CPU.Build.0 = Debug|Any CPU
		{E38F453C-349C-4D65-96EA-E0D3AC7C5D58}.Release|Any CPU.ActiveCfg = Release|Any CPU
		{E38F453C-349C-4D65-96EA-E0D3AC7C5D58}.Release|Any CPU.Build.0 = Release|Any CPU
		{F8143604-12DD-4C73-B547-3C1D71891AC1}.Debug|Any CPU.ActiveCfg = Debug|Any CPU
		{F8143604-12DD-4C73-B547-3C1D71891AC1}.Debug|Any CPU.Build.0 = Debug|Any CPU
		{F8143604-12DD-4C73-B547-3C1D71891AC1}.Release|Any CPU.ActiveCfg = Release|Any CPU
		{F8143604-12DD-4C73-B547-3C1D71891AC1}.Release|Any CPU.Build.0 = Release|Any CPU
		{B505A3D1-7957-4F11-9354-994AC4D1B685}.Debug|Any CPU.ActiveCfg = Debug|Any CPU
		{B505A3D1-7957-4F11-9354-994AC4D1B685}.Debug|Any CPU.Build.0 = Debug|Any CPU
		{B505A3D1-7957-4F11-9354-994AC4D1B685}.Release|Any CPU.ActiveCfg = Release|Any CPU
		{B505A3D1-7957-4F11-9354-994AC4D1B685}.Release|Any CPU.Build.0 = Release|Any CPU
		{D520F1DC-5B08-42B5-8BE4-43F549E8C735}.Debug|Any CPU.ActiveCfg = Debug|Any CPU
		{D520F1DC-5B08-42B5-8BE4-43F549E8C735}.Debug|Any CPU.Build.0 = Debug|Any CPU
		{D520F1DC-5B08-42B5-8BE4-43F549E8C735}.Release|Any CPU.ActiveCfg = Release|Any CPU
		{D520F1DC-5B08-42B5-8BE4-43F549E8C735}.Release|Any CPU.Build.0 = Release|Any CPU
		{1B0904AD-8058-4373-A4E8-98742DC5850E}.Debug|Any CPU.ActiveCfg = Debug|Any CPU
		{1B0904AD-8058-4373-A4E8-98742DC5850E}.Debug|Any CPU.Build.0 = Debug|Any CPU
		{1B0904AD-8058-4373-A4E8-98742DC5850E}.Release|Any CPU.ActiveCfg = Release|Any CPU
		{1B0904AD-8058-4373-A4E8-98742DC5850E}.Release|Any CPU.Build.0 = Release|Any CPU
		{B6AFF1FA-C64F-41C8-98C9-991E8FD823E8}.Debug|Any CPU.ActiveCfg = Debug|Any CPU
		{B6AFF1FA-C64F-41C8-98C9-991E8FD823E8}.Debug|Any CPU.Build.0 = Debug|Any CPU
		{B6AFF1FA-C64F-41C8-98C9-991E8FD823E8}.Release|Any CPU.ActiveCfg = Release|Any CPU
		{B6AFF1FA-C64F-41C8-98C9-991E8FD823E8}.Release|Any CPU.Build.0 = Release|Any CPU
		{F70977D0-2555-4759-8302-8571A2D8026A}.Debug|Any CPU.ActiveCfg = Debug|Any CPU
		{F70977D0-2555-4759-8302-8571A2D8026A}.Debug|Any CPU.Build.0 = Debug|Any CPU
		{F70977D0-2555-4759-8302-8571A2D8026A}.Release|Any CPU.ActiveCfg = Release|Any CPU
		{F70977D0-2555-4759-8302-8571A2D8026A}.Release|Any CPU.Build.0 = Release|Any CPU
		{8DDEB4AD-6A72-428A-9FEF-A1CB5D8B60F7}.Debug|Any CPU.ActiveCfg = Debug|Any CPU
		{8DDEB4AD-6A72-428A-9FEF-A1CB5D8B60F7}.Debug|Any CPU.Build.0 = Debug|Any CPU
		{8DDEB4AD-6A72-428A-9FEF-A1CB5D8B60F7}.Release|Any CPU.ActiveCfg = Release|Any CPU
		{8DDEB4AD-6A72-428A-9FEF-A1CB5D8B60F7}.Release|Any CPU.Build.0 = Release|Any CPU
		{3E1915E6-9FAC-4E80-90D7-FB2E3BE9FA63}.Debug|Any CPU.ActiveCfg = Debug|Any CPU
		{3E1915E6-9FAC-4E80-90D7-FB2E3BE9FA63}.Debug|Any CPU.Build.0 = Debug|Any CPU
		{3E1915E6-9FAC-4E80-90D7-FB2E3BE9FA63}.Release|Any CPU.ActiveCfg = Release|Any CPU
		{3E1915E6-9FAC-4E80-90D7-FB2E3BE9FA63}.Release|Any CPU.Build.0 = Release|Any CPU
		{959EE129-921E-4F4B-8BA4-439DECCFAB74}.Debug|Any CPU.ActiveCfg = Debug|Any CPU
		{959EE129-921E-4F4B-8BA4-439DECCFAB74}.Debug|Any CPU.Build.0 = Debug|Any CPU
		{959EE129-921E-4F4B-8BA4-439DECCFAB74}.Release|Any CPU.ActiveCfg = Release|Any CPU
		{959EE129-921E-4F4B-8BA4-439DECCFAB74}.Release|Any CPU.Build.0 = Release|Any CPU
	EndGlobalSection
	GlobalSection(SolutionProperties) = preSolution
		HideSolutionNode = FALSE
	EndGlobalSection
	GlobalSection(NestedProjects) = preSolution
		{3078C8DB-57E9-4071-BC45-5F660BD0F8E6} = {61E3A2F8-3AD2-44B0-A113-38FB5BAD13DD}
		{56DB9F34-8B6C-4825-8674-D9F8146672AA} = {61E3A2F8-3AD2-44B0-A113-38FB5BAD13DD}
		{3CA7F2A5-44B6-4D53-BD75-129145B298D0} = {61E3A2F8-3AD2-44B0-A113-38FB5BAD13DD}
		{72879FE8-B53D-4068-9E23-9E6F80CED7A3} = {61E3A2F8-3AD2-44B0-A113-38FB5BAD13DD}
		{582291EC-E49D-4FC1-99C6-ACF61604BBA7} = {61E3A2F8-3AD2-44B0-A113-38FB5BAD13DD}
		{26C9A3B3-BB09-4FE4-B4A2-D089ACF87201} = {61E3A2F8-3AD2-44B0-A113-38FB5BAD13DD}
		{0D4FB683-DC0F-45F7-B9DC-D2C4B533FFCA} = {61E3A2F8-3AD2-44B0-A113-38FB5BAD13DD}
		{51108DE7-1692-4001-A8AA-C3B3660E4ABF} = {61E3A2F8-3AD2-44B0-A113-38FB5BAD13DD}
		{4B878DFF-E09D-4666-BE5B-EE215DF37F53} = {61E3A2F8-3AD2-44B0-A113-38FB5BAD13DD}
		{25B2DF05-7477-4156-AE5C-CAB9E15B1D00} = {61E3A2F8-3AD2-44B0-A113-38FB5BAD13DD}
		{532E844A-22D8-45A1-A489-2A58DFC8D78E} = {61E3A2F8-3AD2-44B0-A113-38FB5BAD13DD}
		{1449A771-517D-4150-A467-0F0C7EABB932} = {61E3A2F8-3AD2-44B0-A113-38FB5BAD13DD}
		{3A4E2FB1-5A2B-4A17-8F80-E4B7F0294D3B} = {61E3A2F8-3AD2-44B0-A113-38FB5BAD13DD}
		{F8D7D308-182C-47DC-87B0-F6F9178BAF99} = {61E3A2F8-3AD2-44B0-A113-38FB5BAD13DD}
		{05B5C49D-061B-4EE2-88B7-DFF8125F873E} = {1CC0A015-4F75-4B0B-83FF-E70335AF8DDA}
		{3E9BACC1-1520-45C2-8CB9-AE491122CDE6} = {1CC0A015-4F75-4B0B-83FF-E70335AF8DDA}
		{962DD660-A13C-43D0-92F0-767736342484} = {1CC0A015-4F75-4B0B-83FF-E70335AF8DDA}
		{B0452308-9183-46EB-BB02-80675222A0E4} = {61E3A2F8-3AD2-44B0-A113-38FB5BAD13DD}
		{33E64872-79E8-498F-B6C9-C11D0A649484} = {6AD43BA3-31CA-40D9-B8A9-92B721A84E13}
		{1234A684-697E-4975-8B79-43DAA8052957} = {8E7273DE-202A-4DFD-94E1-550326131DB6}
		{9ACD9D9A-2E1B-435F-AA3D-A7A800C90FD7} = {8E7273DE-202A-4DFD-94E1-550326131DB6}
		{D1822A9A-0FC9-48AF-9756-C9D9815E5FA6} = {8E7273DE-202A-4DFD-94E1-550326131DB6}
		{5F6A81B7-77BE-4E8B-800F-DAEAC4EE34EE} = {6AD43BA3-31CA-40D9-B8A9-92B721A84E13}
		{A7BDDA29-1BDF-44FB-8A8F-95ED1FCC9C41} = {6AD43BA3-31CA-40D9-B8A9-92B721A84E13}
		{18B24318-19BC-4092-85EE-E415963EBB96} = {6AD43BA3-31CA-40D9-B8A9-92B721A84E13}
		{82DF218D-A8AB-4A3B-999C-54962FAA098E} = {6AD43BA3-31CA-40D9-B8A9-92B721A84E13}
		{4F2C30AC-10F6-4596-A6C6-658A7F7BE99C} = {6AD43BA3-31CA-40D9-B8A9-92B721A84E13}
		{635DCF22-7337-44FF-8CD2-A99DFF1B517B} = {6AD43BA3-31CA-40D9-B8A9-92B721A84E13}
		{6F9E4F10-8C8C-4B70-9687-18EE8881BC9E} = {6AD43BA3-31CA-40D9-B8A9-92B721A84E13}
		{7F19E476-3108-44E2-8E1C-084ACA3E2859} = {6AD43BA3-31CA-40D9-B8A9-92B721A84E13}
		{61D1A788-E9E9-4C2D-8E49-118C5F7863F3} = {6AD43BA3-31CA-40D9-B8A9-92B721A84E13}
		{41D62322-59A1-4F18-B198-542F20762739} = {6AD43BA3-31CA-40D9-B8A9-92B721A84E13}
		{E38F453C-349C-4D65-96EA-E0D3AC7C5D58} = {8E7273DE-202A-4DFD-94E1-550326131DB6}
		{F8143604-12DD-4C73-B547-3C1D71891AC1} = {8E7273DE-202A-4DFD-94E1-550326131DB6}
		{B505A3D1-7957-4F11-9354-994AC4D1B685} = {8E7273DE-202A-4DFD-94E1-550326131DB6}
		{D520F1DC-5B08-42B5-8BE4-43F549E8C735} = {8E7273DE-202A-4DFD-94E1-550326131DB6}
		{1B0904AD-8058-4373-A4E8-98742DC5850E} = {AB991B04-6F97-4331-AAC6-22CC410E4DB0}
		{B6AFF1FA-C64F-41C8-98C9-991E8FD823E8} = {AB991B04-6F97-4331-AAC6-22CC410E4DB0}
		{F70977D0-2555-4759-8302-8571A2D8026A} = {AB991B04-6F97-4331-AAC6-22CC410E4DB0}
		{8DDEB4AD-6A72-428A-9FEF-A1CB5D8B60F7} = {AB991B04-6F97-4331-AAC6-22CC410E4DB0}
		{3E1915E6-9FAC-4E80-90D7-FB2E3BE9FA63} = {AB991B04-6F97-4331-AAC6-22CC410E4DB0}
		{959EE129-921E-4F4B-8BA4-439DECCFAB74} = {AB991B04-6F97-4331-AAC6-22CC410E4DB0}
	EndGlobalSection
EndGlobal
